// !$*UTF8*$!
{
	archiveVersion = 1;
	classes = {
	};
	objectVersion = 51;
	objects = {

/* Begin PBXBuildFile section */
		8DD76FAC0486AB0100D96B5E /* main.c in Sources */ = {isa = PBXBuildFile; fileRef = 08FB7796FE84155DC02AAC07 /* main.c */; settings = {ATTRIBUTES = (); }; };
		8DD76FB00486AB0100D96B5E /* b64.1 in CopyFiles */ = {isa = PBXBuildFile; fileRef = C6A0FF2C0290799A04C91782 /* b64.1 */; };
		E20397FB094834AD0068714F /* ABase64.c in Sources */ = {isa = PBXBuildFile; fileRef = E20397FA094834AD0068714F /* ABase64.c */; };
/* End PBXBuildFile section */

/* Begin PBXCopyFilesBuildPhase section */
		8DD76FAF0486AB0100D96B5E /* CopyFiles */ = {
			isa = PBXCopyFilesBuildPhase;
			buildActionMask = 8;
			dstPath = /usr/share/man/man1/;
			dstSubfolderSpec = 0;
			files = (
				8DD76FB00486AB0100D96B5E /* b64.1 in CopyFiles */,
			);
			runOnlyForDeploymentPostprocessing = 1;
		};
/* End PBXCopyFilesBuildPhase section */

/* Begin PBXFileReference section */
		08FB7796FE84155DC02AAC07 /* main.c */ = {isa = PBXFileReference; fileEncoding = 4; lastKnownFileType = sourcecode.c.c; path = main.c; sourceTree = "<group>"; };
		1D039D832E1689DC00D4924A /* b64-target.xcconfig */ = {isa = PBXFileReference; lastKnownFileType = text.xcconfig; path = "b64-target.xcconfig"; sourceTree = "<group>"; };
		1D4971BC2575A6E600F7131C /* OmcProjectDebug.xcconfig */ = {isa = PBXFileReference; lastKnownFileType = text.xcconfig; name = OmcProjectDebug.xcconfig; path = ../Common/OmcProjectDebug.xcconfig; sourceTree = "<group>"; };
		1D4971BD2575A6E600F7131C /* OmcProjectRelease.xcconfig */ = {isa = PBXFileReference; lastKnownFileType = text.xcconfig; name = OmcProjectRelease.xcconfig; path = ../Common/OmcProjectRelease.xcconfig; sourceTree = "<group>"; };
		1DD21127259F43620041BB8F /* OmcVersion.xcconfig */ = {isa = PBXFileReference; lastKnownFileType = text.xcconfig; name = OmcVersion.xcconfig; path = ../Common/OmcVersion.xcconfig; sourceTree = "<group>"; };
		8DD76FB20486AB0100D96B5E /* b64 */ = {isa = PBXFileReference; explicitFileType = "compiled.mach-o.executable"; includeInIndex = 0; path = b64; sourceTree = BUILT_PRODUCTS_DIR; };
		C6A0FF2C0290799A04C91782 /* b64.1 */ = {isa = PBXFileReference; lastKnownFileType = text.man; path = b64.1; sourceTree = "<group>"; };
		E20397FA094834AD0068714F /* ABase64.c */ = {isa = PBXFileReference; fileEncoding = 30; lastKnownFileType = sourcecode.c.c; path = ABase64.c; sourceTree = SOURCE_ROOT; };
		E20397FC094834B40068714F /* ABase64.h */ = {isa = PBXFileReference; fileEncoding = 30; lastKnownFileType = sourcecode.c.h; path = ABase64.h; sourceTree = SOURCE_ROOT; };
		E2269AAB0EB6D85E0029CCF5 /* OmcProjectCommon.xcconfig */ = {isa = PBXFileReference; fileEncoding = 4; lastKnownFileType = text.xcconfig; name = OmcProjectCommon.xcconfig; path = ../Common/OmcProjectCommon.xcconfig; sourceTree = SOURCE_ROOT; };
		E27A1A75105268BB000DFAC8 /* OmcTool_Info.plist */ = {isa = PBXFileReference; fileEncoding = 4; lastKnownFileType = text.plist.xml; name = OmcTool_Info.plist; path = ../Common/OmcTool_Info.plist; sourceTree = SOURCE_ROOT; };
/* End PBXFileReference section */

/* Begin PBXFrameworksBuildPhase section */
		8DD76FAD0486AB0100D96B5E /* Frameworks */ = {
			isa = PBXFrameworksBuildPhase;
			buildActionMask = 2147483647;
			files = (
			);
			runOnlyForDeploymentPostprocessing = 0;
		};
/* End PBXFrameworksBuildPhase section */

/* Begin PBXGroup section */
		08FB7794FE84155DC02AAC07 /* b64 */ = {
			isa = PBXGroup;
			children = (
				1D039D832E1689DC00D4924A /* b64-target.xcconfig */,
				08FB7795FE84155DC02AAC07 /* Source */,
				1DD21127259F43620041BB8F /* OmcVersion.xcconfig */,
				1D4971BC2575A6E600F7131C /* OmcProjectDebug.xcconfig */,
				1D4971BD2575A6E600F7131C /* OmcProjectRelease.xcconfig */,
				E2269AAB0EB6D85E0029CCF5 /* OmcProjectCommon.xcconfig */,
				E27A1A75105268BB000DFAC8 /* OmcTool_Info.plist */,
				C6A0FF2B0290797F04C91782 /* Documentation */,
				1AB674ADFE9D54B511CA2CBB /* Products */,
			);
			name = b64;
			sourceTree = "<group>";
		};
		08FB7795FE84155DC02AAC07 /* Source */ = {
			isa = PBXGroup;
			children = (
				08FB7796FE84155DC02AAC07 /* main.c */,
				E20397FA094834AD0068714F /* ABase64.c */,
				E20397FC094834B40068714F /* ABase64.h */,
			);
			name = Source;
			sourceTree = "<group>";
		};
		1AB674ADFE9D54B511CA2CBB /* Products */ = {
			isa = PBXGroup;
			children = (
				8DD76FB20486AB0100D96B5E /* b64 */,
			);
			name = Products;
			sourceTree = "<group>";
		};
		C6A0FF2B0290797F04C91782 /* Documentation */ = {
			isa = PBXGroup;
			children = (
				C6A0FF2C0290799A04C91782 /* b64.1 */,
			);
			name = Documentation;
			sourceTree = "<group>";
		};
/* End PBXGroup section */

/* Begin PBXNativeTarget section */
		8DD76FA90486AB0100D96B5E /* b64 */ = {
			isa = PBXNativeTarget;
			buildConfigurationList = 1DEB928508733DD80010E9CD /* Build configuration list for PBXNativeTarget "b64" */;
			buildPhases = (
				8DD76FAB0486AB0100D96B5E /* Sources */,
				8DD76FAD0486AB0100D96B5E /* Frameworks */,
				8DD76FAF0486AB0100D96B5E /* CopyFiles */,
			);
			buildRules = (
			);
			dependencies = (
			);
			name = b64;
			productInstallPath = "$(HOME)/bin";
			productName = b64;
			productReference = 8DD76FB20486AB0100D96B5E /* b64 */;
			productType = "com.apple.product-type.tool";
		};
/* End PBXNativeTarget section */

/* Begin PBXProject section */
		08FB7793FE84155DC02AAC07 /* Project object */ = {
			isa = PBXProject;
			attributes = {
				LastUpgradeCheck = 1100;
			};
			buildConfigurationList = 1DEB928908733DD80010E9CD /* Build configuration list for PBXProject "b64" */;
			compatibilityVersion = "Xcode 10.0";
			developmentRegion = en;
			hasScannedForEncodings = 1;
			knownRegions = (
				en,
				Base,
			);
			mainGroup = 08FB7794FE84155DC02AAC07 /* b64 */;
			projectDirPath = "";
			projectRoot = "";
			targets = (
				8DD76FA90486AB0100D96B5E /* b64 */,
			);
		};
/* End PBXProject section */

/* Begin PBXSourcesBuildPhase section */
		8DD76FAB0486AB0100D96B5E /* Sources */ = {
			isa = PBXSourcesBuildPhase;
			buildActionMask = 2147483647;
			files = (
				8DD76FAC0486AB0100D96B5E /* main.c in Sources */,
				E20397FB094834AD0068714F /* ABase64.c in Sources */,
			);
			runOnlyForDeploymentPostprocessing = 0;
		};
/* End PBXSourcesBuildPhase section */

/* Begin XCBuildConfiguration section */
		1DEB928608733DD80010E9CD /* Debug */ = {
			isa = XCBuildConfiguration;
			baseConfigurationReference = 1D039D832E1689DC00D4924A /* b64-target.xcconfig */;
			buildSettings = {
			};
			name = Debug;
		};
		1DEB928708733DD80010E9CD /* Release */ = {
			isa = XCBuildConfiguration;
			baseConfigurationReference = 1D039D832E1689DC00D4924A /* b64-target.xcconfig */;
			buildSettings = {
			};
			name = Release;
		};
		1DEB928A08733DD80010E9CD /* Debug */ = {
			isa = XCBuildConfiguration;
			baseConfigurationReference = 1D4971BC2575A6E600F7131C /* OmcProjectDebug.xcconfig */;
			buildSettings = {
			};
			name = Debug;
		};
		1DEB928B08733DD80010E9CD /* Release */ = {
			isa = XCBuildConfiguration;
			baseConfigurationReference = 1D4971BD2575A6E600F7131C /* OmcProjectRelease.xcconfig */;
			buildSettings = {
			};
			name = Release;
		};
/* End XCBuildConfiguration section */

/* Begin XCConfigurationList section */
		1DEB928508733DD80010E9CD /* Build configuration list for PBXNativeTarget "b64" */ = {
			isa = XCConfigurationList;
			buildConfigurations = (
				1DEB928608733DD80010E9CD /* Debug */,
				1DEB928708733DD80010E9CD /* Release */,
			);
			defaultConfigurationIsVisible = 0;
			defaultConfigurationName = Release;
		};
		1DEB928908733DD80010E9CD /* Build configuration list for PBXProject "b64" */ = {
			isa = XCConfigurationList;
			buildConfigurations = (
				1DEB928A08733DD80010E9CD /* Debug */,
				1DEB928B08733DD80010E9CD /* Release */,
			);
			defaultConfigurationIsVisible = 0;
			defaultConfigurationName = Release;
		};
/* End XCConfigurationList section */
	};
	rootObject = 08FB7793FE84155DC02AAC07 /* Project object */;
}
