// !$*UTF8*$!
{
	archiveVersion = 1;
	classes = {
	};
	objectVersion = 51;
	objects = {

/* Begin PBXAggregateTarget section */
		1DA93CCD2330C238006C808A /* Generated Files */ = {
			isa = PBXAggregateTarget;
			buildConfigurationList = 1DA93CD02330C238006C808A /* Build configuration list for PBXAggregateTarget "Generated Files" */;
			buildPhases = (
				1DA93CD32330C255006C808A /* Generate App Group Identifier */,
			);
			dependencies = (
			);
			name = "Generated Files";
			productName = "Generated Files";
		};
/* End PBXAggregateTarget section */

/* Begin PBXBuildFile section */
		1D9BCB8222CC98D100F4EAB6 /* ACFPropertyList.m in Sources */ = {isa = PBXBuildFile; fileRef = 1D9BCB8122CC98D000F4EAB6 /* ACFPropertyList.m */; };
		8DD76F790486A8DE00D96B5E /* CoreFoundation.framework in Frameworks */ = {isa = PBXBuildFile; fileRef = 09AB6884FE841BABC02AAC07 /* CoreFoundation.framework */; };
		E25EBD57075DE53A005F994C /* main.c in Sources */ = {isa = PBXBuildFile; fileRef = E25EBD56075DE53A005F994C /* main.c */; };
/* End PBXBuildFile section */

/* Begin PBXContainerItemProxy section */
		1DA93CD12330C24E006C808A /* PBXContainerItemProxy */ = {
			isa = PBXContainerItemProxy;
			containerPortal = 08FB7793FE84155DC02AAC07 /* Project object */;
			proxyType = 1;
			remoteGlobalIDString = 1DA93CCD2330C238006C808A;
			remoteInfo = "Generated Files";
		};
/* End PBXContainerItemProxy section */

/* Begin PBXCopyFilesBuildPhase section */
		8DD76F7B0486A8DE00D96B5E /* CopyFiles */ = {
			isa = PBXCopyFilesBuildPhase;
			buildActionMask = 8;
			dstPath = /usr/share/man/man1/;
			dstSubfolderSpec = 0;
			files = (
			);
			runOnlyForDeploymentPostprocessing = 1;
		};
/* End PBXCopyFilesBuildPhase section */

/* Begin PBXFileReference section */
		09AB6884FE841BABC02AAC07 /* CoreFoundation.framework */ = {isa = PBXFileReference; lastKnownFileType = wrapper.framework; name = CoreFoundation.framework; path = /System/Library/Frameworks/CoreFoundation.framework; sourceTree = "<absolute>"; };
		1D9BCB8122CC98D000F4EAB6 /* ACFPropertyList.m */ = {isa = PBXFileReference; fileEncoding = 4; lastKnownFileType = sourcecode.c.objc; name = ACFPropertyList.m; path = ../Common/ACFPropertyList.m; sourceTree = "<group>"; };
		1D9BCB8322CC98E400F4EAB6 /* ACFPropertyList.h */ = {isa = PBXFileReference; lastKnownFileType = sourcecode.c.h; name = ACFPropertyList.h; path = ../Common/ACFPropertyList.h; sourceTree = "<group>"; };
		8DD76F7E0486A8DE00D96B5E /* omc_dialog_control */ = {isa = PBXFileReference; explicitFileType = "compiled.mach-o.executable"; includeInIndex = 0; path = omc_dialog_control; sourceTree = BUILT_PRODUCTS_DIR; };
		E2269AD10EB6D9430029CCF5 /* OmcProjectCommon.xcconfig */ = {isa = PBXFileReference; fileEncoding = 4; lastKnownFileType = text.xcconfig; name = OmcProjectCommon.xcconfig; path = ../Common/OmcProjectCommon.xcconfig; sourceTree = SOURCE_ROOT; };
		E25EBD56075DE53A005F994C /* main.c */ = {isa = PBXFileReference; fileEncoding = 30; lastKnownFileType = sourcecode.c.c; path = main.c; sourceTree = SOURCE_ROOT; };
		E27A1AD110526A8F000DFAC8 /* OmcTool_Info.plist */ = {isa = PBXFileReference; fileEncoding = 4; lastKnownFileType = text.plist.xml; name = OmcTool_Info.plist; path = ../Common/OmcTool_Info.plist; sourceTree = SOURCE_ROOT; };
/* End PBXFileReference section */

/* Begin PBXFrameworksBuildPhase section */
		8DD76F780486A8DE00D96B5E /* Frameworks */ = {
			isa = PBXFrameworksBuildPhase;
			buildActionMask = 2147483647;
			files = (
				8DD76F790486A8DE00D96B5E /* CoreFoundation.framework in Frameworks */,
			);
			runOnlyForDeploymentPostprocessing = 0;
		};
/* End PBXFrameworksBuildPhase section */

/* Begin PBXGroup section */
		08FB7794FE84155DC02AAC07 /* omc_dialog_control */ = {
			isa = PBXGroup;
			children = (
				08FB7795FE84155DC02AAC07 /* Source */,
				E2269AD10EB6D9430029CCF5 /* OmcProjectCommon.xcconfig */,
				E27A1AD110526A8F000DFAC8 /* OmcTool_Info.plist */,
				C6859E96029091FE04C91782 /* Documentation */,
				08FB779DFE84155DC02AAC07 /* External Frameworks and Libraries */,
				19C28FBDFE9D53C911CA2CBB /* Products */,
			);
			name = omc_dialog_control;
			sourceTree = "<group>";
		};
		08FB7795FE84155DC02AAC07 /* Source */ = {
			isa = PBXGroup;
			children = (
				E25EBD56075DE53A005F994C /* main.c */,
				1D9BCB8122CC98D000F4EAB6 /* ACFPropertyList.m */,
				1D9BCB8322CC98E400F4EAB6 /* ACFPropertyList.h */,
			);
			name = Source;
			sourceTree = "<group>";
		};
		08FB779DFE84155DC02AAC07 /* External Frameworks and Libraries */ = {
			isa = PBXGroup;
			children = (
				09AB6884FE841BABC02AAC07 /* CoreFoundation.framework */,
			);
			name = "External Frameworks and Libraries";
			sourceTree = "<group>";
		};
		19C28FBDFE9D53C911CA2CBB /* Products */ = {
			isa = PBXGroup;
			children = (
				8DD76F7E0486A8DE00D96B5E /* omc_dialog_control */,
			);
			name = Products;
			sourceTree = "<group>";
		};
		C6859E96029091FE04C91782 /* Documentation */ = {
			isa = PBXGroup;
			children = (
			);
			name = Documentation;
			sourceTree = "<group>";
		};
/* End PBXGroup section */

/* Begin PBXNativeTarget section */
		8DD76F740486A8DE00D96B5E /* omc_dialog_control */ = {
			isa = PBXNativeTarget;
			buildConfigurationList = E2E901780864AACA00B99907 /* Build configuration list for PBXNativeTarget "omc_dialog_control" */;
			buildPhases = (
				8DD76F760486A8DE00D96B5E /* Sources */,
				8DD76F780486A8DE00D96B5E /* Frameworks */,
				8DD76F7B0486A8DE00D96B5E /* CopyFiles */,
			);
			buildRules = (
			);
			dependencies = (
				1DA93CD22330C24E006C808A /* PBXTargetDependency */,
			);
			name = omc_dialog_control;
			productInstallPath = "$(HOME)/bin";
			productName = omc_dialog_control;
			productReference = 8DD76F7E0486A8DE00D96B5E /* omc_dialog_control */;
			productType = "com.apple.product-type.tool";
		};
/* End PBXNativeTarget section */

/* Begin PBXProject section */
		08FB7793FE84155DC02AAC07 /* Project object */ = {
			isa = PBXProject;
			attributes = {
				LastUpgradeCheck = 1100;
				ORGANIZATIONNAME = "";
				TargetAttributes = {
					1DA93CCD2330C238006C808A = {
						CreatedOnToolsVersion = 11.0;
					};
				};
			};
			buildConfigurationList = E2E9017C0864AACA00B99907 /* Build configuration list for PBXProject "omc_dialog_control" */;
			compatibilityVersion = "Xcode 10.0";
			developmentRegion = en;
			hasScannedForEncodings = 1;
			knownRegions = (
				Base,
				en,
			);
			mainGroup = 08FB7794FE84155DC02AAC07 /* omc_dialog_control */;
			projectDirPath = "";
			projectRoot = "";
			targets = (
				1DA93CCD2330C238006C808A /* Generated Files */,
				8DD76F740486A8DE00D96B5E /* omc_dialog_control */,
			);
		};
/* End PBXProject section */

/* Begin PBXShellScriptBuildPhase section */
		1DA93CD32330C255006C808A /* Generate App Group Identifier */ = {
			isa = PBXShellScriptBuildPhase;
			buildActionMask = 2147483647;
			files = (
			);
			inputFileListPaths = (
			);
			inputPaths = (
				"$(SRCROOT)/generate_app_group_identifier.sh",
			);
			name = "Generate App Group Identifier";
			outputFileListPaths = (
			);
			outputPaths = (
				"$(BUILT_PRODUCTS_DIR)/generated/AppGroupIdentifier.h",
			);
			runOnlyForDeploymentPostprocessing = 0;
			shellPath = /bin/sh;
			shellScript = "source \"$SRCROOT/generate_app_group_identifier.sh\"\n";
			showEnvVarsInLog = 0;
		};
/* End PBXShellScriptBuildPhase section */

/* Begin PBXSourcesBuildPhase section */
		8DD76F760486A8DE00D96B5E /* Sources */ = {
			isa = PBXSourcesBuildPhase;
			buildActionMask = 2147483647;
			files = (
				E25EBD57075DE53A005F994C /* main.c in Sources */,
				1D9BCB8222CC98D100F4EAB6 /* ACFPropertyList.m in Sources */,
			);
			runOnlyForDeploymentPostprocessing = 0;
		};
/* End PBXSourcesBuildPhase section */

/* Begin PBXTargetDependency section */
		1DA93CD22330C24E006C808A /* PBXTargetDependency */ = {
			isa = PBXTargetDependency;
			target = 1DA93CCD2330C238006C808A /* Generated Files */;
			targetProxy = 1DA93CD12330C24E006C808A /* PBXContainerItemProxy */;
		};
/* End PBXTargetDependency section */

/* Begin XCBuildConfiguration section */
		1DA93CCE2330C238006C808A /* Debug */ = {
			isa = XCBuildConfiguration;
			buildSettings = {
				PRODUCT_NAME = "$(TARGET_NAME)";
			};
			name = Debug;
		};
		1DA93CCF2330C238006C808A /* Release */ = {
			isa = XCBuildConfiguration;
			buildSettings = {
				PRODUCT_NAME = "$(TARGET_NAME)";
			};
			name = Release;
		};
		E2E901790864AACA00B99907 /* Debug */ = {
			isa = XCBuildConfiguration;
			buildSettings = {
				CREATE_INFOPLIST_SECTION_IN_BINARY = YES;
				INFOPLIST_FILE = ../Common/OmcTool_Info.plist;
				PRODUCT_BUNDLE_IDENTIFIER = "com.abracode.omc-dialog-control";
				PRODUCT_NAME = omc_dialog_control;
				USER_HEADER_SEARCH_PATHS = (
					"$(inherited)",
					"$(BUILT_PRODUCTS_DIR)/generated",
				);
			};
			name = Debug;
		};
		E2E9017A0864AACA00B99907 /* Release */ = {
			isa = XCBuildConfiguration;
			buildSettings = {
				CREATE_INFOPLIST_SECTION_IN_BINARY = YES;
				INFOPLIST_FILE = ../Common/OmcTool_Info.plist;
				PRODUCT_BUNDLE_IDENTIFIER = "com.abracode.omc-dialog-control";
				PRODUCT_NAME = omc_dialog_control;
				USER_HEADER_SEARCH_PATHS = (
					"$(inherited)",
					"$(BUILT_PRODUCTS_DIR)/generated",
				);
			};
			name = Release;
		};
		E2E9017D0864AACA00B99907 /* Debug */ = {
			isa = XCBuildConfiguration;
			baseConfigurationReference = E2269AD10EB6D9430029CCF5 /* OmcProjectCommon.xcconfig */;
			buildSettings = {
				CLANG_WARN_BLOCK_CAPTURE_AUTORELEASING = YES;
				CLANG_WARN_BOOL_CONVERSION = YES;
				CLANG_WARN_COMMA = YES;
				CLANG_WARN_CONSTANT_CONVERSION = YES;
				CLANG_WARN_DEPRECATED_OBJC_IMPLEMENTATIONS = YES;
				CLANG_WARN_EMPTY_BODY = YES;
				CLANG_WARN_ENUM_CONVERSION = YES;
				CLANG_WARN_INFINITE_RECURSION = YES;
				CLANG_WARN_INT_CONVERSION = YES;
				CLANG_WARN_NON_LITERAL_NULL_CONVERSION = YES;
				CLANG_WARN_OBJC_IMPLICIT_RETAIN_SELF = YES;
				CLANG_WARN_OBJC_LITERAL_CONVERSION = YES;
				CLANG_WARN_RANGE_LOOP_ANALYSIS = YES;
				CLANG_WARN_STRICT_PROTOTYPES = YES;
				CLANG_WARN_SUSPICIOUS_MOVE = YES;
				CLANG_WARN_UNREACHABLE_CODE = YES;
				CLANG_WARN__DUPLICATE_METHOD_MATCH = YES;
				ENABLE_STRICT_OBJC_MSGSEND = YES;
				ENABLE_TESTABILITY = YES;
				GCC_ENABLE_CPP_EXCEPTIONS = NO;
				GCC_ENABLE_CPP_RTTI = NO;
				GCC_NO_COMMON_BLOCKS = YES;
				GCC_PREPROCESSOR_DEFINITIONS = (
					"_DEBUG_=1",
					"_TRACE_=0",
				);
				GCC_WARN_64_TO_32_BIT_CONVERSION = YES;
				GCC_WARN_ABOUT_RETURN_TYPE = YES;
				GCC_WARN_UNDECLARED_SELECTOR = YES;
				GCC_WARN_UNINITIALIZED_AUTOS = YES;
				GCC_WARN_UNUSED_FUNCTION = YES;
				GCC_WARN_UNUSED_VARIABLE = YES;
				ONLY_ACTIVE_ARCH = YES;
				SYMROOT = ../build;
			};
			name = Debug;
		};
		E2E9017E0864AACA00B99907 /* Release */ = {
			isa = XCBuildConfiguration;
			baseConfigurationReference = E2269AD10EB6D9430029CCF5 /* OmcProjectCommon.xcconfig */;
			buildSettings = {
				CLANG_WARN_BLOCK_CAPTURE_AUTORELEASING = YES;
				CLANG_WARN_BOOL_CONVERSION = YES;
				CLANG_WARN_COMMA = YES;
				CLANG_WARN_CONSTANT_CONVERSION = YES;
				CLANG_WARN_DEPRECATED_OBJC_IMPLEMENTATIONS = YES;
				CLANG_WARN_EMPTY_BODY = YES;
				CLANG_WARN_ENUM_CONVERSION = YES;
				CLANG_WARN_INFINITE_RECURSION = YES;
				CLANG_WARN_INT_CONVERSION = YES;
				CLANG_WARN_NON_LITERAL_NULL_CONVERSION = YES;
				CLANG_WARN_OBJC_IMPLICIT_RETAIN_SELF = YES;
				CLANG_WARN_OBJC_LITERAL_CONVERSION = YES;
				CLANG_WARN_RANGE_LOOP_ANALYSIS = YES;
				CLANG_WARN_STRICT_PROTOTYPES = YES;
				CLANG_WARN_SUSPICIOUS_MOVE = YES;
				CLANG_WARN_UNREACHABLE_CODE = YES;
				CLANG_WARN__DUPLICATE_METHOD_MATCH = YES;
				DEAD_CODE_STRIPPING = YES;
				ENABLE_STRICT_OBJC_MSGSEND = YES;
				GCC_ENABLE_CPP_EXCEPTIONS = NO;
				GCC_ENABLE_CPP_RTTI = NO;
				GCC_GENERATE_DEBUGGING_SYMBOLS = NO;
				GCC_NO_COMMON_BLOCKS = YES;
				GCC_PREPROCESSOR_DEFINITIONS = (
					"_DEBUG_=0",
					"_TRACE_=0",
				);
				GCC_WARN_64_TO_32_BIT_CONVERSION = YES;
				GCC_WARN_ABOUT_RETURN_TYPE = YES;
				GCC_WARN_UNDECLARED_SELECTOR = YES;
				GCC_WARN_UNINITIALIZED_AUTOS = YES;
				GCC_WARN_UNUSED_FUNCTION = YES;
				GCC_WARN_UNUSED_VARIABLE = YES;
				SYMROOT = ../build;
			};
			name = Release;
		};
/* End XCBuildConfiguration section */

/* Begin XCConfigurationList section */
		1DA93CD02330C238006C808A /* Build configuration list for PBXAggregateTarget "Generated Files" */ = {
			isa = XCConfigurationList;
			buildConfigurations = (
				1DA93CCE2330C238006C808A /* Debug */,
				1DA93CCF2330C238006C808A /* Release */,
			);
			defaultConfigurationIsVisible = 0;
			defaultConfigurationName = Release;
		};
		E2E901780864AACA00B99907 /* Build configuration list for PBXNativeTarget "omc_dialog_control" */ = {
			isa = XCConfigurationList;
			buildConfigurations = (
				E2E901790864AACA00B99907 /* Debug */,
				E2E9017A0864AACA00B99907 /* Release */,
			);
			defaultConfigurationIsVisible = 0;
			defaultConfigurationName = Release;
		};
		E2E9017C0864AACA00B99907 /* Build configuration list for PBXProject "omc_dialog_control" */ = {
			isa = XCConfigurationList;
			buildConfigurations = (
				E2E9017D0864AACA00B99907 /* Debug */,
				E2E9017E0864AACA00B99907 /* Release */,
			);
			defaultConfigurationIsVisible = 0;
			defaultConfigurationName = Release;
		};
/* End XCConfigurationList section */
	};
	rootObject = 08FB7793FE84155DC02AAC07 /* Project object */;
}
