// !$*UTF8*$!
{
	archiveVersion = 1;
	classes = {
	};
	objectVersion = 51;
	objects = {

/* Begin PBXBuildFile section */
		1D904E1119285FFA009FB0C7 /* Foundation.framework in Frameworks */ = {isa = PBXBuildFile; fileRef = 1D904E1019285FFA009FB0C7 /* Foundation.framework */; };
		1D904E1419285FFA009FB0C7 /* main.m in Sources */ = {isa = PBXBuildFile; fileRef = 1D904E1319285FFA009FB0C7 /* main.m */; };
		1D904E1819285FFA009FB0C7 /* notify.1 in CopyFiles */ = {isa = PBXBuildFile; fileRef = 1D904E1719285FFA009FB0C7 /* notify.1 */; };
		1D904E2319288E4D009FB0C7 /* NotifyDelegate.m in Sources */ = {isa = PBXBuildFile; fileRef = 1D904E2219288E4D009FB0C7 /* NotifyDelegate.m */; };
/* End PBXBuildFile section */

/* Begin PBXCopyFilesBuildPhase section */
		1D904E0B19285FFA009FB0C7 /* CopyFiles */ = {
			isa = PBXCopyFilesBuildPhase;
			buildActionMask = 2147483647;
			dstPath = /usr/share/man/man1/;
			dstSubfolderSpec = 0;
			files = (
				1D904E1819285FFA009FB0C7 /* notify.1 in CopyFiles */,
			);
			runOnlyForDeploymentPostprocessing = 1;
		};
/* End PBXCopyFilesBuildPhase section */

/* Begin PBXFileReference section */
		1D904E0D19285FFA009FB0C7 /* notify */ = {isa = PBXFileReference; explicitFileType = "compiled.mach-o.executable"; includeInIndex = 0; path = notify; sourceTree = BUILT_PRODUCTS_DIR; };
		1D904E1019285FFA009FB0C7 /* Foundation.framework */ = {isa = PBXFileReference; lastKnownFileType = wrapper.framework; name = Foundation.framework; path = System/Library/Frameworks/Foundation.framework; sourceTree = SDKROOT; };
		1D904E1319285FFA009FB0C7 /* main.m */ = {isa = PBXFileReference; lastKnownFileType = sourcecode.c.objc; path = main.m; sourceTree = "<group>"; };
		1D904E1619285FFA009FB0C7 /* notify-Prefix.pch */ = {isa = PBXFileReference; lastKnownFileType = sourcecode.c.h; path = "notify-Prefix.pch"; sourceTree = "<group>"; };
		1D904E1719285FFA009FB0C7 /* notify.1 */ = {isa = PBXFileReference; lastKnownFileType = text.man; path = notify.1; sourceTree = "<group>"; };
		1D904E1E192866A0009FB0C7 /* notify_Info.plist */ = {isa = PBXFileReference; lastKnownFileType = text.plist.xml; path = notify_Info.plist; sourceTree = SOURCE_ROOT; };
		1D904E1F19286E4C009FB0C7 /* AbracodeCommon.xcconfig */ = {isa = PBXFileReference; lastKnownFileType = text.xcconfig; name = AbracodeCommon.xcconfig; path = ../AbracodeCommon.xcconfig; sourceTree = "<group>"; };
		1D904E2119288E4D009FB0C7 /* NotifyDelegate.h */ = {isa = PBXFileReference; fileEncoding = 4; lastKnownFileType = sourcecode.c.h; path = NotifyDelegate.h; sourceTree = "<group>"; };
		1D904E2219288E4D009FB0C7 /* NotifyDelegate.m */ = {isa = PBXFileReference; fileEncoding = 4; lastKnownFileType = sourcecode.c.objc; path = NotifyDelegate.m; sourceTree = "<group>"; };
/* End PBXFileReference section */

/* Begin PBXFrameworksBuildPhase section */
		1D904E0A19285FFA009FB0C7 /* Frameworks */ = {
			isa = PBXFrameworksBuildPhase;
			buildActionMask = 2147483647;
			files = (
				1D904E1119285FFA009FB0C7 /* Foundation.framework in Frameworks */,
			);
			runOnlyForDeploymentPostprocessing = 0;
		};
/* End PBXFrameworksBuildPhase section */

/* Begin PBXGroup section */
		1D904E0419285FFA009FB0C7 = {
			isa = PBXGroup;
			children = (
				1D904E1F19286E4C009FB0C7 /* AbracodeCommon.xcconfig */,
				1D904E1219285FFA009FB0C7 /* notify */,
				1D904E0F19285FFA009FB0C7 /* Frameworks */,
				1D904E0E19285FFA009FB0C7 /* Products */,
			);
			sourceTree = "<group>";
		};
		1D904E0E19285FFA009FB0C7 /* Products */ = {
			isa = PBXGroup;
			children = (
				1D904E0D19285FFA009FB0C7 /* notify */,
			);
			name = Products;
			sourceTree = "<group>";
		};
		1D904E0F19285FFA009FB0C7 /* Frameworks */ = {
			isa = PBXGroup;
			children = (
				1D904E1019285FFA009FB0C7 /* Foundation.framework */,
			);
			name = Frameworks;
			sourceTree = "<group>";
		};
		1D904E1219285FFA009FB0C7 /* notify */ = {
			isa = PBXGroup;
			children = (
				1D904E1319285FFA009FB0C7 /* main.m */,
				1D904E2119288E4D009FB0C7 /* NotifyDelegate.h */,
				1D904E2219288E4D009FB0C7 /* NotifyDelegate.m */,
				1D904E1719285FFA009FB0C7 /* notify.1 */,
				1D904E1E192866A0009FB0C7 /* notify_Info.plist */,
				1D904E1519285FFA009FB0C7 /* Supporting Files */,
			);
			path = notify;
			sourceTree = "<group>";
		};
		1D904E1519285FFA009FB0C7 /* Supporting Files */ = {
			isa = PBXGroup;
			children = (
				1D904E1619285FFA009FB0C7 /* notify-Prefix.pch */,
			);
			name = "Supporting Files";
			sourceTree = "<group>";
		};
/* End PBXGroup section */

/* Begin PBXNativeTarget section */
		1D904E0C19285FFA009FB0C7 /* notify */ = {
			isa = PBXNativeTarget;
			buildConfigurationList = 1D904E1B19285FFA009FB0C7 /* Build configuration list for PBXNativeTarget "notify" */;
			buildPhases = (
				1D904E0919285FFA009FB0C7 /* Sources */,
				1D904E0A19285FFA009FB0C7 /* Frameworks */,
				1D904E0B19285FFA009FB0C7 /* CopyFiles */,
			);
			buildRules = (
			);
			dependencies = (
			);
			name = notify;
			productName = notify;
			productReference = 1D904E0D19285FFA009FB0C7 /* notify */;
			productType = "com.apple.product-type.tool";
		};
/* End PBXNativeTarget section */

/* Begin PBXProject section */
		1D904E0519285FFA009FB0C7 /* Project object */ = {
			isa = PBXProject;
			attributes = {
				LastUpgradeCheck = 1100;
				ORGANIZATIONNAME = "";
			};
			buildConfigurationList = 1D904E0819285FFA009FB0C7 /* Build configuration list for PBXProject "notify" */;
			compatibilityVersion = "Xcode 10.0";
			developmentRegion = en;
			hasScannedForEncodings = 0;
			knownRegions = (
				en,
				Base,
			);
			mainGroup = 1D904E0419285FFA009FB0C7;
			productRefGroup = 1D904E0E19285FFA009FB0C7 /* Products */;
			projectDirPath = "";
			projectRoot = "";
			targets = (
				1D904E0C19285FFA009FB0C7 /* notify */,
			);
		};
/* End PBXProject section */

/* Begin PBXSourcesBuildPhase section */
		1D904E0919285FFA009FB0C7 /* Sources */ = {
			isa = PBXSourcesBuildPhase;
			buildActionMask = 2147483647;
			files = (
				1D904E1419285FFA009FB0C7 /* main.m in Sources */,
				1D904E2319288E4D009FB0C7 /* NotifyDelegate.m in Sources */,
			);
			runOnlyForDeploymentPostprocessing = 0;
		};
/* End PBXSourcesBuildPhase section */

/* Begin XCBuildConfiguration section */
		1D904E1919285FFA009FB0C7 /* Debug */ = {
			isa = XCBuildConfiguration;
			baseConfigurationReference = 1D904E1F19286E4C009FB0C7 /* AbracodeCommon.xcconfig */;
			buildSettings = {
				CLANG_ENABLE_MODULES = YES;
				CLANG_WARN_BLOCK_CAPTURE_AUTORELEASING = YES;
				CLANG_WARN_BOOL_CONVERSION = YES;
				CLANG_WARN_COMMA = YES;
				CLANG_WARN_CONSTANT_CONVERSION = YES;
				CLANG_WARN_DEPRECATED_OBJC_IMPLEMENTATIONS = YES;
				CLANG_WARN_DIRECT_OBJC_ISA_USAGE = YES_ERROR;
				CLANG_WARN_EMPTY_BODY = YES;
				CLANG_WARN_ENUM_CONVERSION = YES;
				CLANG_WARN_INFINITE_RECURSION = YES;
				CLANG_WARN_INT_CONVERSION = YES;
				CLANG_WARN_NON_LITERAL_NULL_CONVERSION = YES;
				CLANG_WARN_OBJC_IMPLICIT_RETAIN_SELF = YES;
				CLANG_WARN_OBJC_LITERAL_CONVERSION = YES;
				CLANG_WARN_OBJC_ROOT_CLASS = YES_ERROR;
				CLANG_WARN_RANGE_LOOP_ANALYSIS = YES;
				CLANG_WARN_STRICT_PROTOTYPES = YES;
				CLANG_WARN_SUSPICIOUS_MOVE = YES;
				CLANG_WARN_UNREACHABLE_CODE = YES;
				CLANG_WARN__DUPLICATE_METHOD_MATCH = YES;
				COPY_PHASE_STRIP = NO;
				ENABLE_STRICT_OBJC_MSGSEND = YES;
				ENABLE_TESTABILITY = YES;
				GCC_DYNAMIC_NO_PIC = NO;
				GCC_ENABLE_OBJC_EXCEPTIONS = YES;
				GCC_NO_COMMON_BLOCKS = YES;
				GCC_OPTIMIZATION_LEVEL = 0;
				GCC_PREPROCESSOR_DEFINITIONS = (
					"DEBUG=1",
					"$(inherited)",
				);
				GCC_SYMBOLS_PRIVATE_EXTERN = NO;
				GCC_WARN_64_TO_32_BIT_CONVERSION = YES;
				GCC_WARN_ABOUT_RETURN_TYPE = YES_ERROR;
				GCC_WARN_UNDECLARED_SELECTOR = YES;
				GCC_WARN_UNINITIALIZED_AUTOS = YES_AGGRESSIVE;
				GCC_WARN_UNUSED_FUNCTION = YES;
				GCC_WARN_UNUSED_VARIABLE = YES;
				MACOSX_DEPLOYMENT_TARGET = 10.8;
				ONLY_ACTIVE_ARCH = YES;
				SDKROOT = macosx;
			};
			name = Debug;
		};
		1D904E1A19285FFA009FB0C7 /* Release */ = {
			isa = XCBuildConfiguration;
			baseConfigurationReference = 1D904E1F19286E4C009FB0C7 /* AbracodeCommon.xcconfig */;
			buildSettings = {
				CLANG_ENABLE_MODULES = YES;
				CLANG_WARN_BLOCK_CAPTURE_AUTORELEASING = YES;
				CLANG_WARN_BOOL_CONVERSION = YES;
				CLANG_WARN_COMMA = YES;
				CLANG_WARN_CONSTANT_CONVERSION = YES;
				CLANG_WARN_DEPRECATED_OBJC_IMPLEMENTATIONS = YES;
				CLANG_WARN_DIRECT_OBJC_ISA_USAGE = YES_ERROR;
				CLANG_WARN_EMPTY_BODY = YES;
				CLANG_WARN_ENUM_CONVERSION = YES;
				CLANG_WARN_INFINITE_RECURSION = YES;
				CLANG_WARN_INT_CONVERSION = YES;
				CLANG_WARN_NON_LITERAL_NULL_CONVERSION = YES;
				CLANG_WARN_OBJC_IMPLICIT_RETAIN_SELF = YES;
				CLANG_WARN_OBJC_LITERAL_CONVERSION = YES;
				CLANG_WARN_OBJC_ROOT_CLASS = YES_ERROR;
				CLANG_WARN_RANGE_LOOP_ANALYSIS = YES;
				CLANG_WARN_STRICT_PROTOTYPES = YES;
				CLANG_WARN_SUSPICIOUS_MOVE = YES;
				CLANG_WARN_UNREACHABLE_CODE = YES;
				CLANG_WARN__DUPLICATE_METHOD_MATCH = YES;
				COPY_PHASE_STRIP = YES;
				DEBUG_INFORMATION_FORMAT = "dwarf-with-dsym";
				ENABLE_NS_ASSERTIONS = NO;
				ENABLE_STRICT_OBJC_MSGSEND = YES;
				GCC_ENABLE_OBJC_EXCEPTIONS = YES;
				GCC_NO_COMMON_BLOCKS = YES;
				GCC_WARN_64_TO_32_BIT_CONVERSION = YES;
				GCC_WARN_ABOUT_RETURN_TYPE = YES_ERROR;
				GCC_WARN_UNDECLARED_SELECTOR = YES;
				GCC_WARN_UNINITIALIZED_AUTOS = YES_AGGRESSIVE;
				GCC_WARN_UNUSED_FUNCTION = YES;
				GCC_WARN_UNUSED_VARIABLE = YES;
				MACOSX_DEPLOYMENT_TARGET = 10.8;
				SDKROOT = macosx;
			};
			name = Release;
		};
		1D904E1C19285FFA009FB0C7 /* Debug */ = {
			isa = XCBuildConfiguration;
			buildSettings = {
				CREATE_INFOPLIST_SECTION_IN_BINARY = YES;
				GCC_PRECOMPILE_PREFIX_HEADER = YES;
				GCC_PREFIX_HEADER = "notify/notify-Prefix.pch";
				INFOPLIST_FILE = notify_Info.plist;
				PRODUCT_BUNDLE_IDENTIFIER = com.abracode.notify;
				PRODUCT_NAME = "$(TARGET_NAME)";
				SYMROOT = ../build;
			};
			name = Debug;
		};
		1D904E1D19285FFA009FB0C7 /* Release */ = {
			isa = XCBuildConfiguration;
			buildSettings = {
				CREATE_INFOPLIST_SECTION_IN_BINARY = YES;
				GCC_PRECOMPILE_PREFIX_HEADER = YES;
				GCC_PREFIX_HEADER = "notify/notify-Prefix.pch";
				INFOPLIST_FILE = notify_Info.plist;
				PRODUCT_BUNDLE_IDENTIFIER = com.abracode.notify;
				PRODUCT_NAME = "$(TARGET_NAME)";
				SYMROOT = ../build;
			};
			name = Release;
		};
/* End XCBuildConfiguration section */

/* Begin XCConfigurationList section */
		1D904E0819285FFA009FB0C7 /* Build configuration list for PBXProject "notify" */ = {
			isa = XCConfigurationList;
			buildConfigurations = (
				1D904E1919285FFA009FB0C7 /* Debug */,
				1D904E1A19285FFA009FB0C7 /* Release */,
			);
			defaultConfigurationIsVisible = 0;
			defaultConfigurationName = Release;
		};
		1D904E1B19285FFA009FB0C7 /* Build configuration list for PBXNativeTarget "notify" */ = {
			isa = XCConfigurationList;
			buildConfigurations = (
				1D904E1C19285FFA009FB0C7 /* Debug */,
				1D904E1D19285FFA009FB0C7 /* Release */,
			);
			defaultConfigurationIsVisible = 0;
			defaultConfigurationName = Release;
		};
/* End XCConfigurationList section */
	};
	rootObject = 1D904E0519285FFA009FB0C7 /* Project object */;
}
