{
  "originHash" : "bacea27ee87ec0f18f0146b9c57c56e8db8485cbd72af48408d97ee144a07cb0",
  "pins" : [
    {
      "identity" : "asyncimagecache",
      "kind" : "remoteSourceControl",
      "location" : "https://github.com/abra-code/AsyncImageCache",
      "state" : {
        "revision" : "aedaeb70f7763b5f4caf7cfdce228007d857ae94",
        "version" : "0.1.1"
      }
    },
    {
      "identity" : "chatview",
      "kind" : "remoteSourceControl",
      "location" : "https://github.com/abra-code/ChatView",
      "state" : {
        "revision" : "a41b6e80c0519b530c33a2165d8fa3fcd72825e5",
        "version" : "0.6.1"
      }
    },
    {
      "identity" : "diffview",
      "kind" : "remoteSourceControl",
      "location" : "https://github.com/abra-code/DiffView",
      "state" : {
        "revision" : "8a7a956dd95e83437f656c514b67faec80558111",
        "version" : "0.1.0"
      }
    },
    {
      "identity" : "richtext",
      "kind" : "remoteSourceControl",
      "location" : "https://github.com/abra-code/RichText",
      "state" : {
        "revision" : "09755dbdd7b67ebcbd7ac77d373a87eb6d26a143",
        "version" : "0.2.1"
      }
    }
  ],
  "version" : 3
}
