// !$*UTF8*$!
{
	archiveVersion = 1;
	classes = {
	};
	objectVersion = 51;
	objects = {

/* Begin PBXBuildFile section */
		1D90038C192763DA001CAAEF /* Foundation.framework in Frameworks */ = {isa = PBXBuildFile; fileRef = 1D90038B192763DA001CAAEF /* Foundation.framework */; };
		1D90038F192763DA001CAAEF /* main.m in Sources */ = {isa = PBXBuildFile; fileRef = 1D90038E192763DA001CAAEF /* main.m */; };
		1D900393192763DA001CAAEF /* pasteboard.1 in CopyFiles */ = {isa = PBXBuildFile; fileRef = 1D900392192763DA001CAAEF /* pasteboard.1 */; };
/* End PBXBuildFile section */

/* Begin PBXCopyFilesBuildPhase section */
		1D900386192763DA001CAAEF /* CopyFiles */ = {
			isa = PBXCopyFilesBuildPhase;
			buildActionMask = 2147483647;
			dstPath = /usr/share/man/man1/;
			dstSubfolderSpec = 0;
			files = (
				1D900393192763DA001CAAEF /* pasteboard.1 in CopyFiles */,
			);
			runOnlyForDeploymentPostprocessing = 1;
		};
/* End PBXCopyFilesBuildPhase section */

/* Begin PBXFileReference section */
		1D900388192763DA001CAAEF /* pasteboard */ = {isa = PBXFileReference; explicitFileType = "compiled.mach-o.executable"; includeInIndex = 0; path = pasteboard; sourceTree = BUILT_PRODUCTS_DIR; };
		1D90038B192763DA001CAAEF /* Foundation.framework */ = {isa = PBXFileReference; lastKnownFileType = wrapper.framework; name = Foundation.framework; path = System/Library/Frameworks/Foundation.framework; sourceTree = SDKROOT; };
		1D90038E192763DA001CAAEF /* main.m */ = {isa = PBXFileReference; lastKnownFileType = sourcecode.c.objc; path = main.m; sourceTree = "<group>"; };
		1D900391192763DA001CAAEF /* pasteboard-Prefix.pch */ = {isa = PBXFileReference; lastKnownFileType = sourcecode.c.h; path = "pasteboard-Prefix.pch"; sourceTree = "<group>"; };
		1D900392192763DA001CAAEF /* pasteboard.1 */ = {isa = PBXFileReference; lastKnownFileType = text.man; path = pasteboard.1; sourceTree = "<group>"; };
		1D904E2019286FED009FB0C7 /* AbracodeCommon.xcconfig */ = {isa = PBXFileReference; lastKnownFileType = text.xcconfig; name = AbracodeCommon.xcconfig; path = ../AbracodeCommon.xcconfig; sourceTree = "<group>"; };
/* End PBXFileReference section */

/* Begin PBXFrameworksBuildPhase section */
		1D900385192763DA001CAAEF /* Frameworks */ = {
			isa = PBXFrameworksBuildPhase;
			buildActionMask = 2147483647;
			files = (
				1D90038C192763DA001CAAEF /* Foundation.framework in Frameworks */,
			);
			runOnlyForDeploymentPostprocessing = 0;
		};
/* End PBXFrameworksBuildPhase section */

/* Begin PBXGroup section */
		1D90037F192763DA001CAAEF = {
			isa = PBXGroup;
			children = (
				1D904E2019286FED009FB0C7 /* AbracodeCommon.xcconfig */,
				1D90038D192763DA001CAAEF /* pasteboard */,
				1D90038A192763DA001CAAEF /* Frameworks */,
				1D900389192763DA001CAAEF /* Products */,
			);
			sourceTree = "<group>";
		};
		1D900389192763DA001CAAEF /* Products */ = {
			isa = PBXGroup;
			children = (
				1D900388192763DA001CAAEF /* pasteboard */,
			);
			name = Products;
			sourceTree = "<group>";
		};
		1D90038A192763DA001CAAEF /* Frameworks */ = {
			isa = PBXGroup;
			children = (
				1D90038B192763DA001CAAEF /* Foundation.framework */,
			);
			name = Frameworks;
			sourceTree = "<group>";
		};
		1D90038D192763DA001CAAEF /* pasteboard */ = {
			isa = PBXGroup;
			children = (
				1D90038E192763DA001CAAEF /* main.m */,
				1D900392192763DA001CAAEF /* pasteboard.1 */,
				1D900390192763DA001CAAEF /* Supporting Files */,
			);
			path = pasteboard;
			sourceTree = "<group>";
		};
		1D900390192763DA001CAAEF /* Supporting Files */ = {
			isa = PBXGroup;
			children = (
				1D900391192763DA001CAAEF /* pasteboard-Prefix.pch */,
			);
			name = "Supporting Files";
			sourceTree = "<group>";
		};
/* End PBXGroup section */

/* Begin PBXNativeTarget section */
		1D900387192763DA001CAAEF /* pasteboard */ = {
			isa = PBXNativeTarget;
			buildConfigurationList = 1D900396192763DA001CAAEF /* Build configuration list for PBXNativeTarget "pasteboard" */;
			buildPhases = (
				1D900384192763DA001CAAEF /* Sources */,
				1D900385192763DA001CAAEF /* Frameworks */,
				1D900386192763DA001CAAEF /* CopyFiles */,
			);
			buildRules = (
			);
			dependencies = (
			);
			name = pasteboard;
			productName = pasteboard;
			productReference = 1D900388192763DA001CAAEF /* pasteboard */;
			productType = "com.apple.product-type.tool";
		};
/* End PBXNativeTarget section */

/* Begin PBXProject section */
		1D900380192763DA001CAAEF /* Project object */ = {
			isa = PBXProject;
			attributes = {
				LastUpgradeCheck = 0510;
				ORGANIZATIONNAME = Abracode;
			};
			buildConfigurationList = 1D900383192763DA001CAAEF /* Build configuration list for PBXProject "pasteboard" */;
			compatibilityVersion = "Xcode 10.0";
			developmentRegion = English;
			hasScannedForEncodings = 0;
			knownRegions = (
				English,
				en,
			);
			mainGroup = 1D90037F192763DA001CAAEF;
			productRefGroup = 1D900389192763DA001CAAEF /* Products */;
			projectDirPath = "";
			projectRoot = "";
			targets = (
				1D900387192763DA001CAAEF /* pasteboard */,
			);
		};
/* End PBXProject section */

/* Begin PBXSourcesBuildPhase section */
		1D900384192763DA001CAAEF /* Sources */ = {
			isa = PBXSourcesBuildPhase;
			buildActionMask = 2147483647;
			files = (
				1D90038F192763DA001CAAEF /* main.m in Sources */,
			);
			runOnlyForDeploymentPostprocessing = 0;
		};
/* End PBXSourcesBuildPhase section */

/* Begin XCBuildConfiguration section */
		1D900394192763DA001CAAEF /* Debug */ = {
			isa = XCBuildConfiguration;
			baseConfigurationReference = 1D904E2019286FED009FB0C7 /* AbracodeCommon.xcconfig */;
			buildSettings = {
				CLANG_ENABLE_MODULES = YES;
				CLANG_WARN_BOOL_CONVERSION = YES;
				CLANG_WARN_CONSTANT_CONVERSION = YES;
				CLANG_WARN_DIRECT_OBJC_ISA_USAGE = YES_ERROR;
				CLANG_WARN_EMPTY_BODY = YES;
				CLANG_WARN_ENUM_CONVERSION = YES;
				CLANG_WARN_INT_CONVERSION = YES;
				CLANG_WARN_OBJC_ROOT_CLASS = YES_ERROR;
				CLANG_WARN__DUPLICATE_METHOD_MATCH = YES;
				COPY_PHASE_STRIP = NO;
				GCC_DYNAMIC_NO_PIC = NO;
				GCC_ENABLE_OBJC_EXCEPTIONS = YES;
				GCC_OPTIMIZATION_LEVEL = 0;
				GCC_PREPROCESSOR_DEFINITIONS = (
					"DEBUG=1",
					"$(inherited)",
				);
				GCC_SYMBOLS_PRIVATE_EXTERN = NO;
				GCC_WARN_64_TO_32_BIT_CONVERSION = YES;
				GCC_WARN_ABOUT_RETURN_TYPE = YES_ERROR;
				GCC_WARN_UNDECLARED_SELECTOR = YES;
				GCC_WARN_UNINITIALIZED_AUTOS = YES_AGGRESSIVE;
				GCC_WARN_UNUSED_FUNCTION = YES;
				GCC_WARN_UNUSED_VARIABLE = YES;
				SDKROOT = macosx;
				SYMROOT = ../build;
			};
			name = Debug;
		};
		1D900395192763DA001CAAEF /* Release */ = {
			isa = XCBuildConfiguration;
			baseConfigurationReference = 1D904E2019286FED009FB0C7 /* AbracodeCommon.xcconfig */;
			buildSettings = {
				CLANG_ENABLE_MODULES = YES;
				CLANG_WARN_BOOL_CONVERSION = YES;
				CLANG_WARN_CONSTANT_CONVERSION = YES;
				CLANG_WARN_DIRECT_OBJC_ISA_USAGE = YES_ERROR;
				CLANG_WARN_EMPTY_BODY = YES;
				CLANG_WARN_ENUM_CONVERSION = YES;
				CLANG_WARN_INT_CONVERSION = YES;
				CLANG_WARN_OBJC_ROOT_CLASS = YES_ERROR;
				CLANG_WARN__DUPLICATE_METHOD_MATCH = YES;
				COPY_PHASE_STRIP = YES;
				DEBUG_INFORMATION_FORMAT = "dwarf-with-dsym";
				ENABLE_NS_ASSERTIONS = NO;
				GCC_ENABLE_OBJC_EXCEPTIONS = YES;
				GCC_WARN_64_TO_32_BIT_CONVERSION = YES;
				GCC_WARN_ABOUT_RETURN_TYPE = YES_ERROR;
				GCC_WARN_UNDECLARED_SELECTOR = YES;
				GCC_WARN_UNINITIALIZED_AUTOS = YES_AGGRESSIVE;
				GCC_WARN_UNUSED_FUNCTION = YES;
				GCC_WARN_UNUSED_VARIABLE = YES;
				SDKROOT = macosx;
				SYMROOT = ../build;
			};
			name = Release;
		};
		1D900397192763DA001CAAEF /* Debug */ = {
			isa = XCBuildConfiguration;
			buildSettings = {
				GCC_PRECOMPILE_PREFIX_HEADER = YES;
				GCC_PREFIX_HEADER = "pasteboard/pasteboard-Prefix.pch";
				PRODUCT_NAME = "$(TARGET_NAME)";
			};
			name = Debug;
		};
		1D900398192763DA001CAAEF /* Release */ = {
			isa = XCBuildConfiguration;
			buildSettings = {
				GCC_PRECOMPILE_PREFIX_HEADER = YES;
				GCC_PREFIX_HEADER = "pasteboard/pasteboard-Prefix.pch";
				PRODUCT_NAME = "$(TARGET_NAME)";
			};
			name = Release;
		};
/* End XCBuildConfiguration section */

/* Begin XCConfigurationList section */
		1D900383192763DA001CAAEF /* Build configuration list for PBXProject "pasteboard" */ = {
			isa = XCConfigurationList;
			buildConfigurations = (
				1D900394192763DA001CAAEF /* Debug */,
				1D900395192763DA001CAAEF /* Release */,
			);
			defaultConfigurationIsVisible = 0;
			defaultConfigurationName = Release;
		};
		1D900396192763DA001CAAEF /* Build configuration list for PBXNativeTarget "pasteboard" */ = {
			isa = XCConfigurationList;
			buildConfigurations = (
				1D900397192763DA001CAAEF /* Debug */,
				1D900398192763DA001CAAEF /* Release */,
			);
			defaultConfigurationIsVisible = 0;
			defaultConfigurationName = Release;
		};
/* End XCConfigurationList section */
	};
	rootObject = 1D900380192763DA001CAAEF /* Project object */;
}
