// !$*UTF8*$!
{
	archiveVersion = 1;
	classes = {
	};
	objectVersion = 51;
	objects = {

/* Begin PBXBuildFile section */
		8DD76FAC0486AB0100D96B5E /* main.c in Sources */ = {isa = PBXBuildFile; fileRef = 08FB7796FE84155DC02AAC07 /* main.c */; settings = {ATTRIBUTES = (); }; };
/* End PBXBuildFile section */

/* Begin PBXCopyFilesBuildPhase section */
		8DD76FAF0486AB0100D96B5E /* CopyFiles */ = {
			isa = PBXCopyFilesBuildPhase;
			buildActionMask = 8;
			dstPath = /usr/share/man/man1/;
			dstSubfolderSpec = 0;
			files = (
			);
			runOnlyForDeploymentPostprocessing = 1;
		};
/* End PBXCopyFilesBuildPhase section */

/* Begin PBXFileReference section */
		08FB7796FE84155DC02AAC07 /* main.c */ = {isa = PBXFileReference; fileEncoding = 4; lastKnownFileType = sourcecode.c.c; path = main.c; sourceTree = "<group>"; };
		1D039D822E16896300D4924A /* filt-target.xcconfig */ = {isa = PBXFileReference; lastKnownFileType = text.xcconfig; path = "filt-target.xcconfig"; sourceTree = "<group>"; };
		1D0449AB2330B4D500C01431 /* OmcTool_Info.plist */ = {isa = PBXFileReference; lastKnownFileType = text.plist.xml; name = OmcTool_Info.plist; path = ../Common/OmcTool_Info.plist; sourceTree = SOURCE_ROOT; };
		1D4971BA2575A6DC00F7131C /* OmcProjectDebug.xcconfig */ = {isa = PBXFileReference; lastKnownFileType = text.xcconfig; name = OmcProjectDebug.xcconfig; path = ../Common/OmcProjectDebug.xcconfig; sourceTree = "<group>"; };
		1D4971BB2575A6DC00F7131C /* OmcProjectRelease.xcconfig */ = {isa = PBXFileReference; lastKnownFileType = text.xcconfig; name = OmcProjectRelease.xcconfig; path = ../Common/OmcProjectRelease.xcconfig; sourceTree = "<group>"; };
		1DD21128259F436A0041BB8F /* OmcVersion.xcconfig */ = {isa = PBXFileReference; lastKnownFileType = text.xcconfig; name = OmcVersion.xcconfig; path = ../Common/OmcVersion.xcconfig; sourceTree = "<group>"; };
		1DDCF98115CD1E6E00C79D36 /* OmcProjectCommon.xcconfig */ = {isa = PBXFileReference; lastKnownFileType = text.xcconfig; name = OmcProjectCommon.xcconfig; path = ../Common/OmcProjectCommon.xcconfig; sourceTree = SOURCE_ROOT; };
		8DD76FB20486AB0100D96B5E /* filt */ = {isa = PBXFileReference; explicitFileType = "compiled.mach-o.executable"; includeInIndex = 0; path = filt; sourceTree = BUILT_PRODUCTS_DIR; };
/* End PBXFileReference section */

/* Begin PBXFrameworksBuildPhase section */
		8DD76FAD0486AB0100D96B5E /* Frameworks */ = {
			isa = PBXFrameworksBuildPhase;
			buildActionMask = 2147483647;
			files = (
			);
			runOnlyForDeploymentPostprocessing = 0;
		};
/* End PBXFrameworksBuildPhase section */

/* Begin PBXGroup section */
		08FB7794FE84155DC02AAC07 /* filt */ = {
			isa = PBXGroup;
			children = (
				1D039D822E16896300D4924A /* filt-target.xcconfig */,
				1DD21128259F436A0041BB8F /* OmcVersion.xcconfig */,
				1D4971BA2575A6DC00F7131C /* OmcProjectDebug.xcconfig */,
				1D4971BB2575A6DC00F7131C /* OmcProjectRelease.xcconfig */,
				1DDCF98115CD1E6E00C79D36 /* OmcProjectCommon.xcconfig */,
				1D0449AB2330B4D500C01431 /* OmcTool_Info.plist */,
				08FB7795FE84155DC02AAC07 /* Source */,
				1AB674ADFE9D54B511CA2CBB /* Products */,
			);
			name = filt;
			sourceTree = "<group>";
		};
		08FB7795FE84155DC02AAC07 /* Source */ = {
			isa = PBXGroup;
			children = (
				08FB7796FE84155DC02AAC07 /* main.c */,
			);
			name = Source;
			sourceTree = "<group>";
		};
		1AB674ADFE9D54B511CA2CBB /* Products */ = {
			isa = PBXGroup;
			children = (
				8DD76FB20486AB0100D96B5E /* filt */,
			);
			name = Products;
			sourceTree = "<group>";
		};
/* End PBXGroup section */

/* Begin PBXNativeTarget section */
		8DD76FA90486AB0100D96B5E /* filt */ = {
			isa = PBXNativeTarget;
			buildConfigurationList = 1DEB928508733DD80010E9CD /* Build configuration list for PBXNativeTarget "filt" */;
			buildPhases = (
				8DD76FAB0486AB0100D96B5E /* Sources */,
				8DD76FAD0486AB0100D96B5E /* Frameworks */,
				8DD76FAF0486AB0100D96B5E /* CopyFiles */,
			);
			buildRules = (
			);
			dependencies = (
			);
			name = filt;
			productInstallPath = "$(HOME)/bin";
			productName = filt;
			productReference = 8DD76FB20486AB0100D96B5E /* filt */;
			productType = "com.apple.product-type.tool";
		};
/* End PBXNativeTarget section */

/* Begin PBXProject section */
		08FB7793FE84155DC02AAC07 /* Project object */ = {
			isa = PBXProject;
			attributes = {
				LastUpgradeCheck = 1100;
				ORGANIZATIONNAME = "";
			};
			buildConfigurationList = 1DEB928908733DD80010E9CD /* Build configuration list for PBXProject "filt" */;
			compatibilityVersion = "Xcode 10.0";
			developmentRegion = en;
			hasScannedForEncodings = 1;
			knownRegions = (
				en,
				Base,
			);
			mainGroup = 08FB7794FE84155DC02AAC07 /* filt */;
			projectDirPath = "";
			projectRoot = "";
			targets = (
				8DD76FA90486AB0100D96B5E /* filt */,
			);
		};
/* End PBXProject section */

/* Begin PBXSourcesBuildPhase section */
		8DD76FAB0486AB0100D96B5E /* Sources */ = {
			isa = PBXSourcesBuildPhase;
			buildActionMask = 2147483647;
			files = (
				8DD76FAC0486AB0100D96B5E /* main.c in Sources */,
			);
			runOnlyForDeploymentPostprocessing = 0;
		};
/* End PBXSourcesBuildPhase section */

/* Begin XCBuildConfiguration section */
		1DEB928608733DD80010E9CD /* Debug */ = {
			isa = XCBuildConfiguration;
			baseConfigurationReference = 1D039D822E16896300D4924A /* filt-target.xcconfig */;
			buildSettings = {
			};
			name = Debug;
		};
		1DEB928708733DD80010E9CD /* Release */ = {
			isa = XCBuildConfiguration;
			baseConfigurationReference = 1D039D822E16896300D4924A /* filt-target.xcconfig */;
			buildSettings = {
			};
			name = Release;
		};
		1DEB928A08733DD80010E9CD /* Debug */ = {
			isa = XCBuildConfiguration;
			baseConfigurationReference = 1D4971BA2575A6DC00F7131C /* OmcProjectDebug.xcconfig */;
			buildSettings = {
			};
			name = Debug;
		};
		1DEB928B08733DD80010E9CD /* Release */ = {
			isa = XCBuildConfiguration;
			baseConfigurationReference = 1D4971BB2575A6DC00F7131C /* OmcProjectRelease.xcconfig */;
			buildSettings = {
			};
			name = Release;
		};
/* End XCBuildConfiguration section */

/* Begin XCConfigurationList section */
		1DEB928508733DD80010E9CD /* Build configuration list for PBXNativeTarget "filt" */ = {
			isa = XCConfigurationList;
			buildConfigurations = (
				1DEB928608733DD80010E9CD /* Debug */,
				1DEB928708733DD80010E9CD /* Release */,
			);
			defaultConfigurationIsVisible = 0;
			defaultConfigurationName = Release;
		};
		1DEB928908733DD80010E9CD /* Build configuration list for PBXProject "filt" */ = {
			isa = XCConfigurationList;
			buildConfigurations = (
				1DEB928A08733DD80010E9CD /* Debug */,
				1DEB928B08733DD80010E9CD /* Release */,
			);
			defaultConfigurationIsVisible = 0;
			defaultConfigurationName = Release;
		};
/* End XCConfigurationList section */
	};
	rootObject = 08FB7793FE84155DC02AAC07 /* Project object */;
}
