// !$*UTF8*$!
{
	archiveVersion = 1;
	classes = {
	};
	objectVersion = 51;
	objects = {

/* Begin PBXBuildFile section */
		E25EBD57075DE53A005F994C /* main.c in Sources */ = {isa = PBXBuildFile; fileRef = E25EBD56075DE53A005F994C /* main.c */; };
/* End PBXBuildFile section */

/* Begin PBXCopyFilesBuildPhase section */
		8DD76F7B0486A8DE00D96B5E /* CopyFiles */ = {
			isa = PBXCopyFilesBuildPhase;
			buildActionMask = 8;
			dstPath = /usr/share/man/man1/;
			dstSubfolderSpec = 0;
			files = (
			);
			runOnlyForDeploymentPostprocessing = 1;
		};
/* End PBXCopyFilesBuildPhase section */

/* Begin PBXFileReference section */
		1D039D7E2E16866400D4924A /* omc_next_command-target.xcconfig */ = {isa = PBXFileReference; lastKnownFileType = text.xcconfig; path = "omc_next_command-target.xcconfig"; sourceTree = "<group>"; };
		1D4971B22575A6B200F7131C /* OmcProjectRelease.xcconfig */ = {isa = PBXFileReference; lastKnownFileType = text.xcconfig; name = OmcProjectRelease.xcconfig; path = ../Common/OmcProjectRelease.xcconfig; sourceTree = "<group>"; };
		1D4971B32575A6B200F7131C /* OmcProjectDebug.xcconfig */ = {isa = PBXFileReference; lastKnownFileType = text.xcconfig; name = OmcProjectDebug.xcconfig; path = ../Common/OmcProjectDebug.xcconfig; sourceTree = "<group>"; };
		1DD2112C259F439E0041BB8F /* OmcVersion.xcconfig */ = {isa = PBXFileReference; lastKnownFileType = text.xcconfig; name = OmcVersion.xcconfig; path = ../Common/OmcVersion.xcconfig; sourceTree = "<group>"; };
		8DD76F7E0486A8DE00D96B5E /* omc_next_command */ = {isa = PBXFileReference; explicitFileType = "compiled.mach-o.executable"; includeInIndex = 0; path = omc_next_command; sourceTree = BUILT_PRODUCTS_DIR; };
		E2269B0F0EB6D9AE0029CCF5 /* OmcProjectCommon.xcconfig */ = {isa = PBXFileReference; fileEncoding = 4; lastKnownFileType = text.xcconfig; name = OmcProjectCommon.xcconfig; path = ../Common/OmcProjectCommon.xcconfig; sourceTree = SOURCE_ROOT; };
		E25EBD56075DE53A005F994C /* main.c */ = {isa = PBXFileReference; fileEncoding = 30; lastKnownFileType = sourcecode.c.c; path = main.c; sourceTree = SOURCE_ROOT; };
		E27A1AD410526B13000DFAC8 /* OmcTool_Info.plist */ = {isa = PBXFileReference; fileEncoding = 4; lastKnownFileType = text.plist.xml; name = OmcTool_Info.plist; path = ../Common/OmcTool_Info.plist; sourceTree = SOURCE_ROOT; };
/* End PBXFileReference section */

/* Begin PBXFrameworksBuildPhase section */
		8DD76F780486A8DE00D96B5E /* Frameworks */ = {
			isa = PBXFrameworksBuildPhase;
			buildActionMask = 2147483647;
			files = (
			);
			runOnlyForDeploymentPostprocessing = 0;
		};
/* End PBXFrameworksBuildPhase section */

/* Begin PBXGroup section */
		08FB7794FE84155DC02AAC07 /* omc_dialog_control */ = {
			isa = PBXGroup;
			children = (
				08FB7795FE84155DC02AAC07 /* Source */,
				1D039D7E2E16866400D4924A /* omc_next_command-target.xcconfig */,
				1DD2112C259F439E0041BB8F /* OmcVersion.xcconfig */,
				1D4971B32575A6B200F7131C /* OmcProjectDebug.xcconfig */,
				1D4971B22575A6B200F7131C /* OmcProjectRelease.xcconfig */,
				E2269B0F0EB6D9AE0029CCF5 /* OmcProjectCommon.xcconfig */,
				E27A1AD410526B13000DFAC8 /* OmcTool_Info.plist */,
				C6859E96029091FE04C91782 /* Documentation */,
				08FB779DFE84155DC02AAC07 /* External Frameworks and Libraries */,
				19C28FBDFE9D53C911CA2CBB /* Products */,
			);
			name = omc_dialog_control;
			sourceTree = "<group>";
		};
		08FB7795FE84155DC02AAC07 /* Source */ = {
			isa = PBXGroup;
			children = (
				E25EBD56075DE53A005F994C /* main.c */,
			);
			name = Source;
			sourceTree = "<group>";
		};
		08FB779DFE84155DC02AAC07 /* External Frameworks and Libraries */ = {
			isa = PBXGroup;
			children = (
			);
			name = "External Frameworks and Libraries";
			sourceTree = "<group>";
		};
		19C28FBDFE9D53C911CA2CBB /* Products */ = {
			isa = PBXGroup;
			children = (
				8DD76F7E0486A8DE00D96B5E /* omc_next_command */,
			);
			name = Products;
			sourceTree = "<group>";
		};
		C6859E96029091FE04C91782 /* Documentation */ = {
			isa = PBXGroup;
			children = (
			);
			name = Documentation;
			sourceTree = "<group>";
		};
/* End PBXGroup section */

/* Begin PBXNativeTarget section */
		8DD76F740486A8DE00D96B5E /* omc_next_command */ = {
			isa = PBXNativeTarget;
			buildConfigurationList = E2E901B60864ADA200B99907 /* Build configuration list for PBXNativeTarget "omc_next_command" */;
			buildPhases = (
				8DD76F760486A8DE00D96B5E /* Sources */,
				8DD76F780486A8DE00D96B5E /* Frameworks */,
				8DD76F7B0486A8DE00D96B5E /* CopyFiles */,
			);
			buildRules = (
			);
			dependencies = (
			);
			name = omc_next_command;
			productInstallPath = "$(HOME)/bin";
			productName = omc_dialog_control;
			productReference = 8DD76F7E0486A8DE00D96B5E /* omc_next_command */;
			productType = "com.apple.product-type.tool";
		};
/* End PBXNativeTarget section */

/* Begin PBXProject section */
		08FB7793FE84155DC02AAC07 /* Project object */ = {
			isa = PBXProject;
			attributes = {
				LastUpgradeCheck = 1100;
			};
			buildConfigurationList = E2E901BA0864ADA200B99907 /* Build configuration list for PBXProject "omc_next_command" */;
			compatibilityVersion = "Xcode 10.0";
			developmentRegion = en;
			hasScannedForEncodings = 1;
			knownRegions = (
				en,
				Base,
			);
			mainGroup = 08FB7794FE84155DC02AAC07 /* omc_dialog_control */;
			projectDirPath = "";
			projectRoot = "";
			targets = (
				8DD76F740486A8DE00D96B5E /* omc_next_command */,
			);
		};
/* End PBXProject section */

/* Begin PBXSourcesBuildPhase section */
		8DD76F760486A8DE00D96B5E /* Sources */ = {
			isa = PBXSourcesBuildPhase;
			buildActionMask = 2147483647;
			files = (
				E25EBD57075DE53A005F994C /* main.c in Sources */,
			);
			runOnlyForDeploymentPostprocessing = 0;
		};
/* End PBXSourcesBuildPhase section */

/* Begin XCBuildConfiguration section */
		E2E901B70864ADA200B99907 /* Debug */ = {
			isa = XCBuildConfiguration;
			baseConfigurationReference = 1D039D7E2E16866400D4924A /* omc_next_command-target.xcconfig */;
			buildSettings = {
			};
			name = Debug;
		};
		E2E901B80864ADA200B99907 /* Release */ = {
			isa = XCBuildConfiguration;
			baseConfigurationReference = 1D039D7E2E16866400D4924A /* omc_next_command-target.xcconfig */;
			buildSettings = {
			};
			name = Release;
		};
		E2E901BB0864ADA200B99907 /* Debug */ = {
			isa = XCBuildConfiguration;
			baseConfigurationReference = 1D4971B32575A6B200F7131C /* OmcProjectDebug.xcconfig */;
			buildSettings = {
			};
			name = Debug;
		};
		E2E901BC0864ADA200B99907 /* Release */ = {
			isa = XCBuildConfiguration;
			baseConfigurationReference = 1D4971B22575A6B200F7131C /* OmcProjectRelease.xcconfig */;
			buildSettings = {
			};
			name = Release;
		};
/* End XCBuildConfiguration section */

/* Begin XCConfigurationList section */
		E2E901B60864ADA200B99907 /* Build configuration list for PBXNativeTarget "omc_next_command" */ = {
			isa = XCConfigurationList;
			buildConfigurations = (
				E2E901B70864ADA200B99907 /* Debug */,
				E2E901B80864ADA200B99907 /* Release */,
			);
			defaultConfigurationIsVisible = 0;
			defaultConfigurationName = Debug;
		};
		E2E901BA0864ADA200B99907 /* Build configuration list for PBXProject "omc_next_command" */ = {
			isa = XCConfigurationList;
			buildConfigurations = (
				E2E901BB0864ADA200B99907 /* Debug */,
				E2E901BC0864ADA200B99907 /* Release */,
			);
			defaultConfigurationIsVisible = 0;
			defaultConfigurationName = Debug;
		};
/* End XCConfigurationList section */
	};
	rootObject = 08FB7793FE84155DC02AAC07 /* Project object */;
}
