{
  "originHash" : "feb91fb2283ad7bd5495a3865b68a687a90103cb35e73ff3929e8488f4cb8d81",
  "pins" : [
    {
      "identity" : "asyncimagecache",
      "kind" : "remoteSourceControl",
      "location" : "https://github.com/abra-code/AsyncImageCache",
      "state" : {
        "branch" : "main",
        "revision" : "6248a2652c8af6f96e6792d990420a31d04b9e20"
      }
    },
    {
      "identity" : "richtext",
      "kind" : "remoteSourceControl",
      "location" : "https://github.com/abra-code/RichText",
      "state" : {
        "branch" : "main",
        "revision" : "e98c55ba57a874f48781fd76b867b455358bc072"
      }
    }
  ],
  "version" : 3
}
