{
  "originHash" : "ffc33d4991e73de52f3ac70886627d15e1917bf96450baf891c97306f43ec92e",
  "pins" : [
    {
      "identity" : "actionui",
      "kind" : "remoteSourceControl",
      "location" : "https://github.com/abra-code/ActionUI",
      "state" : {
        "branch" : "main",
        "revision" : "24535683364a2c5eedfff2b02e7735100ae2a42b"
      }
    }
  ],
  "version" : 3
}
