// !$*UTF8*$!
{
	archiveVersion = 1;
	classes = {
	};
	objectVersion = 45;
	objects = {

/* Begin PBXBuildFile section */
		8DD76F770486A8DE00D96B5E /* main.c in Sources */ = {isa = PBXBuildFile; fileRef = 08FB7796FE84155DC02AAC07 /* main.c */; settings = {ATTRIBUTES = (); }; };
		8DD76F790486A8DE00D96B5E /* CoreFoundation.framework in Frameworks */ = {isa = PBXBuildFile; fileRef = 09AB6884FE841BABC02AAC07 /* CoreFoundation.framework */; };
/* End PBXBuildFile section */

/* Begin PBXCopyFilesBuildPhase section */
		8DD76F7B0486A8DE00D96B5E /* CopyFiles */ = {
			isa = PBXCopyFilesBuildPhase;
			buildActionMask = 8;
			dstPath = /usr/share/man/man1/;
			dstSubfolderSpec = 0;
			files = (
			);
			runOnlyForDeploymentPostprocessing = 1;
		};
/* End PBXCopyFilesBuildPhase section */

/* Begin PBXFileReference section */
		08FB7796FE84155DC02AAC07 /* main.c */ = {isa = PBXFileReference; fileEncoding = 4; lastKnownFileType = sourcecode.c.c; path = main.c; sourceTree = "<group>"; };
		09AB6884FE841BABC02AAC07 /* CoreFoundation.framework */ = {isa = PBXFileReference; lastKnownFileType = wrapper.framework; name = CoreFoundation.framework; path = /System/Library/Frameworks/CoreFoundation.framework; sourceTree = "<absolute>"; };
		1DDCF97B15CD1D9600C79D36 /* AbracodeCommon.xcconfig */ = {isa = PBXFileReference; lastKnownFileType = text.xcconfig; name = AbracodeCommon.xcconfig; path = ../AbracodeCommon.xcconfig; sourceTree = "<group>"; };
		8DD76F7E0486A8DE00D96B5E /* alert */ = {isa = PBXFileReference; explicitFileType = "compiled.mach-o.executable"; includeInIndex = 0; path = alert; sourceTree = BUILT_PRODUCTS_DIR; };
/* End PBXFileReference section */

/* Begin PBXFrameworksBuildPhase section */
		8DD76F780486A8DE00D96B5E /* Frameworks */ = {
			isa = PBXFrameworksBuildPhase;
			buildActionMask = 2147483647;
			files = (
				8DD76F790486A8DE00D96B5E /* CoreFoundation.framework in Frameworks */,
			);
			runOnlyForDeploymentPostprocessing = 0;
		};
/* End PBXFrameworksBuildPhase section */

/* Begin PBXGroup section */
		08FB7794FE84155DC02AAC07 /* alert */ = {
			isa = PBXGroup;
			children = (
				1DDCF97B15CD1D9600C79D36 /* AbracodeCommon.xcconfig */,
				08FB7795FE84155DC02AAC07 /* Source */,
				08FB779DFE84155DC02AAC07 /* External Frameworks and Libraries */,
				19C28FBDFE9D53C911CA2CBB /* Products */,
			);
			name = alert;
			sourceTree = "<group>";
		};
		08FB7795FE84155DC02AAC07 /* Source */ = {
			isa = PBXGroup;
			children = (
				08FB7796FE84155DC02AAC07 /* main.c */,
			);
			name = Source;
			sourceTree = "<group>";
		};
		08FB779DFE84155DC02AAC07 /* External Frameworks and Libraries */ = {
			isa = PBXGroup;
			children = (
				09AB6884FE841BABC02AAC07 /* CoreFoundation.framework */,
			);
			name = "External Frameworks and Libraries";
			sourceTree = "<group>";
		};
		19C28FBDFE9D53C911CA2CBB /* Products */ = {
			isa = PBXGroup;
			children = (
				8DD76F7E0486A8DE00D96B5E /* alert */,
			);
			name = Products;
			sourceTree = "<group>";
		};
/* End PBXGroup section */

/* Begin PBXNativeTarget section */
		8DD76F740486A8DE00D96B5E /* alert */ = {
			isa = PBXNativeTarget;
			buildConfigurationList = 1DEB924708733DCA0010E9CD /* Build configuration list for PBXNativeTarget "alert" */;
			buildPhases = (
				8DD76F760486A8DE00D96B5E /* Sources */,
				8DD76F780486A8DE00D96B5E /* Frameworks */,
				8DD76F7B0486A8DE00D96B5E /* CopyFiles */,
			);
			buildRules = (
			);
			dependencies = (
			);
			name = alert;
			productInstallPath = "$(HOME)/bin";
			productName = alert;
			productReference = 8DD76F7E0486A8DE00D96B5E /* alert */;
			productType = "com.apple.product-type.tool";
		};
/* End PBXNativeTarget section */

/* Begin PBXProject section */
		08FB7793FE84155DC02AAC07 /* Project object */ = {
			isa = PBXProject;
			attributes = {
			};
			buildConfigurationList = 1DEB924B08733DCA0010E9CD /* Build configuration list for PBXProject "alert" */;
			compatibilityVersion = "Xcode 3.1";
			developmentRegion = English;
			hasScannedForEncodings = 1;
			knownRegions = (
				English,
				Japanese,
				French,
				German,
			);
			mainGroup = 08FB7794FE84155DC02AAC07 /* alert */;
			projectDirPath = "";
			projectRoot = "";
			targets = (
				8DD76F740486A8DE00D96B5E /* alert */,
			);
		};
/* End PBXProject section */

/* Begin PBXSourcesBuildPhase section */
		8DD76F760486A8DE00D96B5E /* Sources */ = {
			isa = PBXSourcesBuildPhase;
			buildActionMask = 2147483647;
			files = (
				8DD76F770486A8DE00D96B5E /* main.c in Sources */,
			);
			runOnlyForDeploymentPostprocessing = 0;
		};
/* End PBXSourcesBuildPhase section */

/* Begin XCBuildConfiguration section */
		1DEB924808733DCA0010E9CD /* Debug */ = {
			isa = XCBuildConfiguration;
			buildSettings = {
				COPY_PHASE_STRIP = NO;
				GCC_ENABLE_FIX_AND_CONTINUE = YES;
				INSTALL_PATH = /usr/local/bin;
				PRODUCT_NAME = alert;
			};
			name = Debug;
		};
		1DEB924908733DCA0010E9CD /* Release */ = {
			isa = XCBuildConfiguration;
			buildSettings = {
				DEBUG_INFORMATION_FORMAT = "dwarf-with-dsym";
				INSTALL_PATH = /usr/local/bin;
				PRODUCT_NAME = alert;
			};
			name = Release;
		};
		1DEB924C08733DCA0010E9CD /* Debug */ = {
			isa = XCBuildConfiguration;
			baseConfigurationReference = 1DDCF97B15CD1D9600C79D36 /* AbracodeCommon.xcconfig */;
			buildSettings = {
				GCC_WARN_ABOUT_RETURN_TYPE = YES;
				GCC_WARN_UNUSED_VARIABLE = YES;
				SYMROOT = ../build;
			};
			name = Debug;
		};
		1DEB924D08733DCA0010E9CD /* Release */ = {
			isa = XCBuildConfiguration;
			baseConfigurationReference = 1DDCF97B15CD1D9600C79D36 /* AbracodeCommon.xcconfig */;
			buildSettings = {
				GCC_WARN_ABOUT_RETURN_TYPE = YES;
				GCC_WARN_UNUSED_VARIABLE = YES;
				SYMROOT = ../build;
			};
			name = Release;
		};
/* End XCBuildConfiguration section */

/* Begin XCConfigurationList section */
		1DEB924708733DCA0010E9CD /* Build configuration list for PBXNativeTarget "alert" */ = {
			isa = XCConfigurationList;
			buildConfigurations = (
				1DEB924808733DCA0010E9CD /* Debug */,
				1DEB924908733DCA0010E9CD /* Release */,
			);
			defaultConfigurationIsVisible = 0;
			defaultConfigurationName = Release;
		};
		1DEB924B08733DCA0010E9CD /* Build configuration list for PBXProject "alert" */ = {
			isa = XCConfigurationList;
			buildConfigurations = (
				1DEB924C08733DCA0010E9CD /* Debug */,
				1DEB924D08733DCA0010E9CD /* Release */,
			);
			defaultConfigurationIsVisible = 0;
			defaultConfigurationName = Release;
		};
/* End XCConfigurationList section */
	};
	rootObject = 08FB7793FE84155DC02AAC07 /* Project object */;
}
