// !$*UTF8*$!
{
	archiveVersion = 1;
	classes = {
	};
	objectVersion = 51;
	objects = {

/* Begin PBXAggregateTarget section */
		E257605F0D20EECA00D755FF /* All */ = {
			isa = PBXAggregateTarget;
			buildConfigurationList = E25760670D20EF0100D755FF /* Build configuration list for PBXAggregateTarget "All" */;
			buildPhases = (
			);
			dependencies = (
				E25760650D20EED200D755FF /* PBXTargetDependency */,
			);
			name = All;
			productName = All;
		};
/* End PBXAggregateTarget section */

/* Begin PBXBuildFile section */
		1D71F3332206FA67009FAF91 /* DropletPreferences.xib in Resources */ = {isa = PBXBuildFile; fileRef = 1D71F3312206FA67009FAF91 /* DropletPreferences.xib */; };
		1D71F337220702EA009FAF91 /* notify in Copy Support Executables */ = {isa = PBXBuildFile; fileRef = 1D71F336220702D7009FAF91 /* notify */; };
		1D742DC5193882BB005DFF97 /* pasteboard in Copy Support Executables */ = {isa = PBXBuildFile; fileRef = 1D742DC219388292005DFF97 /* pasteboard */; };
		1D80B9BA22E447E800CF1AF5 /* OMCiTermExecutor.cp in Sources */ = {isa = PBXBuildFile; fileRef = 1D80B9B822E447E800CF1AF5 /* OMCiTermExecutor.cp */; };
		1D80B9C222E447F900CF1AF5 /* OMCTerminalExecutor.cp in Sources */ = {isa = PBXBuildFile; fileRef = 1D80B9BF22E447F900CF1AF5 /* OMCTerminalExecutor.cp */; };
		1D9B1F5D21FF1572004704A7 /* OnMyCommand.cp in Sources */ = {isa = PBXBuildFile; fileRef = 1D9B1F5C21FF1572004704A7 /* OnMyCommand.cp */; };
		1D9B1F6521FF191D004704A7 /* SubmenuTree.cp in Sources */ = {isa = PBXBuildFile; fileRef = 1D9B1F6321FF191D004704A7 /* SubmenuTree.cp */; };
		1D9B1F7121FF1F9F004704A7 /* progress.xib in Resources */ = {isa = PBXBuildFile; fileRef = 1D9B1F6F21FF1F9F004704A7 /* progress.xib */; };
		1D9BCB7F22CC95E500F4EAB6 /* ACFPropertyList.m in Sources */ = {isa = PBXBuildFile; fileRef = 1D9BCB7C22CC95E500F4EAB6 /* ACFPropertyList.m */; };
		1D9BCB8822CCA65A00F4EAB6 /* ACFURL.m in Sources */ = {isa = PBXBuildFile; fileRef = 1D9BCB8722CCA65A00F4EAB6 /* ACFURL.m */; };
		1D9BCB8C22CCAB4F00F4EAB6 /* OMCStrings.mm in Sources */ = {isa = PBXBuildFile; fileRef = 1D9BCB8B22CCAB4F00F4EAB6 /* OMCStrings.mm */; };
		1DBCC43522CE209300A1DD8F /* OMCHelpers.mm in Sources */ = {isa = PBXBuildFile; fileRef = 1DBCC43222CE209300A1DD8F /* OMCHelpers.mm */; };
		1DED8E572222BD8E00A2CAF7 /* MoreAppleEvents.cp in Sources */ = {isa = PBXBuildFile; fileRef = E29ED19F0D09528600C9D5E8 /* MoreAppleEvents.cp */; };
		8DC2EF530486A6940098B216 /* InfoPlist.strings in Resources */ = {isa = PBXBuildFile; fileRef = 089C1666FE841158C02AAC07 /* InfoPlist.strings */; };
		8DC2EF570486A6940098B216 /* Cocoa.framework in Frameworks */ = {isa = PBXBuildFile; fileRef = 1058C7B1FEA5585E11CA2CBB /* Cocoa.framework */; };
		E20026D710B68F3200D5388F /* OMCCustomWindow.mm in Sources */ = {isa = PBXBuildFile; fileRef = E20026D510B68F3200D5388F /* OMCCustomWindow.mm */; };
		E204EB7F0D7FD8A900595D15 /* OMCConstants.h in Headers */ = {isa = PBXBuildFile; fileRef = E204EB7E0D7FD8A900595D15 /* OMCConstants.h */; };
		E20F1F69130BBE6300882872 /* alert in Copy Support Executables */ = {isa = PBXBuildFile; fileRef = E20F1F68130BBE5100882872 /* alert */; };
		E211D3C50D3F51010065C23A /* OMCCocoaNib.h in Headers */ = {isa = PBXBuildFile; fileRef = E211D3C30D3F51010065C23A /* OMCCocoaNib.h */; };
		E211D3C60D3F51010065C23A /* OMCCocoaNib.m in Sources */ = {isa = PBXBuildFile; fileRef = E211D3C40D3F51010065C23A /* OMCCocoaNib.m */; };
		E211D4F70D4346BB0065C23A /* OMCDialogController.h in Headers */ = {isa = PBXBuildFile; fileRef = E211D4F30D4346BA0065C23A /* OMCDialogController.h */; };
		E211D4F80D4346BB0065C23A /* OMCDialogController.mm in Sources */ = {isa = PBXBuildFile; fileRef = E211D4F40D4346BB0065C23A /* OMCDialogController.mm */; };
		E22FBAEE0D7A0D7700DC5BB4 /* OMCCocoaDialog.h in Headers */ = {isa = PBXBuildFile; fileRef = E22FBAEC0D7A0D7700DC5BB4 /* OMCCocoaDialog.h */; };
		E22FBAEF0D7A0D7700DC5BB4 /* OMCCocoaDialog.mm in Sources */ = {isa = PBXBuildFile; fileRef = E22FBAED0D7A0D7700DC5BB4 /* OMCCocoaDialog.mm */; };
		E234F9FA0D0FC431001A7780 /* Private.strings in Resources */ = {isa = PBXBuildFile; fileRef = E234F9F80D0FC431001A7780 /* Private.strings */; };
		E234FA210D0FCB28001A7780 /* round-rect-363x90-blue.png in Resources */ = {isa = PBXBuildFile; fileRef = E234FA170D0FCB28001A7780 /* round-rect-363x90-blue.png */; };
		E234FA220D0FCB28001A7780 /* braced-rect-318x123-gray.png in Resources */ = {isa = PBXBuildFile; fileRef = E234FA180D0FCB28001A7780 /* braced-rect-318x123-gray.png */; };
		E234FA230D0FCB28001A7780 /* round-rect-363x90-green.png in Resources */ = {isa = PBXBuildFile; fileRef = E234FA190D0FCB28001A7780 /* round-rect-363x90-green.png */; };
		E234FA240D0FCB28001A7780 /* notched-rect-378x198-yellow.png in Resources */ = {isa = PBXBuildFile; fileRef = E234FA1A0D0FCB28001A7780 /* notched-rect-378x198-yellow.png */; };
		E234FA250D0FCB28001A7780 /* round-rect-363x90-yellow.png in Resources */ = {isa = PBXBuildFile; fileRef = E234FA1B0D0FCB28001A7780 /* round-rect-363x90-yellow.png */; };
		E234FA260D0FCB28001A7780 /* price-tag-274x61-yellow.png in Resources */ = {isa = PBXBuildFile; fileRef = E234FA1C0D0FCB28001A7780 /* price-tag-274x61-yellow.png */; };
		E234FA270D0FCB28001A7780 /* round-rect-363x90-red.png in Resources */ = {isa = PBXBuildFile; fileRef = E234FA1D0D0FCB28001A7780 /* round-rect-363x90-red.png */; };
		E234FA280D0FCB28001A7780 /* round-rect-363x90-black.png in Resources */ = {isa = PBXBuildFile; fileRef = E234FA1E0D0FCB28001A7780 /* round-rect-363x90-black.png */; };
		E234FA290D0FCB28001A7780 /* stop.icns in Resources */ = {isa = PBXBuildFile; fileRef = E234FA1F0D0FCB28001A7780 /* stop.icns */; };
		E234FA2A0D0FCB28001A7780 /* app.icns in Resources */ = {isa = PBXBuildFile; fileRef = E234FA200D0FCB28001A7780 /* app.icns */; };
		E234FAA10D0FD0CE001A7780 /* omc_dialog_control in Copy Support Executables */ = {isa = PBXBuildFile; fileRef = E234FA9E0D0FD084001A7780 /* omc_dialog_control */; };
		E234FAA40D0FD114001A7780 /* omc_next_command in Copy Support Executables */ = {isa = PBXBuildFile; fileRef = E234FAA30D0FD114001A7780 /* omc_next_command */; };
		E23AAC9012F55FE0004C867B /* OMCService.m in Sources */ = {isa = PBXBuildFile; fileRef = E23AAC8C12F55FE0004C867B /* OMCService.m */; };
		E23AACC812F5684E004C867B /* OMCService.h in Headers */ = {isa = PBXBuildFile; fileRef = E23AAC8B12F55FE0004C867B /* OMCService.h */; settings = {ATTRIBUTES = (Public, ); }; };
		E23DC9640D9A2616009D2AD8 /* OMCPDFView.m in Sources */ = {isa = PBXBuildFile; fileRef = E23DC95C0D9A2616009D2AD8 /* OMCPDFView.m */; };
		E23DC9650D9A2616009D2AD8 /* OMCWebView.h in Headers */ = {isa = PBXBuildFile; fileRef = E23DC95D0D9A2616009D2AD8 /* OMCWebView.h */; settings = {ATTRIBUTES = (Public, ); }; };
		E23DC9670D9A2616009D2AD8 /* OMCQTMovieView.h in Headers */ = {isa = PBXBuildFile; fileRef = E23DC95F0D9A2616009D2AD8 /* OMCQTMovieView.h */; settings = {ATTRIBUTES = (Public, ); }; };
		E23DC9680D9A2616009D2AD8 /* OMCIKImageView.m in Sources */ = {isa = PBXBuildFile; fileRef = E23DC9600D9A2616009D2AD8 /* OMCIKImageView.m */; };
		E23DC96A0D9A2616009D2AD8 /* OMCIKImageView.h in Headers */ = {isa = PBXBuildFile; fileRef = E23DC9620D9A2616009D2AD8 /* OMCIKImageView.h */; settings = {ATTRIBUTES = (Public, ); }; };
		E23DC96B0D9A2616009D2AD8 /* OMCWebView.m in Sources */ = {isa = PBXBuildFile; fileRef = E23DC9630D9A2616009D2AD8 /* OMCWebView.m */; };
		E23DC9CC0D9A2870009D2AD8 /* QTKit.framework in Frameworks */ = {isa = PBXBuildFile; fileRef = E23DC9CB0D9A2870009D2AD8 /* QTKit.framework */; };
		E23DC9F60D9A289E009D2AD8 /* WebKit.framework in Frameworks */ = {isa = PBXBuildFile; fileRef = E23DC9F50D9A289E009D2AD8 /* WebKit.framework */; };
		E24243570DDC140F0002BF9E /* OMCOutputWindowController.h in Headers */ = {isa = PBXBuildFile; fileRef = E24243550DDC140F0002BF9E /* OMCOutputWindowController.h */; };
		E24243580DDC140F0002BF9E /* OMCOutputWindowController.mm in Sources */ = {isa = PBXBuildFile; fileRef = E24243560DDC140F0002BF9E /* OMCOutputWindowController.mm */; };
		E24243EF0DDD68C20002BF9E /* OMCOutputWindow.xib in Resources */ = {isa = PBXBuildFile; fileRef = E24243EE0DDD68C20002BF9E /* OMCOutputWindow.xib */; };
		E24245000DDF38080002BF9E /* OMCOutputPanel.xib in Resources */ = {isa = PBXBuildFile; fileRef = E24244FE0DDF38080002BF9E /* OMCOutputPanel.xib */; };
		E24B168B0DE934CC00E44A45 /* OMCWindow.h in Headers */ = {isa = PBXBuildFile; fileRef = E24B16870DE934CC00E44A45 /* OMCWindow.h */; };
		E24B168C0DE934CC00E44A45 /* OMCWindow.m in Sources */ = {isa = PBXBuildFile; fileRef = E24B16880DE934CC00E44A45 /* OMCWindow.m */; };
		E24B17270DE94DB800E44A45 /* OMCPanel.h in Headers */ = {isa = PBXBuildFile; fileRef = E24B17230DE94DB800E44A45 /* OMCPanel.h */; };
		E24B17280DE94DB800E44A45 /* OMCPanel.m in Sources */ = {isa = PBXBuildFile; fileRef = E24B17240DE94DB800E44A45 /* OMCPanel.m */; };
		E24B18180DE96F6D00E44A45 /* OMCFilePanels.h in Headers */ = {isa = PBXBuildFile; fileRef = E24B18140DE96F6D00E44A45 /* OMCFilePanels.h */; };
		E24B18190DE96F6D00E44A45 /* OMCFilePanels.mm in Sources */ = {isa = PBXBuildFile; fileRef = E24B18150DE96F6D00E44A45 /* OMCFilePanels.mm */; };
		E2517C4D0D1BCC2700180C68 /* OMCButton.h in Headers */ = {isa = PBXBuildFile; fileRef = E2517C3D0D1BCC2700180C68 /* OMCButton.h */; settings = {ATTRIBUTES = (Public, ); }; };
		E2517C4E0D1BCC2700180C68 /* OMCButton.m in Sources */ = {isa = PBXBuildFile; fileRef = E2517C3E0D1BCC2700180C68 /* OMCButton.m */; };
		E2517C4F0D1BCC2700180C68 /* OMCButtonCell.h in Headers */ = {isa = PBXBuildFile; fileRef = E2517C3F0D1BCC2700180C68 /* OMCButtonCell.h */; settings = {ATTRIBUTES = (Public, ); }; };
		E2517C500D1BCC2700180C68 /* OMCButtonCell.m in Sources */ = {isa = PBXBuildFile; fileRef = E2517C400D1BCC2700180C68 /* OMCButtonCell.m */; };
		E2517C510D1BCC2700180C68 /* OMCMenuItem.h in Headers */ = {isa = PBXBuildFile; fileRef = E2517C410D1BCC2700180C68 /* OMCMenuItem.h */; settings = {ATTRIBUTES = (Public, ); }; };
		E2517C520D1BCC2700180C68 /* OMCMenuItem.m in Sources */ = {isa = PBXBuildFile; fileRef = E2517C420D1BCC2700180C68 /* OMCMenuItem.m */; };
		E2517C530D1BCC2700180C68 /* OMCPopUpButton.h in Headers */ = {isa = PBXBuildFile; fileRef = E2517C430D1BCC2700180C68 /* OMCPopUpButton.h */; settings = {ATTRIBUTES = (Public, ); }; };
		E2517C540D1BCC2700180C68 /* OMCPopUpButton.m in Sources */ = {isa = PBXBuildFile; fileRef = E2517C440D1BCC2700180C68 /* OMCPopUpButton.m */; };
		E2517C550D1BCC2700180C68 /* OMCProgressIndicator.h in Headers */ = {isa = PBXBuildFile; fileRef = E2517C450D1BCC2700180C68 /* OMCProgressIndicator.h */; settings = {ATTRIBUTES = (Public, ); }; };
		E2517C560D1BCC2700180C68 /* OMCProgressIndicator.m in Sources */ = {isa = PBXBuildFile; fileRef = E2517C460D1BCC2700180C68 /* OMCProgressIndicator.m */; };
		E2517C570D1BCC2700180C68 /* OMCSlider.h in Headers */ = {isa = PBXBuildFile; fileRef = E2517C470D1BCC2700180C68 /* OMCSlider.h */; settings = {ATTRIBUTES = (Public, ); }; };
		E2517C580D1BCC2700180C68 /* OMCSlider.m in Sources */ = {isa = PBXBuildFile; fileRef = E2517C480D1BCC2700180C68 /* OMCSlider.m */; };
		E2517C590D1BCC2700180C68 /* OMCTextField.h in Headers */ = {isa = PBXBuildFile; fileRef = E2517C490D1BCC2700180C68 /* OMCTextField.h */; settings = {ATTRIBUTES = (Public, ); }; };
		E2517C5A0D1BCC2700180C68 /* OMCTextField.m in Sources */ = {isa = PBXBuildFile; fileRef = E2517C4A0D1BCC2700180C68 /* OMCTextField.m */; };
		E2517C5B0D1BCC2700180C68 /* OMCTextView.h in Headers */ = {isa = PBXBuildFile; fileRef = E2517C4B0D1BCC2700180C68 /* OMCTextView.h */; settings = {ATTRIBUTES = (Public, ); }; };
		E2517C5C0D1BCC2700180C68 /* OMCTextView.m in Sources */ = {isa = PBXBuildFile; fileRef = E2517C4C0D1BCC2700180C68 /* OMCTextView.m */; };
		E258B2110E46E37C00926F10 /* OMCDeferredProgress.mm in Sources */ = {isa = PBXBuildFile; fileRef = E258B20F0E46E37C00926F10 /* OMCDeferredProgress.mm */; };
		E25D78990DBB24800065C7A3 /* OMCDropletController.h in Headers */ = {isa = PBXBuildFile; fileRef = E25D78950DBB24800065C7A3 /* OMCDropletController.h */; settings = {ATTRIBUTES = (Public, ); }; };
		E26B2796109C174D00DBA8CE /* OMCTableView.h in Headers */ = {isa = PBXBuildFile; fileRef = E26B2792109C174D00DBA8CE /* OMCTableView.h */; settings = {ATTRIBUTES = (Public, ); }; };
		E26B2797109C174D00DBA8CE /* OMCTableView.m in Sources */ = {isa = PBXBuildFile; fileRef = E26B2793109C174D00DBA8CE /* OMCTableView.m */; };
		E27103AE0D8141BC0097D83E /* OMCQCView.mm in Sources */ = {isa = PBXBuildFile; fileRef = E27103AC0D8141BC0097D83E /* OMCQCView.mm */; };
		E27103AF0D8141BC0097D83E /* OMCQCView.h in Headers */ = {isa = PBXBuildFile; fileRef = E27103AD0D8141BC0097D83E /* OMCQCView.h */; settings = {ATTRIBUTES = (Public, ); }; };
		E27103CE0D8142DF0097D83E /* Quartz.framework in Frameworks */ = {isa = PBXBuildFile; fileRef = E27103CD0D8142DF0097D83E /* Quartz.framework */; };
		E2735F370D7B9576004D81CE /* OMCDialog.h in Headers */ = {isa = PBXBuildFile; fileRef = E2735F360D7B9576004D81CE /* OMCDialog.h */; };
		E2735F830D7BC89F004D81CE /* OMCDialog.cpp in Sources */ = {isa = PBXBuildFile; fileRef = E2735F820D7BC89F004D81CE /* OMCDialog.cpp */; };
		E27F2D050D56F7410060D231 /* CFObj.h in Headers */ = {isa = PBXBuildFile; fileRef = E27F2D030D56F7410060D231 /* CFObj.h */; };
		E28181AE0EBC228C00E9652F /* OMCProgressWindowController.h in Headers */ = {isa = PBXBuildFile; fileRef = E28181AA0EBC228C00E9652F /* OMCProgressWindowController.h */; };
		E28181AF0EBC228C00E9652F /* OMCProgressWindowController.m in Sources */ = {isa = PBXBuildFile; fileRef = E28181AB0EBC228C00E9652F /* OMCProgressWindowController.m */; };
		E28D660210A039C500882DDE /* OMCTableViewController.mm in Sources */ = {isa = PBXBuildFile; fileRef = E28D660010A039C500882DDE /* OMCTableViewController.mm */; };
		E29407BE12796077004CDB05 /* OMCComboBox.h in Headers */ = {isa = PBXBuildFile; fileRef = E29407BA12796077004CDB05 /* OMCComboBox.h */; settings = {ATTRIBUTES = (Public, ); }; };
		E29407BF12796077004CDB05 /* OMCComboBox.m in Sources */ = {isa = PBXBuildFile; fileRef = E29407BB12796077004CDB05 /* OMCComboBox.m */; };
		E29A6AB50D9F7A01006A97B0 /* OMCMainMenuController.h in Headers */ = {isa = PBXBuildFile; fileRef = E29A6AB10D9F7A00006A97B0 /* OMCMainMenuController.h */; settings = {ATTRIBUTES = (Public, ); }; };
		E29A6AB60D9F7A01006A97B0 /* OMCMainMenuController.m in Sources */ = {isa = PBXBuildFile; fileRef = E29A6AB20D9F7A01006A97B0 /* OMCMainMenuController.m */; };
		E29ED0720D094EB000C9D5E8 /* Carbon.framework in Frameworks */ = {isa = PBXBuildFile; fileRef = E29ED0710D094EB000C9D5E8 /* Carbon.framework */; };
		E29ED17F0D09525700C9D5E8 /* CMUtilsBundle.cp in Sources */ = {isa = PBXBuildFile; fileRef = E29ED1720D09525700C9D5E8 /* CMUtilsBundle.cp */; };
		E29ED1800D09525700C9D5E8 /* CMUtilsMenu.cp in Sources */ = {isa = PBXBuildFile; fileRef = E29ED1730D09525700C9D5E8 /* CMUtilsMenu.cp */; };
		E29ED1820D09525700C9D5E8 /* CMUtilsClipboard.cp in Sources */ = {isa = PBXBuildFile; fileRef = E29ED1750D09525700C9D5E8 /* CMUtilsClipboard.cp */; };
		E29ED1840D09525700C9D5E8 /* CMUtilsObjectList.cp in Sources */ = {isa = PBXBuildFile; fileRef = E29ED1770D09525700C9D5E8 /* CMUtilsObjectList.cp */; };
		E29ED1850D09525700C9D5E8 /* CMUtilsAEText.cp in Sources */ = {isa = PBXBuildFile; fileRef = E29ED1780D09525700C9D5E8 /* CMUtilsAEText.cp */; };
		E29ED1860D09525700C9D5E8 /* CMUtilsSendAE.cp in Sources */ = {isa = PBXBuildFile; fileRef = E29ED1790D09525700C9D5E8 /* CMUtilsSendAE.cp */; };
		E29ED1870D09525700C9D5E8 /* CMUtilsFinder.cp in Sources */ = {isa = PBXBuildFile; fileRef = E29ED17A0D09525700C9D5E8 /* CMUtilsFinder.cp */; };
		E29ED18B0D09525700C9D5E8 /* CMUtilsAEFile.cp in Sources */ = {isa = PBXBuildFile; fileRef = E29ED17E0D09525700C9D5E8 /* CMUtilsAEFile.cp */; };
		E29ED1B70D09532500C9D5E8 /* ACFType.h in Headers */ = {isa = PBXBuildFile; fileRef = E29ED1B50D09532500C9D5E8 /* ACFType.h */; };
		E29ED1B80D09532500C9D5E8 /* ACFType.cp in Sources */ = {isa = PBXBuildFile; fileRef = E29ED1B60D09532500C9D5E8 /* ACFType.cp */; };
		E29ED21A0D09FD8800C9D5E8 /* ARefCounted.cp in Sources */ = {isa = PBXBuildFile; fileRef = E29ED2190D09FD8800C9D5E8 /* ARefCounted.cp */; };
		E29ED21C0D09FD8D00C9D5E8 /* ARefCounted.h in Headers */ = {isa = PBXBuildFile; fileRef = E29ED21B0D09FD8D00C9D5E8 /* ARefCounted.h */; };
		E2A2947A105E02B500C732A3 /* OMCTableViewController.h in Headers */ = {isa = PBXBuildFile; fileRef = E2A29476105E02B500C732A3 /* OMCTableViewController.h */; };
		E2A832570D147B4A00117643 /* b64 in Copy Support Executables */ = {isa = PBXBuildFile; fileRef = E2A832550D147B4A00117643 /* b64 */; };
		E2A832580D147B4A00117643 /* plister in Copy Support Executables */ = {isa = PBXBuildFile; fileRef = E2A832560D147B4A00117643 /* plister */; };
		E2ACB25A12EADCF500A8ACF6 /* AbracodeFrameworkVersion.c in Headers */ = {isa = PBXBuildFile; fileRef = E2ACB25712EADCB000A8ACF6 /* AbracodeFrameworkVersion.c */; settings = {ATTRIBUTES = (Public, ); }; };
		E2B795870ECE9A1A00C8939E /* OMCPDFView.h in Headers */ = {isa = PBXBuildFile; fileRef = E23DC95E0D9A2616009D2AD8 /* OMCPDFView.h */; settings = {ATTRIBUTES = (Public, ); }; };
		E2BB1E480E6F886200D2DDE5 /* OMCView.m in Sources */ = {isa = PBXBuildFile; fileRef = E2BB1E440E6F886200D2DDE5 /* OMCView.m */; };
		E2BB1E490E6F886200D2DDE5 /* OMCView.h in Headers */ = {isa = PBXBuildFile; fileRef = E2BB1E450E6F886200D2DDE5 /* OMCView.h */; settings = {ATTRIBUTES = (Public, ); }; };
		E2C10C5E0E45783200454DB1 /* OMCDeferredProgress.h in Headers */ = {isa = PBXBuildFile; fileRef = E2C10C5A0E45783200454DB1 /* OMCDeferredProgress.h */; };
		E2C255F00DF7CEE2003D0E74 /* DropletPreferences.plist in Resources */ = {isa = PBXBuildFile; fileRef = E2C255EE0DF7CEE2003D0E74 /* DropletPreferences.plist */; };
		E2C32CB80D2DF99D0023DA03 /* OMCObserver.h in Headers */ = {isa = PBXBuildFile; fileRef = E2C32CB40D2DF99C0023DA03 /* OMCObserver.h */; };
		E2C32CB90D2DF99D0023DA03 /* OMCObserver.cpp in Sources */ = {isa = PBXBuildFile; fileRef = E2C32CB50D2DF99C0023DA03 /* OMCObserver.cpp */; };
		E2C32CF70D2E1F6C0023DA03 /* OmcTaskNotification.h in Headers */ = {isa = PBXBuildFile; fileRef = E2C32CF50D2E1F6C0023DA03 /* OmcTaskNotification.h */; };
		E2C433470DEE72F700E976D2 /* PlistPreferences.h in Headers */ = {isa = PBXBuildFile; fileRef = E2C433430DEE72F600E976D2 /* PlistPreferences.h */; };
		E2C433480DEE72F700E976D2 /* PlistPreferences.cp in Sources */ = {isa = PBXBuildFile; fileRef = E2C433440DEE72F700E976D2 /* PlistPreferences.cp */; };
		E2C433620DEE751300E976D2 /* OMCDropletController.mm in Sources */ = {isa = PBXBuildFile; fileRef = E2C433600DEE751300E976D2 /* OMCDropletController.mm */; };
		E2C7781212FFDC6300A7E6D2 /* filt in Copy Support Executables */ = {isa = PBXBuildFile; fileRef = E2C7780F12FFDC4D00A7E6D2 /* filt */; };
		E2C8486110D61C33002DFDB5 /* OMCBox.h in Headers */ = {isa = PBXBuildFile; fileRef = E2C8485D10D61C33002DFDB5 /* OMCBox.h */; settings = {ATTRIBUTES = (Public, ); }; };
		E2C8486210D61C33002DFDB5 /* OMCBox.m in Sources */ = {isa = PBXBuildFile; fileRef = E2C8485E10D61C33002DFDB5 /* OMCBox.m */; };
		E2C84D750DA9AC090056DBC2 /* OMCCommandMenu.h in Headers */ = {isa = PBXBuildFile; fileRef = E2C84D710DA9AC090056DBC2 /* OMCCommandMenu.h */; settings = {ATTRIBUTES = (Public, ); }; };
		E2C84D8B0DA9D2600056DBC2 /* OMCSingleCommand.m in Sources */ = {isa = PBXBuildFile; fileRef = E2C84D870DA9D2600056DBC2 /* OMCSingleCommand.m */; };
		E2C84D8C0DA9D2600056DBC2 /* OMCSingleCommand.h in Headers */ = {isa = PBXBuildFile; fileRef = E2C84D880DA9D2600056DBC2 /* OMCSingleCommand.h */; settings = {ATTRIBUTES = (Public, ); }; };
		E2C84DAC0DA9D4CD0056DBC2 /* OMCCommandExecutor.h in Headers */ = {isa = PBXBuildFile; fileRef = E2C84DA80DA9D4CD0056DBC2 /* OMCCommandExecutor.h */; };
		E2C84DAD0DA9D4CD0056DBC2 /* OMCCommandExecutor.m in Sources */ = {isa = PBXBuildFile; fileRef = E2C84DA90DA9D4CD0056DBC2 /* OMCCommandExecutor.m */; };
		E2C84DEB0DA9F30F0056DBC2 /* OMCCommandMenu.mm in Sources */ = {isa = PBXBuildFile; fileRef = E2C84DE90DA9F30F0056DBC2 /* OMCCommandMenu.mm */; };
		E2D92E551043D74E003DC96B /* OMCInputDialogController.h in Headers */ = {isa = PBXBuildFile; fileRef = E2D92E531043D74E003DC96B /* OMCInputDialogController.h */; };
		E2D92E561043D74E003DC96B /* OMCInputDialogController.m in Sources */ = {isa = PBXBuildFile; fileRef = E2D92E541043D74E003DC96B /* OMCInputDialogController.m */; };
		E2D92E6A1043D9F8003DC96B /* input_clear.xib in Resources */ = {isa = PBXBuildFile; fileRef = E2D92E621043D9F8003DC96B /* input_clear.xib */; };
		E2D92E6B1043D9F8003DC96B /* input_combo.xib in Resources */ = {isa = PBXBuildFile; fileRef = E2D92E641043D9F8003DC96B /* input_combo.xib */; };
		E2D92E6C1043D9F8003DC96B /* input_password.xib in Resources */ = {isa = PBXBuildFile; fileRef = E2D92E661043D9F8003DC96B /* input_password.xib */; };
		E2D92E6D1043D9F8003DC96B /* input_popup.xib in Resources */ = {isa = PBXBuildFile; fileRef = E2D92E681043D9F8003DC96B /* input_popup.xib */; };
		E2D92E891043E0C2003DC96B /* OMCInputDialog.h in Headers */ = {isa = PBXBuildFile; fileRef = E2D92E871043E0C2003DC96B /* OMCInputDialog.h */; };
		E2D92E8E1043E0E3003DC96B /* OMCInputDialog.mm in Sources */ = {isa = PBXBuildFile; fileRef = E2D92E8D1043E0E3003DC96B /* OMCInputDialog.mm */; };
		E2E407000D8A5B00009AD8CA /* OMCSecureTextField.m in Sources */ = {isa = PBXBuildFile; fileRef = E2E406FE0D8A5B00009AD8CA /* OMCSecureTextField.m */; };
		E2E407010D8A5B00009AD8CA /* OMCSecureTextField.h in Headers */ = {isa = PBXBuildFile; fileRef = E2E406FF0D8A5B00009AD8CA /* OMCSecureTextField.h */; settings = {ATTRIBUTES = (Public, ); }; };
		E2E4072A0D8AD1E3009AD8CA /* OMCSearchField.m in Sources */ = {isa = PBXBuildFile; fileRef = E2E407280D8AD1E3009AD8CA /* OMCSearchField.m */; };
		E2E4072B0D8AD1E3009AD8CA /* OMCSearchField.h in Headers */ = {isa = PBXBuildFile; fileRef = E2E407290D8AD1E3009AD8CA /* OMCSearchField.h */; settings = {ATTRIBUTES = (Public, ); }; };
		E2E407860D8C3770009AD8CA /* OMCImageView.m in Sources */ = {isa = PBXBuildFile; fileRef = E2E407840D8C376F009AD8CA /* OMCImageView.m */; };
		E2E407870D8C3770009AD8CA /* OMCImageView.h in Headers */ = {isa = PBXBuildFile; fileRef = E2E407850D8C376F009AD8CA /* OMCImageView.h */; settings = {ATTRIBUTES = (Public, ); }; };
		E2ED3AEA0D0B27D300481D8F /* DefaultExternBundle.cpp in Sources */ = {isa = PBXBuildFile; fileRef = E2ED3AE80D0B27D300481D8F /* DefaultExternBundle.cpp */; };
		E2ED3AEB0D0B27D300481D8F /* DefaultExternBundle.h in Headers */ = {isa = PBXBuildFile; fileRef = E2ED3AE90D0B27D300481D8F /* DefaultExternBundle.h */; };
		E2ED3AED0D0B27E400481D8F /* StSwitchToFront.mm in Sources */ = {isa = PBXBuildFile; fileRef = E2ED3AEC0D0B27E400481D8F /* StSwitchToFront.mm */; };
		E2ED3AF20D0B27F700481D8F /* NibDialogControl.cp in Sources */ = {isa = PBXBuildFile; fileRef = E2ED3AEE0D0B27F700481D8F /* NibDialogControl.cp */; };
		E2ED3BA60D0B287000481D8F /* OutputWindowHandler.cp in Sources */ = {isa = PBXBuildFile; fileRef = E2ED3BA20D0B287000481D8F /* OutputWindowHandler.cp */; };
		E2ED3BAE0D0B288400481D8F /* OmcTaskManager.cpp in Sources */ = {isa = PBXBuildFile; fileRef = E2ED3BA80D0B288400481D8F /* OmcTaskManager.cpp */; };
		E2ED3BAF0D0B288400481D8F /* OmcTaskManager.h in Headers */ = {isa = PBXBuildFile; fileRef = E2ED3BA90D0B288400481D8F /* OmcTaskManager.h */; };
		E2ED3BB00D0B288400481D8F /* OmcExecutor.cp in Sources */ = {isa = PBXBuildFile; fileRef = E2ED3BAA0D0B288400481D8F /* OmcExecutor.cp */; };
		E2ED3BB10D0B288400481D8F /* OmcExecutor.h in Headers */ = {isa = PBXBuildFile; fileRef = E2ED3BAB0D0B288400481D8F /* OmcExecutor.h */; };
		E2ED3BB20D0B288400481D8F /* omc_popen.c in Sources */ = {isa = PBXBuildFile; fileRef = E2ED3BAC0D0B288400481D8F /* omc_popen.c */; };
		E2ED3BB30D0B288400481D8F /* omc_popen.h in Headers */ = {isa = PBXBuildFile; fileRef = E2ED3BAD0D0B288400481D8F /* omc_popen.h */; };
		E2ED3BC10D0B293E00481D8F /* ACMPlugin.cp in Sources */ = {isa = PBXBuildFile; fileRef = E2ED3BC00D0B293E00481D8F /* ACMPlugin.cp */; };
		E2FB111F0D185A2C005EB1E8 /* OMC.h in Headers */ = {isa = PBXBuildFile; fileRef = E2FB111D0D185A2C005EB1E8 /* OMC.h */; settings = {ATTRIBUTES = (Public, ); }; };
		E2FB11200D185A2C005EB1E8 /* OMC.cpp in Sources */ = {isa = PBXBuildFile; fileRef = E2FB111E0D185A2C005EB1E8 /* OMC.cpp */; };
		E2FB14000D19EE9A005EB1E8 /* CoreServices.framework in Frameworks */ = {isa = PBXBuildFile; fileRef = E2FB13FF0D19EE9A005EB1E8 /* CoreServices.framework */; };
		E2FD8D190E2EA3180049D4D0 /* DropletPreferences.cp in Sources */ = {isa = PBXBuildFile; fileRef = E2FD8D150E2EA3180049D4D0 /* DropletPreferences.cp */; };
/* End PBXBuildFile section */

/* Begin PBXContainerItemProxy section */
		E25760640D20EED200D755FF /* PBXContainerItemProxy */ = {
			isa = PBXContainerItemProxy;
			containerPortal = 0867D690FE84028FC02AAC07 /* Project object */;
			proxyType = 1;
			remoteGlobalIDString = 8DC2EF4F0486A6940098B216;
			remoteInfo = "Abracode Shared";
		};
/* End PBXContainerItemProxy section */

/* Begin PBXCopyFilesBuildPhase section */
		E234FAA20D0FD0FE001A7780 /* Copy Support Executables */ = {
			isa = PBXCopyFilesBuildPhase;
			buildActionMask = 2147483647;
			dstPath = Support;
			dstSubfolderSpec = 6;
			files = (
				1D71F337220702EA009FAF91 /* notify in Copy Support Executables */,
				E234FAA40D0FD114001A7780 /* omc_next_command in Copy Support Executables */,
				E234FAA10D0FD0CE001A7780 /* omc_dialog_control in Copy Support Executables */,
				E2A832570D147B4A00117643 /* b64 in Copy Support Executables */,
				E2A832580D147B4A00117643 /* plister in Copy Support Executables */,
				E2C7781212FFDC6300A7E6D2 /* filt in Copy Support Executables */,
				E20F1F69130BBE6300882872 /* alert in Copy Support Executables */,
				1D742DC5193882BB005DFF97 /* pasteboard in Copy Support Executables */,
			);
			name = "Copy Support Executables";
			runOnlyForDeploymentPostprocessing = 0;
		};
/* End PBXCopyFilesBuildPhase section */

/* Begin PBXFileReference section */
		0867D69BFE84028FC02AAC07 /* Foundation.framework */ = {isa = PBXFileReference; lastKnownFileType = wrapper.framework; name = Foundation.framework; path = /System/Library/Frameworks/Foundation.framework; sourceTree = "<absolute>"; };
		0867D6A5FE840307C02AAC07 /* AppKit.framework */ = {isa = PBXFileReference; lastKnownFileType = wrapper.framework; name = AppKit.framework; path = /System/Library/Frameworks/AppKit.framework; sourceTree = "<absolute>"; };
		089C1667FE841158C02AAC07 /* English */ = {isa = PBXFileReference; fileEncoding = 10; lastKnownFileType = text.plist.strings; name = English; path = English.lproj/InfoPlist.strings; sourceTree = "<group>"; };
		1058C7B1FEA5585E11CA2CBB /* Cocoa.framework */ = {isa = PBXFileReference; lastKnownFileType = wrapper.framework; name = Cocoa.framework; path = /System/Library/Frameworks/Cocoa.framework; sourceTree = "<absolute>"; };
		1D3BB165229BEB1D00542933 /* AUniquePtr.h */ = {isa = PBXFileReference; lastKnownFileType = sourcecode.c.h; path = AUniquePtr.h; sourceTree = "<group>"; };
		1D71F3292206F116009FAF91 /* DebugSettings.h */ = {isa = PBXFileReference; lastKnownFileType = sourcecode.c.h; path = DebugSettings.h; sourceTree = "<group>"; };
		1D71F32A2206F1A1009FAF91 /* ACMPlugin.h */ = {isa = PBXFileReference; lastKnownFileType = sourcecode.c.h; path = ACMPlugin.h; sourceTree = "<group>"; };
		1D71F32B2206F1D8009FAF91 /* CMUtils.h */ = {isa = PBXFileReference; lastKnownFileType = sourcecode.c.h; path = CMUtils.h; sourceTree = "<group>"; };
		1D71F32C2206F214009FAF91 /* ACFDict.h */ = {isa = PBXFileReference; lastKnownFileType = sourcecode.c.h; path = ACFDict.h; sourceTree = "<group>"; };
		1D71F32E2206F353009FAF91 /* StAEDesc.h */ = {isa = PBXFileReference; lastKnownFileType = sourcecode.c.h; path = StAEDesc.h; sourceTree = "<group>"; };
		1D71F32F2206F5FB009FAF91 /* StSwitchToFront.h */ = {isa = PBXFileReference; lastKnownFileType = sourcecode.c.h; path = StSwitchToFront.h; sourceTree = "<group>"; };
		1D71F3302206F778009FAF91 /* MessagePortListener.h */ = {isa = PBXFileReference; lastKnownFileType = sourcecode.c.h; path = MessagePortListener.h; sourceTree = "<group>"; };
		1D71F3322206FA67009FAF91 /* English */ = {isa = PBXFileReference; lastKnownFileType = file.xib; name = English; path = English.lproj/DropletPreferences.xib; sourceTree = "<group>"; };
		1D71F3352206FA78009FAF91 /* de */ = {isa = PBXFileReference; lastKnownFileType = file.xib; name = de; path = de.lproj/DropletPreferences.xib; sourceTree = "<group>"; };
		1D71F336220702D7009FAF91 /* notify */ = {isa = PBXFileReference; lastKnownFileType = "compiled.mach-o.executable"; path = notify; sourceTree = "<group>"; };
		1D742DC219388292005DFF97 /* pasteboard */ = {isa = PBXFileReference; lastKnownFileType = "compiled.mach-o.executable"; path = pasteboard; sourceTree = "<group>"; };
		1D80B9B822E447E800CF1AF5 /* OMCiTermExecutor.cp */ = {isa = PBXFileReference; fileEncoding = 4; lastKnownFileType = sourcecode.cpp.cpp; path = OMCiTermExecutor.cp; sourceTree = "<group>"; };
		1D80B9B922E447E800CF1AF5 /* OMCiTermExecutor.h */ = {isa = PBXFileReference; fileEncoding = 4; lastKnownFileType = sourcecode.c.h; path = OMCiTermExecutor.h; sourceTree = "<group>"; };
		1D80B9BE22E447F900CF1AF5 /* OMCTerminalExecutor.h */ = {isa = PBXFileReference; fileEncoding = 4; lastKnownFileType = sourcecode.c.h; path = OMCTerminalExecutor.h; sourceTree = "<group>"; };
		1D80B9BF22E447F900CF1AF5 /* OMCTerminalExecutor.cp */ = {isa = PBXFileReference; fileEncoding = 4; lastKnownFileType = sourcecode.cpp.cpp; path = OMCTerminalExecutor.cp; sourceTree = "<group>"; };
		1D9B1F5821FF14AF004704A7 /* OMCStrings.h */ = {isa = PBXFileReference; lastKnownFileType = sourcecode.c.h; path = OMCStrings.h; sourceTree = "<group>"; };
		1D9B1F5C21FF1572004704A7 /* OnMyCommand.cp */ = {isa = PBXFileReference; fileEncoding = 4; lastKnownFileType = sourcecode.cpp.cpp; path = OnMyCommand.cp; sourceTree = "<group>"; };
		1D9B1F6321FF191D004704A7 /* SubmenuTree.cp */ = {isa = PBXFileReference; fileEncoding = 4; lastKnownFileType = sourcecode.cpp.cpp; path = SubmenuTree.cp; sourceTree = "<group>"; };
		1D9B1F6421FF191D004704A7 /* SubmenuTree.h */ = {isa = PBXFileReference; fileEncoding = 4; lastKnownFileType = sourcecode.c.h; path = SubmenuTree.h; sourceTree = "<group>"; };
		1D9B1F7021FF1F9F004704A7 /* English */ = {isa = PBXFileReference; lastKnownFileType = file.xib; name = English; path = English.lproj/progress.xib; sourceTree = "<group>"; };
		1D9BCB7B22CC95E500F4EAB6 /* ACFPropertyList.h */ = {isa = PBXFileReference; fileEncoding = 4; lastKnownFileType = sourcecode.c.h; path = ACFPropertyList.h; sourceTree = "<group>"; };
		1D9BCB7C22CC95E500F4EAB6 /* ACFPropertyList.m */ = {isa = PBXFileReference; fileEncoding = 4; lastKnownFileType = sourcecode.c.objc; path = ACFPropertyList.m; sourceTree = "<group>"; };
		1D9BCB8722CCA65A00F4EAB6 /* ACFURL.m */ = {isa = PBXFileReference; fileEncoding = 4; lastKnownFileType = sourcecode.c.objc; path = ACFURL.m; sourceTree = "<group>"; };
		1D9BCB8A22CCA66500F4EAB6 /* ACFURL.h */ = {isa = PBXFileReference; lastKnownFileType = sourcecode.c.h; path = ACFURL.h; sourceTree = "<group>"; };
		1D9BCB8B22CCAB4F00F4EAB6 /* OMCStrings.mm */ = {isa = PBXFileReference; fileEncoding = 4; lastKnownFileType = sourcecode.cpp.objcpp; path = OMCStrings.mm; sourceTree = "<group>"; };
		1DBCC43122CE209200A1DD8F /* OMCHelpers.h */ = {isa = PBXFileReference; fileEncoding = 4; lastKnownFileType = sourcecode.c.h; path = OMCHelpers.h; sourceTree = "<group>"; };
		1DBCC43222CE209300A1DD8F /* OMCHelpers.mm */ = {isa = PBXFileReference; fileEncoding = 4; lastKnownFileType = sourcecode.cpp.objcpp; path = OMCHelpers.mm; sourceTree = "<group>"; };
		1DED8E4C22229D1800A2CAF7 /* ACFArr.h */ = {isa = PBXFileReference; lastKnownFileType = sourcecode.c.h; path = ACFArr.h; sourceTree = "<group>"; };
		1DED8E562222B65500A2CAF7 /* MoreAppleEvents.h */ = {isa = PBXFileReference; lastKnownFileType = sourcecode.c.h; path = MoreAppleEvents.h; sourceTree = "<group>"; };
		32DBCF5E0370ADEE00C91783 /* Abracode_Prefix.pch */ = {isa = PBXFileReference; fileEncoding = 4; lastKnownFileType = sourcecode.c.h; path = Abracode_Prefix.pch; sourceTree = "<group>"; };
		8DC2EF5A0486A6940098B216 /* Info.plist */ = {isa = PBXFileReference; fileEncoding = 4; lastKnownFileType = text.plist.xml; path = Info.plist; sourceTree = "<group>"; };
		8DC2EF5B0486A6940098B216 /* Abracode.framework */ = {isa = PBXFileReference; explicitFileType = wrapper.framework; includeInIndex = 0; path = Abracode.framework; sourceTree = BUILT_PRODUCTS_DIR; };
		D2F7E79907B2D74100F64583 /* CoreData.framework */ = {isa = PBXFileReference; lastKnownFileType = wrapper.framework; name = CoreData.framework; path = /System/Library/Frameworks/CoreData.framework; sourceTree = "<absolute>"; };
		E20026D510B68F3200D5388F /* OMCCustomWindow.mm */ = {isa = PBXFileReference; fileEncoding = 4; lastKnownFileType = sourcecode.cpp.objcpp; path = OMCCustomWindow.mm; sourceTree = "<group>"; };
		E204EB7E0D7FD8A900595D15 /* OMCConstants.h */ = {isa = PBXFileReference; fileEncoding = 4; lastKnownFileType = sourcecode.c.h; path = OMCConstants.h; sourceTree = "<group>"; };
		E208BFF510943A8D00AAA55A /* German */ = {isa = PBXFileReference; lastKnownFileType = file.xib; name = German; path = German.lproj/input_clear.xib; sourceTree = "<group>"; };
		E208BFF610943A9A00AAA55A /* German */ = {isa = PBXFileReference; lastKnownFileType = file.xib; name = German; path = German.lproj/input_combo.xib; sourceTree = "<group>"; };
		E208BFF710943AB900AAA55A /* German */ = {isa = PBXFileReference; lastKnownFileType = file.xib; name = German; path = German.lproj/input_password.xib; sourceTree = "<group>"; };
		E208BFF810943AC200AAA55A /* German */ = {isa = PBXFileReference; lastKnownFileType = file.xib; name = German; path = German.lproj/input_popup.xib; sourceTree = "<group>"; };
		E20F1F68130BBE5100882872 /* alert */ = {isa = PBXFileReference; lastKnownFileType = "compiled.mach-o.executable"; name = alert; path = ../build/Release/alert; sourceTree = SOURCE_ROOT; };
		E211D3C30D3F51010065C23A /* OMCCocoaNib.h */ = {isa = PBXFileReference; fileEncoding = 4; lastKnownFileType = sourcecode.c.h; path = OMCCocoaNib.h; sourceTree = SOURCE_ROOT; };
		E211D3C40D3F51010065C23A /* OMCCocoaNib.m */ = {isa = PBXFileReference; fileEncoding = 4; lastKnownFileType = sourcecode.c.objc; path = OMCCocoaNib.m; sourceTree = SOURCE_ROOT; };
		E211D4F30D4346BA0065C23A /* OMCDialogController.h */ = {isa = PBXFileReference; fileEncoding = 4; lastKnownFileType = sourcecode.c.h; path = OMCDialogController.h; sourceTree = SOURCE_ROOT; };
		E211D4F40D4346BB0065C23A /* OMCDialogController.mm */ = {isa = PBXFileReference; fileEncoding = 4; lastKnownFileType = sourcecode.cpp.objcpp; path = OMCDialogController.mm; sourceTree = SOURCE_ROOT; };
		E21A29B910B67B0500C39261 /* OMCCustomWindow.h */ = {isa = PBXFileReference; fileEncoding = 4; lastKnownFileType = sourcecode.c.h; path = OMCCustomWindow.h; sourceTree = "<group>"; };
		E2269C1B0EB6DCF30029CCF5 /* AbracodeCommon.xcconfig */ = {isa = PBXFileReference; fileEncoding = 4; lastKnownFileType = text.xcconfig; name = AbracodeCommon.xcconfig; path = ../AbracodeCommon.xcconfig; sourceTree = SOURCE_ROOT; };
		E22FBAEC0D7A0D7700DC5BB4 /* OMCCocoaDialog.h */ = {isa = PBXFileReference; fileEncoding = 4; lastKnownFileType = sourcecode.c.h; path = OMCCocoaDialog.h; sourceTree = "<group>"; };
		E22FBAED0D7A0D7700DC5BB4 /* OMCCocoaDialog.mm */ = {isa = PBXFileReference; fileEncoding = 4; lastKnownFileType = sourcecode.cpp.objcpp; path = OMCCocoaDialog.mm; sourceTree = "<group>"; };
		E22FCB220F5514220062D589 /* NibDialogControl.h */ = {isa = PBXFileReference; fileEncoding = 4; lastKnownFileType = sourcecode.c.h; path = NibDialogControl.h; sourceTree = "<group>"; };
		E234F9F90D0FC431001A7780 /* English */ = {isa = PBXFileReference; fileEncoding = 4; lastKnownFileType = text.plist.strings; name = English; path = English.lproj/Private.strings; sourceTree = SOURCE_ROOT; };
		E234F9FD0D0FC48B001A7780 /* Japanese */ = {isa = PBXFileReference; lastKnownFileType = text.plist.strings; name = Japanese; path = Japanese.lproj/Private.strings; sourceTree = SOURCE_ROOT; };
		E234F9FE0D0FC48F001A7780 /* French */ = {isa = PBXFileReference; lastKnownFileType = text.plist.strings; name = French; path = French.lproj/Private.strings; sourceTree = SOURCE_ROOT; };
		E234F9FF0D0FC494001A7780 /* German */ = {isa = PBXFileReference; lastKnownFileType = text.plist.strings; name = German; path = German.lproj/Private.strings; sourceTree = SOURCE_ROOT; };
		E234FA170D0FCB28001A7780 /* round-rect-363x90-blue.png */ = {isa = PBXFileReference; lastKnownFileType = image.png; name = "round-rect-363x90-blue.png"; path = "CustomWindows/round-rect-363x90-blue.png"; sourceTree = SOURCE_ROOT; };
		E234FA180D0FCB28001A7780 /* braced-rect-318x123-gray.png */ = {isa = PBXFileReference; lastKnownFileType = image.png; name = "braced-rect-318x123-gray.png"; path = "CustomWindows/braced-rect-318x123-gray.png"; sourceTree = SOURCE_ROOT; };
		E234FA190D0FCB28001A7780 /* round-rect-363x90-green.png */ = {isa = PBXFileReference; lastKnownFileType = image.png; name = "round-rect-363x90-green.png"; path = "CustomWindows/round-rect-363x90-green.png"; sourceTree = SOURCE_ROOT; };
		E234FA1A0D0FCB28001A7780 /* notched-rect-378x198-yellow.png */ = {isa = PBXFileReference; lastKnownFileType = image.png; name = "notched-rect-378x198-yellow.png"; path = "CustomWindows/notched-rect-378x198-yellow.png"; sourceTree = SOURCE_ROOT; };
		E234FA1B0D0FCB28001A7780 /* round-rect-363x90-yellow.png */ = {isa = PBXFileReference; lastKnownFileType = image.png; name = "round-rect-363x90-yellow.png"; path = "CustomWindows/round-rect-363x90-yellow.png"; sourceTree = SOURCE_ROOT; };
		E234FA1C0D0FCB28001A7780 /* price-tag-274x61-yellow.png */ = {isa = PBXFileReference; lastKnownFileType = image.png; name = "price-tag-274x61-yellow.png"; path = "CustomWindows/price-tag-274x61-yellow.png"; sourceTree = SOURCE_ROOT; };
		E234FA1D0D0FCB28001A7780 /* round-rect-363x90-red.png */ = {isa = PBXFileReference; lastKnownFileType = image.png; name = "round-rect-363x90-red.png"; path = "CustomWindows/round-rect-363x90-red.png"; sourceTree = SOURCE_ROOT; };
		E234FA1E0D0FCB28001A7780 /* round-rect-363x90-black.png */ = {isa = PBXFileReference; lastKnownFileType = image.png; name = "round-rect-363x90-black.png"; path = "CustomWindows/round-rect-363x90-black.png"; sourceTree = SOURCE_ROOT; };
		E234FA1F0D0FCB28001A7780 /* stop.icns */ = {isa = PBXFileReference; lastKnownFileType = image.icns; path = stop.icns; sourceTree = "<group>"; };
		E234FA200D0FCB28001A7780 /* app.icns */ = {isa = PBXFileReference; lastKnownFileType = image.icns; path = app.icns; sourceTree = "<group>"; };
		E234FA9E0D0FD084001A7780 /* omc_dialog_control */ = {isa = PBXFileReference; lastKnownFileType = "compiled.mach-o.executable"; path = omc_dialog_control; sourceTree = "<group>"; };
		E234FAA30D0FD114001A7780 /* omc_next_command */ = {isa = PBXFileReference; lastKnownFileType = "compiled.mach-o.executable"; path = omc_next_command; sourceTree = "<group>"; };
		E23AAC8B12F55FE0004C867B /* OMCService.h */ = {isa = PBXFileReference; fileEncoding = 4; lastKnownFileType = sourcecode.c.h; path = OMCService.h; sourceTree = "<group>"; };
		E23AAC8C12F55FE0004C867B /* OMCService.m */ = {isa = PBXFileReference; fileEncoding = 4; lastKnownFileType = sourcecode.c.objc; path = OMCService.m; sourceTree = "<group>"; };
		E23DC95C0D9A2616009D2AD8 /* OMCPDFView.m */ = {isa = PBXFileReference; fileEncoding = 4; lastKnownFileType = sourcecode.c.objc; path = OMCPDFView.m; sourceTree = "<group>"; };
		E23DC95D0D9A2616009D2AD8 /* OMCWebView.h */ = {isa = PBXFileReference; fileEncoding = 4; lastKnownFileType = sourcecode.c.h; path = OMCWebView.h; sourceTree = "<group>"; };
		E23DC95E0D9A2616009D2AD8 /* OMCPDFView.h */ = {isa = PBXFileReference; fileEncoding = 4; lastKnownFileType = sourcecode.c.h; path = OMCPDFView.h; sourceTree = "<group>"; };
		E23DC95F0D9A2616009D2AD8 /* OMCQTMovieView.h */ = {isa = PBXFileReference; fileEncoding = 4; lastKnownFileType = sourcecode.c.h; path = OMCQTMovieView.h; sourceTree = "<group>"; };
		E23DC9600D9A2616009D2AD8 /* OMCIKImageView.m */ = {isa = PBXFileReference; fileEncoding = 4; lastKnownFileType = sourcecode.c.objc; path = OMCIKImageView.m; sourceTree = "<group>"; };
		E23DC9610D9A2616009D2AD8 /* OMCQTMovieView.m */ = {isa = PBXFileReference; fileEncoding = 4; lastKnownFileType = sourcecode.c.objc; path = OMCQTMovieView.m; sourceTree = "<group>"; };
		E23DC9620D9A2616009D2AD8 /* OMCIKImageView.h */ = {isa = PBXFileReference; fileEncoding = 4; lastKnownFileType = sourcecode.c.h; path = OMCIKImageView.h; sourceTree = "<group>"; };
		E23DC9630D9A2616009D2AD8 /* OMCWebView.m */ = {isa = PBXFileReference; fileEncoding = 4; lastKnownFileType = sourcecode.c.objc; path = OMCWebView.m; sourceTree = "<group>"; };
		E23DC9CB0D9A2870009D2AD8 /* QTKit.framework */ = {isa = PBXFileReference; lastKnownFileType = wrapper.framework; name = QTKit.framework; path = /System/Library/Frameworks/QTKit.framework; sourceTree = "<absolute>"; };
		E23DC9F50D9A289E009D2AD8 /* WebKit.framework */ = {isa = PBXFileReference; lastKnownFileType = wrapper.framework; name = WebKit.framework; path = /System/Library/Frameworks/WebKit.framework; sourceTree = "<absolute>"; };
		E24243550DDC140F0002BF9E /* OMCOutputWindowController.h */ = {isa = PBXFileReference; fileEncoding = 4; lastKnownFileType = sourcecode.c.h; path = OMCOutputWindowController.h; sourceTree = "<group>"; };
		E24243560DDC140F0002BF9E /* OMCOutputWindowController.mm */ = {isa = PBXFileReference; fileEncoding = 4; lastKnownFileType = sourcecode.cpp.objcpp; path = OMCOutputWindowController.mm; sourceTree = "<group>"; };
		E24243EE0DDD68C20002BF9E /* OMCOutputWindow.xib */ = {isa = PBXFileReference; lastKnownFileType = file.xib; path = OMCOutputWindow.xib; sourceTree = "<group>"; };
		E24243FA0DDD6A350002BF9E /* OutputWindowHandler.h */ = {isa = PBXFileReference; fileEncoding = 4; lastKnownFileType = sourcecode.c.h; path = OutputWindowHandler.h; sourceTree = "<group>"; };
		E24244FE0DDF38080002BF9E /* OMCOutputPanel.xib */ = {isa = PBXFileReference; lastKnownFileType = file.xib; path = OMCOutputPanel.xib; sourceTree = "<group>"; };
		E24B16870DE934CC00E44A45 /* OMCWindow.h */ = {isa = PBXFileReference; fileEncoding = 4; lastKnownFileType = sourcecode.c.h; path = OMCWindow.h; sourceTree = "<group>"; };
		E24B16880DE934CC00E44A45 /* OMCWindow.m */ = {isa = PBXFileReference; fileEncoding = 4; lastKnownFileType = sourcecode.c.objc; path = OMCWindow.m; sourceTree = "<group>"; };
		E24B17230DE94DB800E44A45 /* OMCPanel.h */ = {isa = PBXFileReference; fileEncoding = 4; lastKnownFileType = sourcecode.c.h; path = OMCPanel.h; sourceTree = "<group>"; };
		E24B17240DE94DB800E44A45 /* OMCPanel.m */ = {isa = PBXFileReference; fileEncoding = 4; lastKnownFileType = sourcecode.c.objc; path = OMCPanel.m; sourceTree = "<group>"; };
		E24B18140DE96F6D00E44A45 /* OMCFilePanels.h */ = {isa = PBXFileReference; fileEncoding = 4; lastKnownFileType = sourcecode.c.h; path = OMCFilePanels.h; sourceTree = "<group>"; };
		E24B18150DE96F6D00E44A45 /* OMCFilePanels.mm */ = {isa = PBXFileReference; fileEncoding = 4; lastKnownFileType = sourcecode.cpp.objcpp; path = OMCFilePanels.mm; sourceTree = "<group>"; };
		E2517C3D0D1BCC2700180C68 /* OMCButton.h */ = {isa = PBXFileReference; fileEncoding = 4; lastKnownFileType = sourcecode.c.h; path = OMCButton.h; sourceTree = "<group>"; };
		E2517C3E0D1BCC2700180C68 /* OMCButton.m */ = {isa = PBXFileReference; fileEncoding = 4; lastKnownFileType = sourcecode.c.objc; path = OMCButton.m; sourceTree = "<group>"; };
		E2517C3F0D1BCC2700180C68 /* OMCButtonCell.h */ = {isa = PBXFileReference; fileEncoding = 4; lastKnownFileType = sourcecode.c.h; path = OMCButtonCell.h; sourceTree = "<group>"; };
		E2517C400D1BCC2700180C68 /* OMCButtonCell.m */ = {isa = PBXFileReference; fileEncoding = 4; lastKnownFileType = sourcecode.c.objc; path = OMCButtonCell.m; sourceTree = "<group>"; };
		E2517C410D1BCC2700180C68 /* OMCMenuItem.h */ = {isa = PBXFileReference; fileEncoding = 4; lastKnownFileType = sourcecode.c.h; path = OMCMenuItem.h; sourceTree = "<group>"; };
		E2517C420D1BCC2700180C68 /* OMCMenuItem.m */ = {isa = PBXFileReference; fileEncoding = 4; lastKnownFileType = sourcecode.c.objc; path = OMCMenuItem.m; sourceTree = "<group>"; };
		E2517C430D1BCC2700180C68 /* OMCPopUpButton.h */ = {isa = PBXFileReference; fileEncoding = 4; lastKnownFileType = sourcecode.c.h; path = OMCPopUpButton.h; sourceTree = "<group>"; };
		E2517C440D1BCC2700180C68 /* OMCPopUpButton.m */ = {isa = PBXFileReference; fileEncoding = 4; lastKnownFileType = sourcecode.c.objc; path = OMCPopUpButton.m; sourceTree = "<group>"; };
		E2517C450D1BCC2700180C68 /* OMCProgressIndicator.h */ = {isa = PBXFileReference; fileEncoding = 4; lastKnownFileType = sourcecode.c.h; path = OMCProgressIndicator.h; sourceTree = "<group>"; };
		E2517C460D1BCC2700180C68 /* OMCProgressIndicator.m */ = {isa = PBXFileReference; fileEncoding = 4; lastKnownFileType = sourcecode.c.objc; path = OMCProgressIndicator.m; sourceTree = "<group>"; };
		E2517C470D1BCC2700180C68 /* OMCSlider.h */ = {isa = PBXFileReference; fileEncoding = 4; lastKnownFileType = sourcecode.c.h; path = OMCSlider.h; sourceTree = "<group>"; };
		E2517C480D1BCC2700180C68 /* OMCSlider.m */ = {isa = PBXFileReference; fileEncoding = 4; lastKnownFileType = sourcecode.c.objc; path = OMCSlider.m; sourceTree = "<group>"; };
		E2517C490D1BCC2700180C68 /* OMCTextField.h */ = {isa = PBXFileReference; fileEncoding = 4; lastKnownFileType = sourcecode.c.h; path = OMCTextField.h; sourceTree = "<group>"; };
		E2517C4A0D1BCC2700180C68 /* OMCTextField.m */ = {isa = PBXFileReference; fileEncoding = 4; lastKnownFileType = sourcecode.c.objc; path = OMCTextField.m; sourceTree = "<group>"; };
		E2517C4B0D1BCC2700180C68 /* OMCTextView.h */ = {isa = PBXFileReference; fileEncoding = 4; lastKnownFileType = sourcecode.c.h; path = OMCTextView.h; sourceTree = "<group>"; };
		E2517C4C0D1BCC2700180C68 /* OMCTextView.m */ = {isa = PBXFileReference; fileEncoding = 4; lastKnownFileType = sourcecode.c.objc; path = OMCTextView.m; sourceTree = "<group>"; };
		E258B20F0E46E37C00926F10 /* OMCDeferredProgress.mm */ = {isa = PBXFileReference; fileEncoding = 4; lastKnownFileType = sourcecode.cpp.objcpp; path = OMCDeferredProgress.mm; sourceTree = "<group>"; };
		E25D78950DBB24800065C7A3 /* OMCDropletController.h */ = {isa = PBXFileReference; fileEncoding = 4; lastKnownFileType = sourcecode.c.h; path = OMCDropletController.h; sourceTree = "<group>"; };
		E26B2792109C174D00DBA8CE /* OMCTableView.h */ = {isa = PBXFileReference; fileEncoding = 4; lastKnownFileType = sourcecode.c.h; path = OMCTableView.h; sourceTree = "<group>"; };
		E26B2793109C174D00DBA8CE /* OMCTableView.m */ = {isa = PBXFileReference; fileEncoding = 4; lastKnownFileType = sourcecode.c.objc; path = OMCTableView.m; sourceTree = "<group>"; };
		E27103AC0D8141BC0097D83E /* OMCQCView.mm */ = {isa = PBXFileReference; fileEncoding = 4; lastKnownFileType = sourcecode.cpp.objcpp; path = OMCQCView.mm; sourceTree = "<group>"; };
		E27103AD0D8141BC0097D83E /* OMCQCView.h */ = {isa = PBXFileReference; fileEncoding = 4; lastKnownFileType = sourcecode.c.h; path = OMCQCView.h; sourceTree = "<group>"; };
		E27103CD0D8142DF0097D83E /* Quartz.framework */ = {isa = PBXFileReference; lastKnownFileType = wrapper.framework; name = Quartz.framework; path = /System/Library/Frameworks/Quartz.framework; sourceTree = "<absolute>"; };
		E2735F360D7B9576004D81CE /* OMCDialog.h */ = {isa = PBXFileReference; fileEncoding = 4; lastKnownFileType = sourcecode.c.h; path = OMCDialog.h; sourceTree = "<group>"; };
		E2735F820D7BC89F004D81CE /* OMCDialog.cpp */ = {isa = PBXFileReference; fileEncoding = 4; lastKnownFileType = sourcecode.cpp.cpp; path = OMCDialog.cpp; sourceTree = "<group>"; };
		E27F2D030D56F7410060D231 /* CFObj.h */ = {isa = PBXFileReference; fileEncoding = 4; lastKnownFileType = sourcecode.c.h; path = CFObj.h; sourceTree = "<group>"; };
		E28181AA0EBC228C00E9652F /* OMCProgressWindowController.h */ = {isa = PBXFileReference; fileEncoding = 4; lastKnownFileType = sourcecode.c.h; path = OMCProgressWindowController.h; sourceTree = "<group>"; };
		E28181AB0EBC228C00E9652F /* OMCProgressWindowController.m */ = {isa = PBXFileReference; fileEncoding = 4; lastKnownFileType = sourcecode.c.objc; path = OMCProgressWindowController.m; sourceTree = "<group>"; };
		E287F1F80D3C348F00BB1595 /* AObserver.h */ = {isa = PBXFileReference; fileEncoding = 4; lastKnownFileType = sourcecode.c.h; path = AObserver.h; sourceTree = "<group>"; };
		E287F1FA0D3C34B500BB1595 /* AObserverBase.h */ = {isa = PBXFileReference; fileEncoding = 4; lastKnownFileType = sourcecode.c.h; path = AObserverBase.h; sourceTree = "<group>"; };
		E28D660010A039C500882DDE /* OMCTableViewController.mm */ = {isa = PBXFileReference; fileEncoding = 4; lastKnownFileType = sourcecode.cpp.objcpp; path = OMCTableViewController.mm; sourceTree = "<group>"; };
		E29407BA12796077004CDB05 /* OMCComboBox.h */ = {isa = PBXFileReference; fileEncoding = 4; lastKnownFileType = sourcecode.c.h; path = OMCComboBox.h; sourceTree = "<group>"; };
		E29407BB12796077004CDB05 /* OMCComboBox.m */ = {isa = PBXFileReference; fileEncoding = 4; lastKnownFileType = sourcecode.c.objc; path = OMCComboBox.m; sourceTree = "<group>"; };
		E29A6AB10D9F7A00006A97B0 /* OMCMainMenuController.h */ = {isa = PBXFileReference; fileEncoding = 4; lastKnownFileType = sourcecode.c.h; path = OMCMainMenuController.h; sourceTree = "<group>"; };
		E29A6AB20D9F7A01006A97B0 /* OMCMainMenuController.m */ = {isa = PBXFileReference; fileEncoding = 4; lastKnownFileType = sourcecode.c.objc; path = OMCMainMenuController.m; sourceTree = "<group>"; };
		E29ED0710D094EB000C9D5E8 /* Carbon.framework */ = {isa = PBXFileReference; lastKnownFileType = wrapper.framework; name = Carbon.framework; path = /System/Library/Frameworks/Carbon.framework; sourceTree = "<absolute>"; };
		E29ED1720D09525700C9D5E8 /* CMUtilsBundle.cp */ = {isa = PBXFileReference; fileEncoding = 4; lastKnownFileType = sourcecode.cpp.cpp; path = CMUtilsBundle.cp; sourceTree = "<group>"; };
		E29ED1730D09525700C9D5E8 /* CMUtilsMenu.cp */ = {isa = PBXFileReference; fileEncoding = 4; lastKnownFileType = sourcecode.cpp.cpp; path = CMUtilsMenu.cp; sourceTree = "<group>"; };
		E29ED1750D09525700C9D5E8 /* CMUtilsClipboard.cp */ = {isa = PBXFileReference; fileEncoding = 4; lastKnownFileType = sourcecode.cpp.cpp; path = CMUtilsClipboard.cp; sourceTree = "<group>"; };
		E29ED1770D09525700C9D5E8 /* CMUtilsObjectList.cp */ = {isa = PBXFileReference; fileEncoding = 4; lastKnownFileType = sourcecode.cpp.cpp; path = CMUtilsObjectList.cp; sourceTree = "<group>"; };
		E29ED1780D09525700C9D5E8 /* CMUtilsAEText.cp */ = {isa = PBXFileReference; fileEncoding = 4; lastKnownFileType = sourcecode.cpp.cpp; path = CMUtilsAEText.cp; sourceTree = "<group>"; };
		E29ED1790D09525700C9D5E8 /* CMUtilsSendAE.cp */ = {isa = PBXFileReference; fileEncoding = 4; lastKnownFileType = sourcecode.cpp.cpp; path = CMUtilsSendAE.cp; sourceTree = "<group>"; };
		E29ED17A0D09525700C9D5E8 /* CMUtilsFinder.cp */ = {isa = PBXFileReference; fileEncoding = 4; lastKnownFileType = sourcecode.cpp.cpp; path = CMUtilsFinder.cp; sourceTree = "<group>"; };
		E29ED17E0D09525700C9D5E8 /* CMUtilsAEFile.cp */ = {isa = PBXFileReference; fileEncoding = 4; lastKnownFileType = sourcecode.cpp.cpp; path = CMUtilsAEFile.cp; sourceTree = "<group>"; };
		E29ED19F0D09528600C9D5E8 /* MoreAppleEvents.cp */ = {isa = PBXFileReference; fileEncoding = 4; lastKnownFileType = sourcecode.cpp.cpp; path = MoreAppleEvents.cp; sourceTree = "<group>"; };
		E29ED1B50D09532500C9D5E8 /* ACFType.h */ = {isa = PBXFileReference; fileEncoding = 4; lastKnownFileType = sourcecode.c.h; path = ACFType.h; sourceTree = "<group>"; };
		E29ED1B60D09532500C9D5E8 /* ACFType.cp */ = {isa = PBXFileReference; fileEncoding = 4; lastKnownFileType = sourcecode.cpp.cpp; path = ACFType.cp; sourceTree = "<group>"; };
		E29ED2190D09FD8800C9D5E8 /* ARefCounted.cp */ = {isa = PBXFileReference; fileEncoding = 4; lastKnownFileType = sourcecode.cpp.cpp; path = ARefCounted.cp; sourceTree = "<group>"; };
		E29ED21B0D09FD8D00C9D5E8 /* ARefCounted.h */ = {isa = PBXFileReference; fileEncoding = 4; lastKnownFileType = sourcecode.c.h; path = ARefCounted.h; sourceTree = "<group>"; };
		E2A29476105E02B500C732A3 /* OMCTableViewController.h */ = {isa = PBXFileReference; fileEncoding = 4; lastKnownFileType = sourcecode.c.h; path = OMCTableViewController.h; sourceTree = "<group>"; };
		E2A832550D147B4A00117643 /* b64 */ = {isa = PBXFileReference; lastKnownFileType = "compiled.mach-o.executable"; name = b64; path = ../build/Release/b64; sourceTree = SOURCE_ROOT; };
		E2A832560D147B4A00117643 /* plister */ = {isa = PBXFileReference; lastKnownFileType = "compiled.mach-o.executable"; name = plister; path = ../build/Release/plister; sourceTree = SOURCE_ROOT; };
		E2ACB25712EADCB000A8ACF6 /* AbracodeFrameworkVersion.c */ = {isa = PBXFileReference; fileEncoding = 4; lastKnownFileType = sourcecode.c.c; path = AbracodeFrameworkVersion.c; sourceTree = "<group>"; };
		E2BB1E440E6F886200D2DDE5 /* OMCView.m */ = {isa = PBXFileReference; fileEncoding = 4; lastKnownFileType = sourcecode.c.objc; path = OMCView.m; sourceTree = "<group>"; };
		E2BB1E450E6F886200D2DDE5 /* OMCView.h */ = {isa = PBXFileReference; fileEncoding = 4; lastKnownFileType = sourcecode.c.h; path = OMCView.h; sourceTree = "<group>"; };
		E2C10C5A0E45783200454DB1 /* OMCDeferredProgress.h */ = {isa = PBXFileReference; fileEncoding = 4; lastKnownFileType = sourcecode.c.h; path = OMCDeferredProgress.h; sourceTree = "<group>"; };
		E2C255EE0DF7CEE2003D0E74 /* DropletPreferences.plist */ = {isa = PBXFileReference; fileEncoding = 4; lastKnownFileType = text.plist.xml; path = DropletPreferences.plist; sourceTree = "<group>"; };
		E2C32CB40D2DF99C0023DA03 /* OMCObserver.h */ = {isa = PBXFileReference; fileEncoding = 4; lastKnownFileType = sourcecode.c.h; path = OMCObserver.h; sourceTree = "<group>"; };
		E2C32CB50D2DF99C0023DA03 /* OMCObserver.cpp */ = {isa = PBXFileReference; fileEncoding = 4; lastKnownFileType = sourcecode.cpp.cpp; path = OMCObserver.cpp; sourceTree = "<group>"; };
		E2C32CF50D2E1F6C0023DA03 /* OmcTaskNotification.h */ = {isa = PBXFileReference; fileEncoding = 4; lastKnownFileType = sourcecode.c.h; path = OmcTaskNotification.h; sourceTree = "<group>"; };
		E2C433430DEE72F600E976D2 /* PlistPreferences.h */ = {isa = PBXFileReference; fileEncoding = 4; lastKnownFileType = sourcecode.c.h; path = PlistPreferences.h; sourceTree = "<group>"; };
		E2C433440DEE72F700E976D2 /* PlistPreferences.cp */ = {isa = PBXFileReference; fileEncoding = 4; lastKnownFileType = sourcecode.cpp.cpp; path = PlistPreferences.cp; sourceTree = "<group>"; };
		E2C433600DEE751300E976D2 /* OMCDropletController.mm */ = {isa = PBXFileReference; fileEncoding = 4; lastKnownFileType = sourcecode.cpp.objcpp; path = OMCDropletController.mm; sourceTree = "<group>"; };
		E2C7780F12FFDC4D00A7E6D2 /* filt */ = {isa = PBXFileReference; lastKnownFileType = "compiled.mach-o.executable"; name = filt; path = ../build/Release/filt; sourceTree = SOURCE_ROOT; };
		E2C8485D10D61C33002DFDB5 /* OMCBox.h */ = {isa = PBXFileReference; fileEncoding = 4; lastKnownFileType = sourcecode.c.h; path = OMCBox.h; sourceTree = "<group>"; };
		E2C8485E10D61C33002DFDB5 /* OMCBox.m */ = {isa = PBXFileReference; fileEncoding = 4; lastKnownFileType = sourcecode.c.objc; path = OMCBox.m; sourceTree = "<group>"; };
		E2C84D710DA9AC090056DBC2 /* OMCCommandMenu.h */ = {isa = PBXFileReference; fileEncoding = 4; lastKnownFileType = sourcecode.c.h; path = OMCCommandMenu.h; sourceTree = "<group>"; };
		E2C84D870DA9D2600056DBC2 /* OMCSingleCommand.m */ = {isa = PBXFileReference; fileEncoding = 4; lastKnownFileType = sourcecode.c.objc; path = OMCSingleCommand.m; sourceTree = "<group>"; };
		E2C84D880DA9D2600056DBC2 /* OMCSingleCommand.h */ = {isa = PBXFileReference; fileEncoding = 4; lastKnownFileType = sourcecode.c.h; path = OMCSingleCommand.h; sourceTree = "<group>"; };
		E2C84DA80DA9D4CD0056DBC2 /* OMCCommandExecutor.h */ = {isa = PBXFileReference; fileEncoding = 4; lastKnownFileType = sourcecode.c.h; path = OMCCommandExecutor.h; sourceTree = "<group>"; };
		E2C84DA90DA9D4CD0056DBC2 /* OMCCommandExecutor.m */ = {isa = PBXFileReference; fileEncoding = 4; lastKnownFileType = sourcecode.c.objc; path = OMCCommandExecutor.m; sourceTree = "<group>"; };
		E2C84DE90DA9F30F0056DBC2 /* OMCCommandMenu.mm */ = {isa = PBXFileReference; fileEncoding = 4; lastKnownFileType = sourcecode.cpp.objcpp; path = OMCCommandMenu.mm; sourceTree = "<group>"; };
		E2D92E531043D74E003DC96B /* OMCInputDialogController.h */ = {isa = PBXFileReference; fileEncoding = 4; lastKnownFileType = sourcecode.c.h; path = OMCInputDialogController.h; sourceTree = "<group>"; };
		E2D92E541043D74E003DC96B /* OMCInputDialogController.m */ = {isa = PBXFileReference; fileEncoding = 4; lastKnownFileType = sourcecode.c.objc; path = OMCInputDialogController.m; sourceTree = "<group>"; };
		E2D92E631043D9F8003DC96B /* English */ = {isa = PBXFileReference; lastKnownFileType = file.xib; name = English; path = English.lproj/input_clear.xib; sourceTree = "<group>"; };
		E2D92E651043D9F8003DC96B /* English */ = {isa = PBXFileReference; lastKnownFileType = file.xib; name = English; path = English.lproj/input_combo.xib; sourceTree = "<group>"; };
		E2D92E671043D9F8003DC96B /* English */ = {isa = PBXFileReference; lastKnownFileType = file.xib; name = English; path = English.lproj/input_password.xib; sourceTree = "<group>"; };
		E2D92E691043D9F8003DC96B /* English */ = {isa = PBXFileReference; lastKnownFileType = file.xib; name = English; path = English.lproj/input_popup.xib; sourceTree = "<group>"; };
		E2D92E871043E0C2003DC96B /* OMCInputDialog.h */ = {isa = PBXFileReference; fileEncoding = 4; lastKnownFileType = sourcecode.c.h; path = OMCInputDialog.h; sourceTree = "<group>"; };
		E2D92E8D1043E0E3003DC96B /* OMCInputDialog.mm */ = {isa = PBXFileReference; fileEncoding = 4; lastKnownFileType = sourcecode.cpp.objcpp; path = OMCInputDialog.mm; sourceTree = "<group>"; };
		E2E1892D1075BEBC001B7591 /* SelectionIterator.h */ = {isa = PBXFileReference; fileEncoding = 4; lastKnownFileType = sourcecode.c.h; path = SelectionIterator.h; sourceTree = "<group>"; };
		E2E406FE0D8A5B00009AD8CA /* OMCSecureTextField.m */ = {isa = PBXFileReference; fileEncoding = 4; lastKnownFileType = sourcecode.c.objc; path = OMCSecureTextField.m; sourceTree = "<group>"; };
		E2E406FF0D8A5B00009AD8CA /* OMCSecureTextField.h */ = {isa = PBXFileReference; fileEncoding = 4; lastKnownFileType = sourcecode.c.h; path = OMCSecureTextField.h; sourceTree = "<group>"; };
		E2E407280D8AD1E3009AD8CA /* OMCSearchField.m */ = {isa = PBXFileReference; fileEncoding = 4; lastKnownFileType = sourcecode.c.objc; path = OMCSearchField.m; sourceTree = "<group>"; };
		E2E407290D8AD1E3009AD8CA /* OMCSearchField.h */ = {isa = PBXFileReference; fileEncoding = 4; lastKnownFileType = sourcecode.c.h; path = OMCSearchField.h; sourceTree = "<group>"; };
		E2E407840D8C376F009AD8CA /* OMCImageView.m */ = {isa = PBXFileReference; fileEncoding = 4; lastKnownFileType = sourcecode.c.objc; path = OMCImageView.m; sourceTree = "<group>"; };
		E2E407850D8C376F009AD8CA /* OMCImageView.h */ = {isa = PBXFileReference; fileEncoding = 4; lastKnownFileType = sourcecode.c.h; path = OMCImageView.h; sourceTree = "<group>"; };
		E2ED3AE80D0B27D300481D8F /* DefaultExternBundle.cpp */ = {isa = PBXFileReference; fileEncoding = 4; lastKnownFileType = sourcecode.cpp.cpp; path = DefaultExternBundle.cpp; sourceTree = "<group>"; };
		E2ED3AE90D0B27D300481D8F /* DefaultExternBundle.h */ = {isa = PBXFileReference; fileEncoding = 4; lastKnownFileType = sourcecode.c.h; path = DefaultExternBundle.h; sourceTree = "<group>"; };
		E2ED3AEC0D0B27E400481D8F /* StSwitchToFront.mm */ = {isa = PBXFileReference; fileEncoding = 4; lastKnownFileType = sourcecode.cpp.objcpp; name = StSwitchToFront.mm; path = ../Common/StSwitchToFront.mm; sourceTree = SOURCE_ROOT; };
		E2ED3AEE0D0B27F700481D8F /* NibDialogControl.cp */ = {isa = PBXFileReference; fileEncoding = 4; lastKnownFileType = sourcecode.cpp.cpp; path = NibDialogControl.cp; sourceTree = "<group>"; };
		E2ED3BA20D0B287000481D8F /* OutputWindowHandler.cp */ = {isa = PBXFileReference; fileEncoding = 4; lastKnownFileType = sourcecode.cpp.cpp; path = OutputWindowHandler.cp; sourceTree = "<group>"; };
		E2ED3BA80D0B288400481D8F /* OmcTaskManager.cpp */ = {isa = PBXFileReference; fileEncoding = 4; lastKnownFileType = sourcecode.cpp.cpp; path = OmcTaskManager.cpp; sourceTree = "<group>"; };
		E2ED3BA90D0B288400481D8F /* OmcTaskManager.h */ = {isa = PBXFileReference; fileEncoding = 4; lastKnownFileType = sourcecode.c.h; path = OmcTaskManager.h; sourceTree = "<group>"; };
		E2ED3BAA0D0B288400481D8F /* OmcExecutor.cp */ = {isa = PBXFileReference; fileEncoding = 4; lastKnownFileType = sourcecode.cpp.cpp; path = OmcExecutor.cp; sourceTree = "<group>"; };
		E2ED3BAB0D0B288400481D8F /* OmcExecutor.h */ = {isa = PBXFileReference; fileEncoding = 4; lastKnownFileType = sourcecode.c.h; path = OmcExecutor.h; sourceTree = "<group>"; };
		E2ED3BAC0D0B288400481D8F /* omc_popen.c */ = {isa = PBXFileReference; fileEncoding = 4; lastKnownFileType = sourcecode.c.c; path = omc_popen.c; sourceTree = "<group>"; };
		E2ED3BAD0D0B288400481D8F /* omc_popen.h */ = {isa = PBXFileReference; fileEncoding = 4; lastKnownFileType = sourcecode.c.h; path = omc_popen.h; sourceTree = "<group>"; };
		E2ED3BB50D0B289B00481D8F /* OnMyCommand.h */ = {isa = PBXFileReference; fileEncoding = 4; lastKnownFileType = sourcecode.c.h; path = OnMyCommand.h; sourceTree = "<group>"; };
		E2ED3BC00D0B293E00481D8F /* ACMPlugin.cp */ = {isa = PBXFileReference; fileEncoding = 4; lastKnownFileType = sourcecode.cpp.cpp; path = ACMPlugin.cp; sourceTree = "<group>"; };
		E2EE07050D3C9704007DBAF4 /* ANotifier.h */ = {isa = PBXFileReference; fileEncoding = 4; lastKnownFileType = sourcecode.c.h; path = ANotifier.h; sourceTree = "<group>"; };
		E2F5C9020DD10F5300B4D4EC /* AbracodeFramework.exp */ = {isa = PBXFileReference; fileEncoding = 4; lastKnownFileType = sourcecode.exports; path = AbracodeFramework.exp; sourceTree = "<group>"; };
		E2FB111D0D185A2C005EB1E8 /* OMC.h */ = {isa = PBXFileReference; fileEncoding = 4; lastKnownFileType = sourcecode.c.h; path = OMC.h; sourceTree = "<group>"; };
		E2FB111E0D185A2C005EB1E8 /* OMC.cpp */ = {isa = PBXFileReference; fileEncoding = 4; lastKnownFileType = sourcecode.cpp.cpp; path = OMC.cpp; sourceTree = "<group>"; };
		E2FB13FF0D19EE9A005EB1E8 /* CoreServices.framework */ = {isa = PBXFileReference; lastKnownFileType = wrapper.framework; name = CoreServices.framework; path = /System/Library/Frameworks/CoreServices.framework; sourceTree = "<absolute>"; };
		E2FD8D150E2EA3180049D4D0 /* DropletPreferences.cp */ = {isa = PBXFileReference; fileEncoding = 4; lastKnownFileType = sourcecode.cpp.cpp; path = DropletPreferences.cp; sourceTree = "<group>"; };
		E2FD8D160E2EA3180049D4D0 /* DropletPreferences.h */ = {isa = PBXFileReference; fileEncoding = 4; lastKnownFileType = sourcecode.c.h; path = DropletPreferences.h; sourceTree = "<group>"; };
/* End PBXFileReference section */

/* Begin PBXFrameworksBuildPhase section */
		8DC2EF560486A6940098B216 /* Frameworks */ = {
			isa = PBXFrameworksBuildPhase;
			buildActionMask = 2147483647;
			files = (
				8DC2EF570486A6940098B216 /* Cocoa.framework in Frameworks */,
				E29ED0720D094EB000C9D5E8 /* Carbon.framework in Frameworks */,
				E2FB14000D19EE9A005EB1E8 /* CoreServices.framework in Frameworks */,
				E27103CE0D8142DF0097D83E /* Quartz.framework in Frameworks */,
				E23DC9CC0D9A2870009D2AD8 /* QTKit.framework in Frameworks */,
				E23DC9F60D9A289E009D2AD8 /* WebKit.framework in Frameworks */,
			);
			runOnlyForDeploymentPostprocessing = 0;
		};
/* End PBXFrameworksBuildPhase section */

/* Begin PBXGroup section */
		034768DFFF38A50411DB9C8B /* Products */ = {
			isa = PBXGroup;
			children = (
				8DC2EF5B0486A6940098B216 /* Abracode.framework */,
			);
			name = Products;
			sourceTree = "<group>";
		};
		0867D691FE84028FC02AAC07 /* Abracode */ = {
			isa = PBXGroup;
			children = (
				E29ED1710D09525700C9D5E8 /* CMUtils */,
				E29ED1B10D09531300C9D5E8 /* Common */,
				E29ED19E0D09528600C9D5E8 /* MoreAppleEvents */,
				E29ED2390D09FEF800C9D5E8 /* OMC */,
				E2517C3C0D1BCC2700180C68 /* CocoaControls */,
				32C88DFF0371C24200C91783 /* Other Sources */,
				089C1665FE841158C02AAC07 /* Resources */,
				E2269C1B0EB6DCF30029CCF5 /* AbracodeCommon.xcconfig */,
				E234FA9D0D0FD06B001A7780 /* Support Tools */,
				0867D69AFE84028FC02AAC07 /* External Frameworks and Libraries */,
				034768DFFF38A50411DB9C8B /* Products */,
				E2F5C9020DD10F5300B4D4EC /* AbracodeFramework.exp */,
			);
			name = Abracode;
			sourceTree = "<group>";
		};
		0867D69AFE84028FC02AAC07 /* External Frameworks and Libraries */ = {
			isa = PBXGroup;
			children = (
				1058C7B0FEA5585E11CA2CBB /* Linked Frameworks */,
				1058C7B2FEA5585E11CA2CBB /* Other Frameworks */,
			);
			name = "External Frameworks and Libraries";
			sourceTree = "<group>";
		};
		089C1665FE841158C02AAC07 /* Resources */ = {
			isa = PBXGroup;
			children = (
				8DC2EF5A0486A6940098B216 /* Info.plist */,
				089C1666FE841158C02AAC07 /* InfoPlist.strings */,
				E234F9F80D0FC431001A7780 /* Private.strings */,
				E2D92E621043D9F8003DC96B /* input_clear.xib */,
				E2D92E641043D9F8003DC96B /* input_combo.xib */,
				E2D92E661043D9F8003DC96B /* input_password.xib */,
				E2D92E681043D9F8003DC96B /* input_popup.xib */,
				1D9B1F6F21FF1F9F004704A7 /* progress.xib */,
				E24243EE0DDD68C20002BF9E /* OMCOutputWindow.xib */,
				E24244FE0DDF38080002BF9E /* OMCOutputPanel.xib */,
				E234FA1F0D0FCB28001A7780 /* stop.icns */,
				E234FA200D0FCB28001A7780 /* app.icns */,
				E234FA2B0D0FCB3E001A7780 /* CustomWindows */,
				E2C255EE0DF7CEE2003D0E74 /* DropletPreferences.plist */,
				1D71F3312206FA67009FAF91 /* DropletPreferences.xib */,
			);
			name = Resources;
			sourceTree = "<group>";
		};
		1058C7B0FEA5585E11CA2CBB /* Linked Frameworks */ = {
			isa = PBXGroup;
			children = (
				E29ED0710D094EB000C9D5E8 /* Carbon.framework */,
				1058C7B1FEA5585E11CA2CBB /* Cocoa.framework */,
				E2FB13FF0D19EE9A005EB1E8 /* CoreServices.framework */,
				E27103CD0D8142DF0097D83E /* Quartz.framework */,
				E23DC9CB0D9A2870009D2AD8 /* QTKit.framework */,
				E23DC9F50D9A289E009D2AD8 /* WebKit.framework */,
			);
			name = "Linked Frameworks";
			sourceTree = "<group>";
		};
		1058C7B2FEA5585E11CA2CBB /* Other Frameworks */ = {
			isa = PBXGroup;
			children = (
				0867D6A5FE840307C02AAC07 /* AppKit.framework */,
				D2F7E79907B2D74100F64583 /* CoreData.framework */,
				0867D69BFE84028FC02AAC07 /* Foundation.framework */,
			);
			name = "Other Frameworks";
			sourceTree = "<group>";
		};
		32C88DFF0371C24200C91783 /* Other Sources */ = {
			isa = PBXGroup;
			children = (
				E2ACB25712EADCB000A8ACF6 /* AbracodeFrameworkVersion.c */,
				32DBCF5E0370ADEE00C91783 /* Abracode_Prefix.pch */,
			);
			name = "Other Sources";
			sourceTree = "<group>";
		};
		E234FA2B0D0FCB3E001A7780 /* CustomWindows */ = {
			isa = PBXGroup;
			children = (
				E234FA180D0FCB28001A7780 /* braced-rect-318x123-gray.png */,
				E234FA1A0D0FCB28001A7780 /* notched-rect-378x198-yellow.png */,
				E234FA1C0D0FCB28001A7780 /* price-tag-274x61-yellow.png */,
				E234FA1E0D0FCB28001A7780 /* round-rect-363x90-black.png */,
				E234FA170D0FCB28001A7780 /* round-rect-363x90-blue.png */,
				E234FA190D0FCB28001A7780 /* round-rect-363x90-green.png */,
				E234FA1D0D0FCB28001A7780 /* round-rect-363x90-red.png */,
				E234FA1B0D0FCB28001A7780 /* round-rect-363x90-yellow.png */,
			);
			path = CustomWindows;
			sourceTree = "<group>";
		};
		E234FA9D0D0FD06B001A7780 /* Support Tools */ = {
			isa = PBXGroup;
			children = (
				E20F1F68130BBE5100882872 /* alert */,
				E2A832550D147B4A00117643 /* b64 */,
				E2C7780F12FFDC4D00A7E6D2 /* filt */,
				1D71F336220702D7009FAF91 /* notify */,
				E234FA9E0D0FD084001A7780 /* omc_dialog_control */,
				E234FAA30D0FD114001A7780 /* omc_next_command */,
				1D742DC219388292005DFF97 /* pasteboard */,
				E2A832560D147B4A00117643 /* plister */,
			);
			name = "Support Tools";
			path = ../build/Release;
			sourceTree = "<group>";
		};
		E2517C3C0D1BCC2700180C68 /* CocoaControls */ = {
			isa = PBXGroup;
			children = (
				E2517C3D0D1BCC2700180C68 /* OMCButton.h */,
				E2517C3E0D1BCC2700180C68 /* OMCButton.m */,
				E2517C3F0D1BCC2700180C68 /* OMCButtonCell.h */,
				E2517C400D1BCC2700180C68 /* OMCButtonCell.m */,
				E29407BA12796077004CDB05 /* OMCComboBox.h */,
				E29407BB12796077004CDB05 /* OMCComboBox.m */,
				E2517C410D1BCC2700180C68 /* OMCMenuItem.h */,
				E2517C420D1BCC2700180C68 /* OMCMenuItem.m */,
				E2517C430D1BCC2700180C68 /* OMCPopUpButton.h */,
				E2517C440D1BCC2700180C68 /* OMCPopUpButton.m */,
				E2517C450D1BCC2700180C68 /* OMCProgressIndicator.h */,
				E2517C460D1BCC2700180C68 /* OMCProgressIndicator.m */,
				E2517C470D1BCC2700180C68 /* OMCSlider.h */,
				E2517C480D1BCC2700180C68 /* OMCSlider.m */,
				E2517C490D1BCC2700180C68 /* OMCTextField.h */,
				E2517C4A0D1BCC2700180C68 /* OMCTextField.m */,
				E2E406FE0D8A5B00009AD8CA /* OMCSecureTextField.m */,
				E2E406FF0D8A5B00009AD8CA /* OMCSecureTextField.h */,
				E2E407280D8AD1E3009AD8CA /* OMCSearchField.m */,
				E2E407290D8AD1E3009AD8CA /* OMCSearchField.h */,
				E2517C4B0D1BCC2700180C68 /* OMCTextView.h */,
				E2517C4C0D1BCC2700180C68 /* OMCTextView.m */,
				E27103AC0D8141BC0097D83E /* OMCQCView.mm */,
				E27103AD0D8141BC0097D83E /* OMCQCView.h */,
				E2E407840D8C376F009AD8CA /* OMCImageView.m */,
				E2E407850D8C376F009AD8CA /* OMCImageView.h */,
				E23DC95C0D9A2616009D2AD8 /* OMCPDFView.m */,
				E23DC95E0D9A2616009D2AD8 /* OMCPDFView.h */,
				E2BB1E440E6F886200D2DDE5 /* OMCView.m */,
				E2BB1E450E6F886200D2DDE5 /* OMCView.h */,
				E2C8485D10D61C33002DFDB5 /* OMCBox.h */,
				E2C8485E10D61C33002DFDB5 /* OMCBox.m */,
				E23DC9630D9A2616009D2AD8 /* OMCWebView.m */,
				E23DC95D0D9A2616009D2AD8 /* OMCWebView.h */,
				E23DC9610D9A2616009D2AD8 /* OMCQTMovieView.m */,
				E23DC95F0D9A2616009D2AD8 /* OMCQTMovieView.h */,
				E23DC9600D9A2616009D2AD8 /* OMCIKImageView.m */,
				E23DC9620D9A2616009D2AD8 /* OMCIKImageView.h */,
				E26B2792109C174D00DBA8CE /* OMCTableView.h */,
				E26B2793109C174D00DBA8CE /* OMCTableView.m */,
			);
			path = CocoaControls;
			sourceTree = SOURCE_ROOT;
		};
		E29ED1710D09525700C9D5E8 /* CMUtils */ = {
			isa = PBXGroup;
			children = (
				1D71F32B2206F1D8009FAF91 /* CMUtils.h */,
				E29ED1720D09525700C9D5E8 /* CMUtilsBundle.cp */,
				E29ED1730D09525700C9D5E8 /* CMUtilsMenu.cp */,
				E29ED1750D09525700C9D5E8 /* CMUtilsClipboard.cp */,
				E29ED1770D09525700C9D5E8 /* CMUtilsObjectList.cp */,
				E29ED1780D09525700C9D5E8 /* CMUtilsAEText.cp */,
				E29ED1790D09525700C9D5E8 /* CMUtilsSendAE.cp */,
				E29ED17A0D09525700C9D5E8 /* CMUtilsFinder.cp */,
				E29ED17E0D09525700C9D5E8 /* CMUtilsAEFile.cp */,
				1D9B1F6321FF191D004704A7 /* SubmenuTree.cp */,
				1D9B1F6421FF191D004704A7 /* SubmenuTree.h */,
			);
			name = CMUtils;
			path = ../CMUtils;
			sourceTree = "<group>";
		};
		E29ED19E0D09528600C9D5E8 /* MoreAppleEvents */ = {
			isa = PBXGroup;
			children = (
				E29ED19F0D09528600C9D5E8 /* MoreAppleEvents.cp */,
				1DED8E562222B65500A2CAF7 /* MoreAppleEvents.h */,
			);
			name = MoreAppleEvents;
			path = ../MoreAppleEvents;
			sourceTree = SOURCE_ROOT;
		};
		E29ED1B10D09531300C9D5E8 /* Common */ = {
			isa = PBXGroup;
			children = (
				E287F1F80D3C348F00BB1595 /* AObserver.h */,
				E287F1FA0D3C34B500BB1595 /* AObserverBase.h */,
				E2EE07050D3C9704007DBAF4 /* ANotifier.h */,
				E2ED3BC00D0B293E00481D8F /* ACMPlugin.cp */,
				1D71F32A2206F1A1009FAF91 /* ACMPlugin.h */,
				E27F2D030D56F7410060D231 /* CFObj.h */,
				1D9BCB8722CCA65A00F4EAB6 /* ACFURL.m */,
				1D9BCB8A22CCA66500F4EAB6 /* ACFURL.h */,
				1D9BCB7B22CC95E500F4EAB6 /* ACFPropertyList.h */,
				1D9BCB7C22CC95E500F4EAB6 /* ACFPropertyList.m */,
				E29ED1B50D09532500C9D5E8 /* ACFType.h */,
				E29ED1B60D09532500C9D5E8 /* ACFType.cp */,
				1DED8E4C22229D1800A2CAF7 /* ACFArr.h */,
				1D71F32C2206F214009FAF91 /* ACFDict.h */,
				E29ED2190D09FD8800C9D5E8 /* ARefCounted.cp */,
				E29ED21B0D09FD8D00C9D5E8 /* ARefCounted.h */,
				1D3BB165229BEB1D00542933 /* AUniquePtr.h */,
				1D71F3292206F116009FAF91 /* DebugSettings.h */,
				1D71F3302206F778009FAF91 /* MessagePortListener.h */,
				E2C433440DEE72F700E976D2 /* PlistPreferences.cp */,
				E2C433430DEE72F600E976D2 /* PlistPreferences.h */,
				E2ED3AEC0D0B27E400481D8F /* StSwitchToFront.mm */,
				1D71F32F2206F5FB009FAF91 /* StSwitchToFront.h */,
				1D71F32E2206F353009FAF91 /* StAEDesc.h */,
			);
			name = Common;
			path = ../Common;
			sourceTree = "<group>";
		};
		E29ED2390D09FEF800C9D5E8 /* OMC */ = {
			isa = PBXGroup;
			children = (
				E28181AA0EBC228C00E9652F /* OMCProgressWindowController.h */,
				E28181AB0EBC228C00E9652F /* OMCProgressWindowController.m */,
				1DBCC43122CE209200A1DD8F /* OMCHelpers.h */,
				1DBCC43222CE209300A1DD8F /* OMCHelpers.mm */,
				E2D92E8D1043E0E3003DC96B /* OMCInputDialog.mm */,
				E2D92E871043E0C2003DC96B /* OMCInputDialog.h */,
				E2D92E541043D74E003DC96B /* OMCInputDialogController.m */,
				E2D92E531043D74E003DC96B /* OMCInputDialogController.h */,
				E2A29476105E02B500C732A3 /* OMCTableViewController.h */,
				E28D660010A039C500882DDE /* OMCTableViewController.mm */,
				E24B18140DE96F6D00E44A45 /* OMCFilePanels.h */,
				E24B18150DE96F6D00E44A45 /* OMCFilePanels.mm */,
				E258B20F0E46E37C00926F10 /* OMCDeferredProgress.mm */,
				E2C10C5A0E45783200454DB1 /* OMCDeferredProgress.h */,
				E21A29B910B67B0500C39261 /* OMCCustomWindow.h */,
				E20026D510B68F3200D5388F /* OMCCustomWindow.mm */,
				E24B17230DE94DB800E44A45 /* OMCPanel.h */,
				E24B17240DE94DB800E44A45 /* OMCPanel.m */,
				E24B16870DE934CC00E44A45 /* OMCWindow.h */,
				E24B16880DE934CC00E44A45 /* OMCWindow.m */,
				E24243550DDC140F0002BF9E /* OMCOutputWindowController.h */,
				E24243560DDC140F0002BF9E /* OMCOutputWindowController.mm */,
				E2C433600DEE751300E976D2 /* OMCDropletController.mm */,
				E25D78950DBB24800065C7A3 /* OMCDropletController.h */,
				E23AAC8B12F55FE0004C867B /* OMCService.h */,
				E23AAC8C12F55FE0004C867B /* OMCService.m */,
				E22FBAED0D7A0D7700DC5BB4 /* OMCCocoaDialog.mm */,
				E22FBAEC0D7A0D7700DC5BB4 /* OMCCocoaDialog.h */,
				E29A6AB20D9F7A01006A97B0 /* OMCMainMenuController.m */,
				E29A6AB10D9F7A00006A97B0 /* OMCMainMenuController.h */,
				E2C84DE90DA9F30F0056DBC2 /* OMCCommandMenu.mm */,
				E2C84D710DA9AC090056DBC2 /* OMCCommandMenu.h */,
				E2C84D870DA9D2600056DBC2 /* OMCSingleCommand.m */,
				E2C84D880DA9D2600056DBC2 /* OMCSingleCommand.h */,
				E2C84DA90DA9D4CD0056DBC2 /* OMCCommandExecutor.m */,
				E2C84DA80DA9D4CD0056DBC2 /* OMCCommandExecutor.h */,
				E211D4F40D4346BB0065C23A /* OMCDialogController.mm */,
				E211D4F30D4346BA0065C23A /* OMCDialogController.h */,
				E211D3C40D3F51010065C23A /* OMCCocoaNib.m */,
				E211D3C30D3F51010065C23A /* OMCCocoaNib.h */,
				E2E1892D1075BEBC001B7591 /* SelectionIterator.h */,
				E2FB111E0D185A2C005EB1E8 /* OMC.cpp */,
				E2FB111D0D185A2C005EB1E8 /* OMC.h */,
				1D9B1F5C21FF1572004704A7 /* OnMyCommand.cp */,
				E2ED3BB50D0B289B00481D8F /* OnMyCommand.h */,
				E2C32CB50D2DF99C0023DA03 /* OMCObserver.cpp */,
				E2C32CB40D2DF99C0023DA03 /* OMCObserver.h */,
				1D9BCB8B22CCAB4F00F4EAB6 /* OMCStrings.mm */,
				1D9B1F5821FF14AF004704A7 /* OMCStrings.h */,
				E204EB7E0D7FD8A900595D15 /* OMCConstants.h */,
				E2ED3BA80D0B288400481D8F /* OmcTaskManager.cpp */,
				E2ED3BA90D0B288400481D8F /* OmcTaskManager.h */,
				E2C32CF50D2E1F6C0023DA03 /* OmcTaskNotification.h */,
				E2ED3BAA0D0B288400481D8F /* OmcExecutor.cp */,
				E2ED3BAB0D0B288400481D8F /* OmcExecutor.h */,
				1D80B9B822E447E800CF1AF5 /* OMCiTermExecutor.cp */,
				1D80B9B922E447E800CF1AF5 /* OMCiTermExecutor.h */,
				1D80B9BF22E447F900CF1AF5 /* OMCTerminalExecutor.cp */,
				1D80B9BE22E447F900CF1AF5 /* OMCTerminalExecutor.h */,
				E2ED3BAC0D0B288400481D8F /* omc_popen.c */,
				E2ED3BAD0D0B288400481D8F /* omc_popen.h */,
				E2ED3BA20D0B287000481D8F /* OutputWindowHandler.cp */,
				E24243FA0DDD6A350002BF9E /* OutputWindowHandler.h */,
				E2ED3AEE0D0B27F700481D8F /* NibDialogControl.cp */,
				E22FCB220F5514220062D589 /* NibDialogControl.h */,
				E2735F820D7BC89F004D81CE /* OMCDialog.cpp */,
				E2735F360D7B9576004D81CE /* OMCDialog.h */,
				E2ED3AE80D0B27D300481D8F /* DefaultExternBundle.cpp */,
				E2ED3AE90D0B27D300481D8F /* DefaultExternBundle.h */,
				E2FD8D150E2EA3180049D4D0 /* DropletPreferences.cp */,
				E2FD8D160E2EA3180049D4D0 /* DropletPreferences.h */,
			);
			name = OMC;
			sourceTree = "<group>";
		};
/* End PBXGroup section */

/* Begin PBXHeadersBuildPhase section */
		8DC2EF500486A6940098B216 /* Headers */ = {
			isa = PBXHeadersBuildPhase;
			buildActionMask = 2147483647;
			files = (
				E2ACB25A12EADCF500A8ACF6 /* AbracodeFrameworkVersion.c in Headers */,
				E2B795870ECE9A1A00C8939E /* OMCPDFView.h in Headers */,
				E29ED1B70D09532500C9D5E8 /* ACFType.h in Headers */,
				E29ED21C0D09FD8D00C9D5E8 /* ARefCounted.h in Headers */,
				E2ED3AEB0D0B27D300481D8F /* DefaultExternBundle.h in Headers */,
				E2ED3BAF0D0B288400481D8F /* OmcTaskManager.h in Headers */,
				E2ED3BB10D0B288400481D8F /* OmcExecutor.h in Headers */,
				E2ED3BB30D0B288400481D8F /* omc_popen.h in Headers */,
				E2FB111F0D185A2C005EB1E8 /* OMC.h in Headers */,
				E2517C4D0D1BCC2700180C68 /* OMCButton.h in Headers */,
				E2517C4F0D1BCC2700180C68 /* OMCButtonCell.h in Headers */,
				E2517C510D1BCC2700180C68 /* OMCMenuItem.h in Headers */,
				E2517C530D1BCC2700180C68 /* OMCPopUpButton.h in Headers */,
				E2517C550D1BCC2700180C68 /* OMCProgressIndicator.h in Headers */,
				E2517C570D1BCC2700180C68 /* OMCSlider.h in Headers */,
				E2517C590D1BCC2700180C68 /* OMCTextField.h in Headers */,
				E2517C5B0D1BCC2700180C68 /* OMCTextView.h in Headers */,
				E2C32CB80D2DF99D0023DA03 /* OMCObserver.h in Headers */,
				E2C32CF70D2E1F6C0023DA03 /* OmcTaskNotification.h in Headers */,
				E211D3C50D3F51010065C23A /* OMCCocoaNib.h in Headers */,
				E211D4F70D4346BB0065C23A /* OMCDialogController.h in Headers */,
				E27F2D050D56F7410060D231 /* CFObj.h in Headers */,
				E22FBAEE0D7A0D7700DC5BB4 /* OMCCocoaDialog.h in Headers */,
				E2735F370D7B9576004D81CE /* OMCDialog.h in Headers */,
				E204EB7F0D7FD8A900595D15 /* OMCConstants.h in Headers */,
				E27103AF0D8141BC0097D83E /* OMCQCView.h in Headers */,
				E2E407010D8A5B00009AD8CA /* OMCSecureTextField.h in Headers */,
				E2E4072B0D8AD1E3009AD8CA /* OMCSearchField.h in Headers */,
				E2E407870D8C3770009AD8CA /* OMCImageView.h in Headers */,
				E23DC9650D9A2616009D2AD8 /* OMCWebView.h in Headers */,
				E23DC9670D9A2616009D2AD8 /* OMCQTMovieView.h in Headers */,
				E23DC96A0D9A2616009D2AD8 /* OMCIKImageView.h in Headers */,
				E29A6AB50D9F7A01006A97B0 /* OMCMainMenuController.h in Headers */,
				E2C84D750DA9AC090056DBC2 /* OMCCommandMenu.h in Headers */,
				E2C84D8C0DA9D2600056DBC2 /* OMCSingleCommand.h in Headers */,
				E2C84DAC0DA9D4CD0056DBC2 /* OMCCommandExecutor.h in Headers */,
				E25D78990DBB24800065C7A3 /* OMCDropletController.h in Headers */,
				E24243570DDC140F0002BF9E /* OMCOutputWindowController.h in Headers */,
				E24B168B0DE934CC00E44A45 /* OMCWindow.h in Headers */,
				E24B17270DE94DB800E44A45 /* OMCPanel.h in Headers */,
				E24B18180DE96F6D00E44A45 /* OMCFilePanels.h in Headers */,
				E2C433470DEE72F700E976D2 /* PlistPreferences.h in Headers */,
				E2C10C5E0E45783200454DB1 /* OMCDeferredProgress.h in Headers */,
				E2BB1E490E6F886200D2DDE5 /* OMCView.h in Headers */,
				E28181AE0EBC228C00E9652F /* OMCProgressWindowController.h in Headers */,
				E2D92E551043D74E003DC96B /* OMCInputDialogController.h in Headers */,
				E2D92E891043E0C2003DC96B /* OMCInputDialog.h in Headers */,
				E2A2947A105E02B500C732A3 /* OMCTableViewController.h in Headers */,
				E26B2796109C174D00DBA8CE /* OMCTableView.h in Headers */,
				E2C8486110D61C33002DFDB5 /* OMCBox.h in Headers */,
				E29407BE12796077004CDB05 /* OMCComboBox.h in Headers */,
				E23AACC812F5684E004C867B /* OMCService.h in Headers */,
			);
			runOnlyForDeploymentPostprocessing = 0;
		};
/* End PBXHeadersBuildPhase section */

/* Begin PBXNativeTarget section */
		8DC2EF4F0486A6940098B216 /* Abracode Framework */ = {
			isa = PBXNativeTarget;
			buildConfigurationList = 1DEB91AD08733DA50010E9CD /* Build configuration list for PBXNativeTarget "Abracode Framework" */;
			buildPhases = (
				8DC2EF500486A6940098B216 /* Headers */,
				8DC2EF520486A6940098B216 /* Resources */,
				8DC2EF540486A6940098B216 /* Sources */,
				8DC2EF560486A6940098B216 /* Frameworks */,
				E234FAA20D0FD0FE001A7780 /* Copy Support Executables */,
				E2A8326F0D147C7300117643 /* Create Links */,
			);
			buildRules = (
			);
			dependencies = (
			);
			name = "Abracode Framework";
			productInstallPath = "$(HOME)/Library/Frameworks";
			productName = Abracode;
			productReference = 8DC2EF5B0486A6940098B216 /* Abracode.framework */;
			productType = "com.apple.product-type.framework";
		};
/* End PBXNativeTarget section */

/* Begin PBXProject section */
		0867D690FE84028FC02AAC07 /* Project object */ = {
			isa = PBXProject;
			attributes = {
				LastUpgradeCheck = 0510;
				ORGANIZATIONNAME = Abracode;
			};
			buildConfigurationList = 1DEB91B108733DA50010E9CD /* Build configuration list for PBXProject "Abracode" */;
			compatibilityVersion = "Xcode 10.0";
			developmentRegion = English;
			hasScannedForEncodings = 1;
			knownRegions = (
				English,
				Japanese,
				French,
				German,
				de,
			);
			mainGroup = 0867D691FE84028FC02AAC07 /* Abracode */;
			productRefGroup = 034768DFFF38A50411DB9C8B /* Products */;
			projectDirPath = "";
			projectRoot = "";
			targets = (
				8DC2EF4F0486A6940098B216 /* Abracode Framework */,
				E257605F0D20EECA00D755FF /* All */,
			);
		};
/* End PBXProject section */

/* Begin PBXResourcesBuildPhase section */
		8DC2EF520486A6940098B216 /* Resources */ = {
			isa = PBXResourcesBuildPhase;
			buildActionMask = 2147483647;
			files = (
				8DC2EF530486A6940098B216 /* InfoPlist.strings in Resources */,
				E234F9FA0D0FC431001A7780 /* Private.strings in Resources */,
				E234FA210D0FCB28001A7780 /* round-rect-363x90-blue.png in Resources */,
				E234FA220D0FCB28001A7780 /* braced-rect-318x123-gray.png in Resources */,
				1D71F3332206FA67009FAF91 /* DropletPreferences.xib in Resources */,
				E234FA230D0FCB28001A7780 /* round-rect-363x90-green.png in Resources */,
				E234FA240D0FCB28001A7780 /* notched-rect-378x198-yellow.png in Resources */,
				E234FA250D0FCB28001A7780 /* round-rect-363x90-yellow.png in Resources */,
				E234FA260D0FCB28001A7780 /* price-tag-274x61-yellow.png in Resources */,
				E234FA270D0FCB28001A7780 /* round-rect-363x90-red.png in Resources */,
				1D9B1F7121FF1F9F004704A7 /* progress.xib in Resources */,
				E234FA280D0FCB28001A7780 /* round-rect-363x90-black.png in Resources */,
				E234FA290D0FCB28001A7780 /* stop.icns in Resources */,
				E234FA2A0D0FCB28001A7780 /* app.icns in Resources */,
				E24243EF0DDD68C20002BF9E /* OMCOutputWindow.xib in Resources */,
				E24245000DDF38080002BF9E /* OMCOutputPanel.xib in Resources */,
				E2C255F00DF7CEE2003D0E74 /* DropletPreferences.plist in Resources */,
				E2D92E6A1043D9F8003DC96B /* input_clear.xib in Resources */,
				E2D92E6B1043D9F8003DC96B /* input_combo.xib in Resources */,
				E2D92E6C1043D9F8003DC96B /* input_password.xib in Resources */,
				E2D92E6D1043D9F8003DC96B /* input_popup.xib in Resources */,
			);
			runOnlyForDeploymentPostprocessing = 0;
		};
/* End PBXResourcesBuildPhase section */

/* Begin PBXShellScriptBuildPhase section */
		E2A8326F0D147C7300117643 /* Create Links */ = {
			isa = PBXShellScriptBuildPhase;
			buildActionMask = 2147483647;
			files = (
			);
			inputPaths = (
			);
			name = "Create Links";
			outputPaths = (
			);
			runOnlyForDeploymentPostprocessing = 0;
			shellPath = /bin/sh;
			shellScript = "echo \"Creating additional symbolic links - relative, so the framework is movable\";\n\ncd \"$BUILT_PRODUCTS_DIR/Abracode.framework\";\nrm -f \"Support\";\nln -s \"Versions/Current/Support\" \"Support\";\n";
			showEnvVarsInLog = 0;
		};
/* End PBXShellScriptBuildPhase section */

/* Begin PBXSourcesBuildPhase section */
		8DC2EF540486A6940098B216 /* Sources */ = {
			isa = PBXSourcesBuildPhase;
			buildActionMask = 2147483647;
			files = (
				E29ED17F0D09525700C9D5E8 /* CMUtilsBundle.cp in Sources */,
				E29ED1800D09525700C9D5E8 /* CMUtilsMenu.cp in Sources */,
				E29ED1820D09525700C9D5E8 /* CMUtilsClipboard.cp in Sources */,
				E29ED1840D09525700C9D5E8 /* CMUtilsObjectList.cp in Sources */,
				1D9BCB8822CCA65A00F4EAB6 /* ACFURL.m in Sources */,
				E29ED1850D09525700C9D5E8 /* CMUtilsAEText.cp in Sources */,
				E29ED1860D09525700C9D5E8 /* CMUtilsSendAE.cp in Sources */,
				E29ED1870D09525700C9D5E8 /* CMUtilsFinder.cp in Sources */,
				E29ED18B0D09525700C9D5E8 /* CMUtilsAEFile.cp in Sources */,
				E29ED1B80D09532500C9D5E8 /* ACFType.cp in Sources */,
				E29ED21A0D09FD8800C9D5E8 /* ARefCounted.cp in Sources */,
				E2ED3AEA0D0B27D300481D8F /* DefaultExternBundle.cpp in Sources */,
				E2ED3AED0D0B27E400481D8F /* StSwitchToFront.mm in Sources */,
				E2ED3AF20D0B27F700481D8F /* NibDialogControl.cp in Sources */,
				1D9BCB8C22CCAB4F00F4EAB6 /* OMCStrings.mm in Sources */,
				E2ED3BA60D0B287000481D8F /* OutputWindowHandler.cp in Sources */,
				E2ED3BAE0D0B288400481D8F /* OmcTaskManager.cpp in Sources */,
				E2ED3BB00D0B288400481D8F /* OmcExecutor.cp in Sources */,
				E2ED3BB20D0B288400481D8F /* omc_popen.c in Sources */,
				1DED8E572222BD8E00A2CAF7 /* MoreAppleEvents.cp in Sources */,
				E2ED3BC10D0B293E00481D8F /* ACMPlugin.cp in Sources */,
				E2FB11200D185A2C005EB1E8 /* OMC.cpp in Sources */,
				E2517C4E0D1BCC2700180C68 /* OMCButton.m in Sources */,
				E2517C500D1BCC2700180C68 /* OMCButtonCell.m in Sources */,
				E2517C520D1BCC2700180C68 /* OMCMenuItem.m in Sources */,
				E2517C540D1BCC2700180C68 /* OMCPopUpButton.m in Sources */,
				E2517C560D1BCC2700180C68 /* OMCProgressIndicator.m in Sources */,
				E2517C580D1BCC2700180C68 /* OMCSlider.m in Sources */,
				E2517C5A0D1BCC2700180C68 /* OMCTextField.m in Sources */,
				E2517C5C0D1BCC2700180C68 /* OMCTextView.m in Sources */,
				E2C32CB90D2DF99D0023DA03 /* OMCObserver.cpp in Sources */,
				E211D3C60D3F51010065C23A /* OMCCocoaNib.m in Sources */,
				E211D4F80D4346BB0065C23A /* OMCDialogController.mm in Sources */,
				E22FBAEF0D7A0D7700DC5BB4 /* OMCCocoaDialog.mm in Sources */,
				E2735F830D7BC89F004D81CE /* OMCDialog.cpp in Sources */,
				1DBCC43522CE209300A1DD8F /* OMCHelpers.mm in Sources */,
				E27103AE0D8141BC0097D83E /* OMCQCView.mm in Sources */,
				E2E407000D8A5B00009AD8CA /* OMCSecureTextField.m in Sources */,
				E2E4072A0D8AD1E3009AD8CA /* OMCSearchField.m in Sources */,
				1D80B9C222E447F900CF1AF5 /* OMCTerminalExecutor.cp in Sources */,
				E2E407860D8C3770009AD8CA /* OMCImageView.m in Sources */,
				E23DC9640D9A2616009D2AD8 /* OMCPDFView.m in Sources */,
				1D9BCB7F22CC95E500F4EAB6 /* ACFPropertyList.m in Sources */,
				E23DC9680D9A2616009D2AD8 /* OMCIKImageView.m in Sources */,
				E23DC96B0D9A2616009D2AD8 /* OMCWebView.m in Sources */,
				E29A6AB60D9F7A01006A97B0 /* OMCMainMenuController.m in Sources */,
				E2C84D8B0DA9D2600056DBC2 /* OMCSingleCommand.m in Sources */,
				E2C84DAD0DA9D4CD0056DBC2 /* OMCCommandExecutor.m in Sources */,
				E2C84DEB0DA9F30F0056DBC2 /* OMCCommandMenu.mm in Sources */,
				1D80B9BA22E447E800CF1AF5 /* OMCiTermExecutor.cp in Sources */,
				E24243580DDC140F0002BF9E /* OMCOutputWindowController.mm in Sources */,
				E24B168C0DE934CC00E44A45 /* OMCWindow.m in Sources */,
				E24B17280DE94DB800E44A45 /* OMCPanel.m in Sources */,
				E24B18190DE96F6D00E44A45 /* OMCFilePanels.mm in Sources */,
				E2C433480DEE72F700E976D2 /* PlistPreferences.cp in Sources */,
				E2C433620DEE751300E976D2 /* OMCDropletController.mm in Sources */,
				E2FD8D190E2EA3180049D4D0 /* DropletPreferences.cp in Sources */,
				1D9B1F6521FF191D004704A7 /* SubmenuTree.cp in Sources */,
				E258B2110E46E37C00926F10 /* OMCDeferredProgress.mm in Sources */,
				E2BB1E480E6F886200D2DDE5 /* OMCView.m in Sources */,
				E28181AF0EBC228C00E9652F /* OMCProgressWindowController.m in Sources */,
				1D9B1F5D21FF1572004704A7 /* OnMyCommand.cp in Sources */,
				E2D92E561043D74E003DC96B /* OMCInputDialogController.m in Sources */,
				E2D92E8E1043E0E3003DC96B /* OMCInputDialog.mm in Sources */,
				E26B2797109C174D00DBA8CE /* OMCTableView.m in Sources */,
				E28D660210A039C500882DDE /* OMCTableViewController.mm in Sources */,
				E20026D710B68F3200D5388F /* OMCCustomWindow.mm in Sources */,
				E2C8486210D61C33002DFDB5 /* OMCBox.m in Sources */,
				E29407BF12796077004CDB05 /* OMCComboBox.m in Sources */,
				E23AAC9012F55FE0004C867B /* OMCService.m in Sources */,
			);
			runOnlyForDeploymentPostprocessing = 0;
		};
/* End PBXSourcesBuildPhase section */

/* Begin PBXTargetDependency section */
		E25760650D20EED200D755FF /* PBXTargetDependency */ = {
			isa = PBXTargetDependency;
			target = 8DC2EF4F0486A6940098B216 /* Abracode Framework */;
			targetProxy = E25760640D20EED200D755FF /* PBXContainerItemProxy */;
		};
/* End PBXTargetDependency section */

/* Begin PBXVariantGroup section */
		089C1666FE841158C02AAC07 /* InfoPlist.strings */ = {
			isa = PBXVariantGroup;
			children = (
				089C1667FE841158C02AAC07 /* English */,
			);
			name = InfoPlist.strings;
			sourceTree = "<group>";
		};
		1D71F3312206FA67009FAF91 /* DropletPreferences.xib */ = {
			isa = PBXVariantGroup;
			children = (
				1D71F3322206FA67009FAF91 /* English */,
				1D71F3352206FA78009FAF91 /* de */,
			);
			name = DropletPreferences.xib;
			sourceTree = "<group>";
		};
		1D9B1F6F21FF1F9F004704A7 /* progress.xib */ = {
			isa = PBXVariantGroup;
			children = (
				1D9B1F7021FF1F9F004704A7 /* English */,
			);
			name = progress.xib;
			sourceTree = "<group>";
		};
		E234F9F80D0FC431001A7780 /* Private.strings */ = {
			isa = PBXVariantGroup;
			children = (
				E234F9F90D0FC431001A7780 /* English */,
				E234F9FD0D0FC48B001A7780 /* Japanese */,
				E234F9FE0D0FC48F001A7780 /* French */,
				E234F9FF0D0FC494001A7780 /* German */,
			);
			name = Private.strings;
			sourceTree = "<group>";
		};
		E2D92E621043D9F8003DC96B /* input_clear.xib */ = {
			isa = PBXVariantGroup;
			children = (
				E2D92E631043D9F8003DC96B /* English */,
				E208BFF510943A8D00AAA55A /* German */,
			);
			name = input_clear.xib;
			sourceTree = "<group>";
		};
		E2D92E641043D9F8003DC96B /* input_combo.xib */ = {
			isa = PBXVariantGroup;
			children = (
				E2D92E651043D9F8003DC96B /* English */,
				E208BFF610943A9A00AAA55A /* German */,
			);
			name = input_combo.xib;
			sourceTree = "<group>";
		};
		E2D92E661043D9F8003DC96B /* input_password.xib */ = {
			isa = PBXVariantGroup;
			children = (
				E2D92E671043D9F8003DC96B /* English */,
				E208BFF710943AB900AAA55A /* German */,
			);
			name = input_password.xib;
			sourceTree = "<group>";
		};
		E2D92E681043D9F8003DC96B /* input_popup.xib */ = {
			isa = PBXVariantGroup;
			children = (
				E2D92E691043D9F8003DC96B /* English */,
				E208BFF810943AC200AAA55A /* German */,
			);
			name = input_popup.xib;
			sourceTree = "<group>";
		};
/* End PBXVariantGroup section */

/* Begin XCBuildConfiguration section */
		1DEB91AE08733DA50010E9CD /* Debug */ = {
			isa = XCBuildConfiguration;
			buildSettings = {
				COPY_PHASE_STRIP = NO;
				DSTROOT = /Library/Frameworks;
				DYLIB_COMPATIBILITY_VERSION = 1;
				DYLIB_CURRENT_VERSION = 1;
				FRAMEWORK_VERSION = A;
				GCC_ENABLE_FIX_AND_CONTINUE = NO;
				GCC_PRECOMPILE_PREFIX_HEADER = YES;
				GCC_PREFIX_HEADER = Abracode_Prefix.pch;
				GCC_PREPROCESSOR_DEFINITIONS = "_DEBUG_=1";
				INFOPLIST_FILE = Info.plist;
				INSTALL_GROUP = admin;
				INSTALL_OWNER = root;
				INSTALL_PATH = "@rpath";
				PRODUCT_BUNDLE_IDENTIFIER = com.abracode.AbracodeFramework;
				PRODUCT_NAME = Abracode;
				SKIP_INSTALL = YES;
				WRAPPER_EXTENSION = framework;
			};
			name = Debug;
		};
		1DEB91AF08733DA50010E9CD /* Release */ = {
			isa = XCBuildConfiguration;
			buildSettings = {
				DSTROOT = /Library/Frameworks;
				DYLIB_COMPATIBILITY_VERSION = 1;
				DYLIB_CURRENT_VERSION = 1;
				FRAMEWORK_VERSION = A;
				GCC_PRECOMPILE_PREFIX_HEADER = YES;
				GCC_PREFIX_HEADER = Abracode_Prefix.pch;
				INFOPLIST_FILE = Info.plist;
				INSTALL_GROUP = admin;
				INSTALL_OWNER = root;
				INSTALL_PATH = "@rpath";
				PRODUCT_BUNDLE_IDENTIFIER = com.abracode.AbracodeFramework;
				PRODUCT_NAME = Abracode;
				SKIP_INSTALL = YES;
				WRAPPER_EXTENSION = framework;
			};
			name = Release;
		};
		1DEB91B208733DA50010E9CD /* Debug */ = {
			isa = XCBuildConfiguration;
			baseConfigurationReference = E2269C1B0EB6DCF30029CCF5 /* AbracodeCommon.xcconfig */;
			buildSettings = {
				ALWAYS_SEARCH_USER_PATHS = NO;
				DEAD_CODE_STRIPPING = NO;
				EXPORTED_SYMBOLS_FILE = AbracodeFramework.exp;
				GCC_OPTIMIZATION_LEVEL = 0;
				GCC_PREPROCESSOR_DEFINITIONS = (
					"_DEBUG_=1",
					"_TRACE_=0",
				);
				GCC_WARN_ABOUT_RETURN_TYPE = YES;
				GCC_WARN_UNUSED_VARIABLE = YES;
				OTHER_CODE_SIGN_FLAGS = "--deep";
				SYMROOT = ../build;
				VALID_ARCHS = x86_64;
			};
			name = Debug;
		};
		1DEB91B308733DA50010E9CD /* Release */ = {
			isa = XCBuildConfiguration;
			baseConfigurationReference = E2269C1B0EB6DCF30029CCF5 /* AbracodeCommon.xcconfig */;
			buildSettings = {
				ALWAYS_SEARCH_USER_PATHS = NO;
				DEAD_CODE_STRIPPING = YES;
				EXPORTED_SYMBOLS_FILE = AbracodeFramework.exp;
				GCC_PREPROCESSOR_DEFINITIONS = (
					"_DEBUG_=0",
					"_TRACE_=0",
					"NDEBUG=1",
				);
				GCC_WARN_ABOUT_RETURN_TYPE = YES;
				GCC_WARN_UNUSED_VARIABLE = YES;
				OTHER_CODE_SIGN_FLAGS = "--deep";
				SYMROOT = ../build;
				VALID_ARCHS = x86_64;
			};
			name = Release;
		};
		E25760600D20EECA00D755FF /* Debug */ = {
			isa = XCBuildConfiguration;
			buildSettings = {
				COPY_PHASE_STRIP = NO;
				GCC_DYNAMIC_NO_PIC = NO;
				GCC_OPTIMIZATION_LEVEL = 0;
				PRODUCT_NAME = All;
			};
			name = Debug;
		};
		E25760610D20EECA00D755FF /* Release */ = {
			isa = XCBuildConfiguration;
			buildSettings = {
				COPY_PHASE_STRIP = YES;
				DEBUG_INFORMATION_FORMAT = "dwarf-with-dsym";
				GCC_ENABLE_FIX_AND_CONTINUE = NO;
				PRODUCT_NAME = All;
				ZERO_LINK = NO;
			};
			name = Release;
		};
/* End XCBuildConfiguration section */

/* Begin XCConfigurationList section */
		1DEB91AD08733DA50010E9CD /* Build configuration list for PBXNativeTarget "Abracode Framework" */ = {
			isa = XCConfigurationList;
			buildConfigurations = (
				1DEB91AE08733DA50010E9CD /* Debug */,
				1DEB91AF08733DA50010E9CD /* Release */,
			);
			defaultConfigurationIsVisible = 0;
			defaultConfigurationName = Release;
		};
		1DEB91B108733DA50010E9CD /* Build configuration list for PBXProject "Abracode" */ = {
			isa = XCConfigurationList;
			buildConfigurations = (
				1DEB91B208733DA50010E9CD /* Debug */,
				1DEB91B308733DA50010E9CD /* Release */,
			);
			defaultConfigurationIsVisible = 0;
			defaultConfigurationName = Release;
		};
		E25760670D20EF0100D755FF /* Build configuration list for PBXAggregateTarget "All" */ = {
			isa = XCConfigurationList;
			buildConfigurations = (
				E25760600D20EECA00D755FF /* Debug */,
				E25760610D20EECA00D755FF /* Release */,
			);
			defaultConfigurationIsVisible = 0;
			defaultConfigurationName = Release;
		};
/* End XCConfigurationList section */
	};
	rootObject = 0867D690FE84028FC02AAC07 /* Project object */;
}
